// !$*UTF8*$!
{
	archiveVersion = 1;
	classes = {
	};
	objectVersion = 55;
	objects = {

/* Begin PBXBuildFile section */
		125A6F2F2882E45B00B71698 /* FeedImageDataLoaderWithFallbackCompositeTests.swift in Sources */ = {isa = PBXBuildFile; fileRef = 125A6F2E2882E45B00B71698 /* FeedImageDataLoaderWithFallbackCompositeTests.swift */; };
		125A6F31288439BC00B71698 /* FeedLoaderWithFallbackComposite.swift in Sources */ = {isa = PBXBuildFile; fileRef = 125A6F30288439BC00B71698 /* FeedLoaderWithFallbackComposite.swift */; };
		125A6F332884944100B71698 /* FeedImageDataLoaderWithFallbackComposite.swift in Sources */ = {isa = PBXBuildFile; fileRef = 125A6F322884944100B71698 /* FeedImageDataLoaderWithFallbackComposite.swift */; };
		125A6F36288494CB00B71698 /* XCTestCase+MemoryLeakTracking.swift in Sources */ = {isa = PBXBuildFile; fileRef = 125A6F35288494CB00B71698 /* XCTestCase+MemoryLeakTracking.swift */; };
		125A6F382884954F00B71698 /* SharedTestHelpers.swift in Sources */ = {isa = PBXBuildFile; fileRef = 125A6F372884954F00B71698 /* SharedTestHelpers.swift */; };
		125A6F3A28854B2000B71698 /* FeedLoaderCacheDecoratorTests.swift in Sources */ = {isa = PBXBuildFile; fileRef = 125A6F3928854B2000B71698 /* FeedLoaderCacheDecoratorTests.swift */; };
		125A6F3C288571F500B71698 /* FeedLoaderStub.swift in Sources */ = {isa = PBXBuildFile; fileRef = 125A6F3B288571F500B71698 /* FeedLoaderStub.swift */; };
		125A6F3E2885741400B71698 /* XCTestCase+FeedLoader.swift in Sources */ = {isa = PBXBuildFile; fileRef = 125A6F3D2885741400B71698 /* XCTestCase+FeedLoader.swift */; };
		127E86A0287B5164008DB389 /* EssentialFeed.framework in Frameworks */ = {isa = PBXBuildFile; fileRef = 127E869E287B5164008DB389 /* EssentialFeed.framework */; };
		127E86A1287B5164008DB389 /* EssentialFeed.framework in Embed Frameworks */ = {isa = PBXBuildFile; fileRef = 127E869E287B5164008DB389 /* EssentialFeed.framework */; settings = {ATTRIBUTES = (CodeSignOnCopy, RemoveHeadersOnCopy, ); }; };
		127E86A2287B5164008DB389 /* EssentialFeediOS.framework in Frameworks */ = {isa = PBXBuildFile; fileRef = 127E869F287B5164008DB389 /* EssentialFeediOS.framework */; };
		127E86A3287B5164008DB389 /* EssentialFeediOS.framework in Embed Frameworks */ = {isa = PBXBuildFile; fileRef = 127E869F287B5164008DB389 /* EssentialFeediOS.framework */; settings = {ATTRIBUTES = (CodeSignOnCopy, RemoveHeadersOnCopy, ); }; };
		12B98185285FE5FE00E2B254 /* AppDelegate.swift in Sources */ = {isa = PBXBuildFile; fileRef = 12B98184285FE5FE00E2B254 /* AppDelegate.swift */; };
		12B98187285FE5FE00E2B254 /* SceneDelegate.swift in Sources */ = {isa = PBXBuildFile; fileRef = 12B98186285FE5FE00E2B254 /* SceneDelegate.swift */; };
		12B98189285FE5FE00E2B254 /* ViewController.swift in Sources */ = {isa = PBXBuildFile; fileRef = 12B98188285FE5FE00E2B254 /* ViewController.swift */; };
		12B9818C285FE5FE00E2B254 /* Main.storyboard in Resources */ = {isa = PBXBuildFile; fileRef = 12B9818A285FE5FE00E2B254 /* Main.storyboard */; };
		12B9818E285FE5FF00E2B254 /* Assets.xcassets in Resources */ = {isa = PBXBuildFile; fileRef = 12B9818D285FE5FF00E2B254 /* Assets.xcassets */; };
		12B98191285FE5FF00E2B254 /* LaunchScreen.storyboard in Resources */ = {isa = PBXBuildFile; fileRef = 12B9818F285FE5FF00E2B254 /* LaunchScreen.storyboard */; };
		12B9819C285FE5FF00E2B254 /* FeedLoaderWithFallbackCompositeTests.swift in Sources */ = {isa = PBXBuildFile; fileRef = 12B9819B285FE5FF00E2B254 /* FeedLoaderWithFallbackCompositeTests.swift */; };
/* End PBXBuildFile section */

/* Begin PBXContainerItemProxy section */
		12B98198285FE5FF00E2B254 /* PBXContainerItemProxy */ = {
			isa = PBXContainerItemProxy;
			containerPortal = 12B98179285FE5FE00E2B254 /* Project object */;
			proxyType = 1;
			remoteGlobalIDString = 12B98180285FE5FE00E2B254;
			remoteInfo = EssentialApp;
		};
		12B981A2285FE5FF00E2B254 /* PBXContainerItemProxy */ = {
			isa = PBXContainerItemProxy;
			containerPortal = 12B98179285FE5FE00E2B254 /* Project object */;
			proxyType = 1;
			remoteGlobalIDString = 12B98180285FE5FE00E2B254;
			remoteInfo = EssentialApp;
		};
/* End PBXContainerItemProxy section */

/* Begin PBXCopyFilesBuildPhase section */
		127E86A4287B5164008DB389 /* Embed Frameworks */ = {
			isa = PBXCopyFilesBuildPhase;
			buildActionMask = 2147483647;
			dstPath = "";
			dstSubfolderSpec = 10;
			files = (
				127E86A1287B5164008DB389 /* EssentialFeed.framework in Embed Frameworks */,
				127E86A3287B5164008DB389 /* EssentialFeediOS.framework in Embed Frameworks */,
			);
			name = "Embed Frameworks";
			runOnlyForDeploymentPostprocessing = 0;
		};
/* End PBXCopyFilesBuildPhase section */

/* Begin PBXFileReference section */
		125A6F2E2882E45B00B71698 /* FeedImageDataLoaderWithFallbackCompositeTests.swift */ = {isa = PBXFileReference; lastKnownFileType = sourcecode.swift; path = FeedImageDataLoaderWithFallbackCompositeTests.swift; sourceTree = "<group>"; };
		125A6F30288439BC00B71698 /* FeedLoaderWithFallbackComposite.swift */ = {isa = PBXFileReference; lastKnownFileType = sourcecode.swift; path = FeedLoaderWithFallbackComposite.swift; sourceTree = "<group>"; };
		125A6F322884944100B71698 /* FeedImageDataLoaderWithFallbackComposite.swift */ = {isa = PBXFileReference; lastKnownFileType = sourcecode.swift; path = FeedImageDataLoaderWithFallbackComposite.swift; sourceTree = "<group>"; };
		125A6F35288494CB00B71698 /* XCTestCase+MemoryLeakTracking.swift */ = {isa = PBXFileReference; lastKnownFileType = sourcecode.swift; path = "XCTestCase+MemoryLeakTracking.swift"; sourceTree = "<group>"; };
		125A6F372884954F00B71698 /* SharedTestHelpers.swift */ = {isa = PBXFileReference; lastKnownFileType = sourcecode.swift; path = SharedTestHelpers.swift; sourceTree = "<group>"; };
		125A6F3928854B2000B71698 /* FeedLoaderCacheDecoratorTests.swift */ = {isa = PBXFileReference; lastKnownFileType = sourcecode.swift; path = FeedLoaderCacheDecoratorTests.swift; sourceTree = "<group>"; };
		125A6F3B288571F500B71698 /* FeedLoaderStub.swift */ = {isa = PBXFileReference; lastKnownFileType = sourcecode.swift; path = FeedLoaderStub.swift; sourceTree = "<group>"; };
		125A6F3D2885741400B71698 /* XCTestCase+FeedLoader.swift */ = {isa = PBXFileReference; lastKnownFileType = sourcecode.swift; path = "XCTestCase+FeedLoader.swift"; sourceTree = "<group>"; };
		127E869E287B5164008DB389 /* EssentialFeed.framework */ = {isa = PBXFileReference; explicitFileType = wrapper.framework; path = EssentialFeed.framework; sourceTree = BUILT_PRODUCTS_DIR; };
		127E869F287B5164008DB389 /* EssentialFeediOS.framework */ = {isa = PBXFileReference; explicitFileType = wrapper.framework; path = EssentialFeediOS.framework; sourceTree = BUILT_PRODUCTS_DIR; };
		12B98181285FE5FE00E2B254 /* EssentialApp.app */ = {isa = PBXFileReference; explicitFileType = wrapper.application; includeInIndex = 0; path = EssentialApp.app; sourceTree = BUILT_PRODUCTS_DIR; };
		12B98184285FE5FE00E2B254 /* AppDelegate.swift */ = {isa = PBXFileReference; lastKnownFileType = sourcecode.swift; path = AppDelegate.swift; sourceTree = "<group>"; };
		12B98186285FE5FE00E2B254 /* SceneDelegate.swift */ = {isa = PBXFileReference; lastKnownFileType = sourcecode.swift; path = SceneDelegate.swift; sourceTree = "<group>"; };
		12B98188285FE5FE00E2B254 /* ViewController.swift */ = {isa = PBXFileReference; lastKnownFileType = sourcecode.swift; path = ViewController.swift; sourceTree = "<group>"; };
		12B9818B285FE5FE00E2B254 /* Base */ = {isa = PBXFileReference; lastKnownFileType = file.storyboard; name = Base; path = Base.lproj/Main.storyboard; sourceTree = "<group>"; };
		12B9818D285FE5FF00E2B254 /* Assets.xcassets */ = {isa = PBXFileReference; lastKnownFileType = folder.assetcatalog; path = Assets.xcassets; sourceTree = "<group>"; };
		12B98190285FE5FF00E2B254 /* Base */ = {isa = PBXFileReference; lastKnownFileType = file.storyboard; name = Base; path = Base.lproj/LaunchScreen.storyboard; sourceTree = "<group>"; };
		12B98192285FE5FF00E2B254 /* Info.plist */ = {isa = PBXFileReference; lastKnownFileType = text.plist.xml; path = Info.plist; sourceTree = "<group>"; };
		12B98197285FE5FF00E2B254 /* EssentialAppTests.xctest */ = {isa = PBXFileReference; explicitFileType = wrapper.cfbundle; includeInIndex = 0; path = EssentialAppTests.xctest; sourceTree = BUILT_PRODUCTS_DIR; };
		12B9819B285FE5FF00E2B254 /* FeedLoaderWithFallbackCompositeTests.swift */ = {isa = PBXFileReference; lastKnownFileType = sourcecode.swift; path = FeedLoaderWithFallbackCompositeTests.swift; sourceTree = "<group>"; };
		12B981A1285FE5FF00E2B254 /* EssentialAppUITests.xctest */ = {isa = PBXFileReference; explicitFileType = wrapper.cfbundle; includeInIndex = 0; path = EssentialAppUITests.xctest; sourceTree = BUILT_PRODUCTS_DIR; };
/* End PBXFileReference section */

/* Begin PBXFrameworksBuildPhase section */
		12B9817E285FE5FE00E2B254 /* Frameworks */ = {
			isa = PBXFrameworksBuildPhase;
			buildActionMask = 2147483647;
			files = (
				127E86A0287B5164008DB389 /* EssentialFeed.framework in Frameworks */,
				127E86A2287B5164008DB389 /* EssentialFeediOS.framework in Frameworks */,
			);
			runOnlyForDeploymentPostprocessing = 0;
		};
		12B98194285FE5FF00E2B254 /* Frameworks */ = {
			isa = PBXFrameworksBuildPhase;
			buildActionMask = 2147483647;
			files = (
			);
			runOnlyForDeploymentPostprocessing = 0;
		};
		12B9819E285FE5FF00E2B254 /* Frameworks */ = {
			isa = PBXFrameworksBuildPhase;
			buildActionMask = 2147483647;
			files = (
			);
			runOnlyForDeploymentPostprocessing = 0;
		};
/* End PBXFrameworksBuildPhase section */

/* Begin PBXGroup section */
		125A6F34288494B100B71698 /* Helpers */ = {
			isa = PBXGroup;
			children = (
				125A6F35288494CB00B71698 /* XCTestCase+MemoryLeakTracking.swift */,
				125A6F372884954F00B71698 /* SharedTestHelpers.swift */,
				125A6F3B288571F500B71698 /* FeedLoaderStub.swift */,
				125A6F3D2885741400B71698 /* XCTestCase+FeedLoader.swift */,
			);
			path = Helpers;
			sourceTree = "<group>";
		};
		127E869D287B5164008DB389 /* Frameworks */ = {
			isa = PBXGroup;
			children = (
				127E869E287B5164008DB389 /* EssentialFeed.framework */,
				127E869F287B5164008DB389 /* EssentialFeediOS.framework */,
			);
			name = Frameworks;
			sourceTree = "<group>";
		};
		12B98178285FE5FE00E2B254 = {
			isa = PBXGroup;
			children = (
				12B98183285FE5FE00E2B254 /* EssentialApp */,
				12B9819A285FE5FF00E2B254 /* EssentialAppTests */,
				12B98182285FE5FE00E2B254 /* Products */,
				127E869D287B5164008DB389 /* Frameworks */,
			);
			sourceTree = "<group>";
		};
		12B98182285FE5FE00E2B254 /* Products */ = {
			isa = PBXGroup;
			children = (
				12B98181285FE5FE00E2B254 /* EssentialApp.app */,
				12B98197285FE5FF00E2B254 /* EssentialAppTests.xctest */,
				12B981A1285FE5FF00E2B254 /* EssentialAppUITests.xctest */,
			);
			name = Products;
			sourceTree = "<group>";
		};
		12B98183285FE5FE00E2B254 /* EssentialApp */ = {
			isa = PBXGroup;
			children = (
				12B98184285FE5FE00E2B254 /* AppDelegate.swift */,
				12B98186285FE5FE00E2B254 /* SceneDelegate.swift */,
				12B98188285FE5FE00E2B254 /* ViewController.swift */,
				12B9818A285FE5FE00E2B254 /* Main.storyboard */,
				12B9818D285FE5FF00E2B254 /* Assets.xcassets */,
				12B9818F285FE5FF00E2B254 /* LaunchScreen.storyboard */,
				12B98192285FE5FF00E2B254 /* Info.plist */,
				125A6F30288439BC00B71698 /* FeedLoaderWithFallbackComposite.swift */,
				125A6F322884944100B71698 /* FeedImageDataLoaderWithFallbackComposite.swift */,
			);
			path = EssentialApp;
			sourceTree = "<group>";
		};
		12B9819A285FE5FF00E2B254 /* EssentialAppTests */ = {
			isa = PBXGroup;
			children = (
				125A6F34288494B100B71698 /* Helpers */,
				12B9819B285FE5FF00E2B254 /* FeedLoaderWithFallbackCompositeTests.swift */,
				125A6F2E2882E45B00B71698 /* FeedImageDataLoaderWithFallbackCompositeTests.swift */,
				125A6F3928854B2000B71698 /* FeedLoaderCacheDecoratorTests.swift */,
			);
			path = EssentialAppTests;
			sourceTree = "<group>";
		};
/* End PBXGroup section */

/* Begin PBXNativeTarget section */
		12B98180285FE5FE00E2B254 /* EssentialApp */ = {
			isa = PBXNativeTarget;
			buildConfigurationList = 12B981AB285FE5FF00E2B254 /* Build configuration list for PBXNativeTarget "EssentialApp" */;
			buildPhases = (
				12B9817D285FE5FE00E2B254 /* Sources */,
				12B9817E285FE5FE00E2B254 /* Frameworks */,
				12B9817F285FE5FE00E2B254 /* Resources */,
				127E86A4287B5164008DB389 /* Embed Frameworks */,
			);
			buildRules = (
			);
			dependencies = (
			);
			name = EssentialApp;
			productName = EssentialApp;
			productReference = 12B98181285FE5FE00E2B254 /* EssentialApp.app */;
			productType = "com.apple.product-type.application";
		};
		12B98196285FE5FF00E2B254 /* EssentialAppTests */ = {
			isa = PBXNativeTarget;
			buildConfigurationList = 12B981AE285FE5FF00E2B254 /* Build configuration list for PBXNativeTarget "EssentialAppTests" */;
			buildPhases = (
				12B98193285FE5FF00E2B254 /* Sources */,
				12B98194285FE5FF00E2B254 /* Frameworks */,
				12B98195285FE5FF00E2B254 /* Resources */,
			);
			buildRules = (
			);
			dependencies = (
				12B98199285FE5FF00E2B254 /* PBXTargetDependency */,
			);
			name = EssentialAppTests;
			productName = EssentialAppTests;
			productReference = 12B98197285FE5FF00E2B254 /* EssentialAppTests.xctest */;
			productType = "com.apple.product-type.bundle.unit-test";
		};
		12B981A0285FE5FF00E2B254 /* EssentialAppUITests */ = {
			isa = PBXNativeTarget;
			buildConfigurationList = 12B981B1285FE5FF00E2B254 /* Build configuration list for PBXNativeTarget "EssentialAppUITests" */;
			buildPhases = (
				12B9819D285FE5FF00E2B254 /* Sources */,
				12B9819E285FE5FF00E2B254 /* Frameworks */,
				12B9819F285FE5FF00E2B254 /* Resources */,
			);
			buildRules = (
			);
			dependencies = (
				12B981A3285FE5FF00E2B254 /* PBXTargetDependency */,
			);
			name = EssentialAppUITests;
			productName = EssentialAppUITests;
			productReference = 12B981A1285FE5FF00E2B254 /* EssentialAppUITests.xctest */;
			productType = "com.apple.product-type.bundle.ui-testing";
		};
/* End PBXNativeTarget section */

/* Begin PBXProject section */
		12B98179285FE5FE00E2B254 /* Project object */ = {
			isa = PBXProject;
			attributes = {
				BuildIndependentTargetsInParallel = 1;
				LastSwiftUpdateCheck = 1340;
				LastUpgradeCheck = 1340;
				TargetAttributes = {
					12B98180285FE5FE00E2B254 = {
						CreatedOnToolsVersion = 13.4.1;
					};
					12B98196285FE5FF00E2B254 = {
						CreatedOnToolsVersion = 13.4.1;
						TestTargetID = 12B98180285FE5FE00E2B254;
					};
					12B981A0285FE5FF00E2B254 = {
						CreatedOnToolsVersion = 13.4.1;
						TestTargetID = 12B98180285FE5FE00E2B254;
					};
				};
			};
			buildConfigurationList = 12B9817C285FE5FE00E2B254 /* Build configuration list for PBXProject "EssentialApp" */;
			compatibilityVersion = "Xcode 13.0";
			developmentRegion = en;
			hasScannedForEncodings = 0;
			knownRegions = (
				en,
				Base,
			);
			mainGroup = 12B98178285FE5FE00E2B254;
			productRefGroup = 12B98182285FE5FE00E2B254 /* Products */;
			projectDirPath = "";
			projectRoot = "";
			targets = (
				12B98180285FE5FE00E2B254 /* EssentialApp */,
				12B98196285FE5FF00E2B254 /* EssentialAppTests */,
				12B981A0285FE5FF00E2B254 /* EssentialAppUITests */,
			);
		};
/* End PBXProject section */

/* Begin PBXResourcesBuildPhase section */
		12B9817F285FE5FE00E2B254 /* Resources */ = {
			isa = PBXResourcesBuildPhase;
			buildActionMask = 2147483647;
			files = (
				12B98191285FE5FF00E2B254 /* LaunchScreen.storyboard in Resources */,
				12B9818E285FE5FF00E2B254 /* Assets.xcassets in Resources */,
				12B9818C285FE5FE00E2B254 /* Main.storyboard in Resources */,
			);
			runOnlyForDeploymentPostprocessing = 0;
		};
		12B98195285FE5FF00E2B254 /* Resources */ = {
			isa = PBXResourcesBuildPhase;
			buildActionMask = 2147483647;
			files = (
			);
			runOnlyForDeploymentPostprocessing = 0;
		};
		12B9819F285FE5FF00E2B254 /* Resources */ = {
			isa = PBXResourcesBuildPhase;
			buildActionMask = 2147483647;
			files = (
			);
			runOnlyForDeploymentPostprocessing = 0;
		};
/* End PBXResourcesBuildPhase section */

/* Begin PBXSourcesBuildPhase section */
		12B9817D285FE5FE00E2B254 /* Sources */ = {
			isa = PBXSourcesBuildPhase;
			buildActionMask = 2147483647;
			files = (
				12B98189285FE5FE00E2B254 /* ViewController.swift in Sources */,
				12B98185285FE5FE00E2B254 /* AppDelegate.swift in Sources */,
				125A6F31288439BC00B71698 /* FeedLoaderWithFallbackComposite.swift in Sources */,
				12B98187285FE5FE00E2B254 /* SceneDelegate.swift in Sources */,
				125A6F332884944100B71698 /* FeedImageDataLoaderWithFallbackComposite.swift in Sources */,
			);
			runOnlyForDeploymentPostprocessing = 0;
		};
		12B98193285FE5FF00E2B254 /* Sources */ = {
			isa = PBXSourcesBuildPhase;
			buildActionMask = 2147483647;
			files = (
				125A6F382884954F00B71698 /* SharedTestHelpers.swift in Sources */,
				125A6F3E2885741400B71698 /* XCTestCase+FeedLoader.swift in Sources */,
				125A6F3A28854B2000B71698 /* FeedLoaderCacheDecoratorTests.swift in Sources */,
				125A6F2F2882E45B00B71698 /* FeedImageDataLoaderWithFallbackCompositeTests.swift in Sources */,
				12B9819C285FE5FF00E2B254 /* FeedLoaderWithFallbackCompositeTests.swift in Sources */,
				125A6F3C288571F500B71698 /* FeedLoaderStub.swift in Sources */,
				125A6F36288494CB00B71698 /* XCTestCase+MemoryLeakTracking.swift in Sources */,
			);
			runOnlyForDeploymentPostprocessing = 0;
		};
		12B9819D285FE5FF00E2B254 /* Sources */ = {
			isa = PBXSourcesBuildPhase;
			buildActionMask = 2147483647;
			files = (
			);
			runOnlyForDeploymentPostprocessing = 0;
		};
/* End PBXSourcesBuildPhase section */

/* Begin PBXTargetDependency section */
		12B98199285FE5FF00E2B254 /* PBXTargetDependency */ = {
			isa = PBXTargetDependency;
			target = 12B98180285FE5FE00E2B254 /* EssentialApp */;
			targetProxy = 12B98198285FE5FF00E2B254 /* PBXContainerItemProxy */;
		};
		12B981A3285FE5FF00E2B254 /* PBXTargetDependency */ = {
			isa = PBXTargetDependency;
			target = 12B98180285FE5FE00E2B254 /* EssentialApp */;
			targetProxy = 12B981A2285FE5FF00E2B254 /* PBXContainerItemProxy */;
		};
/* End PBXTargetDependency section */

/* Begin PBXVariantGroup section */
		12B9818A285FE5FE00E2B254 /* Main.storyboard */ = {
			isa = PBXVariantGroup;
			children = (
				12B9818B285FE5FE00E2B254 /* Base */,
			);
			name = Main.storyboard;
			sourceTree = "<group>";
		};
		12B9818F285FE5FF00E2B254 /* LaunchScreen.storyboard */ = {
			isa = PBXVariantGroup;
			children = (
				12B98190285FE5FF00E2B254 /* Base */,
			);
			name = LaunchScreen.storyboard;
			sourceTree = "<group>";
		};
/* End PBXVariantGroup section */

/* Begin XCBuildConfiguration section */
		12B981A9285FE5FF00E2B254 /* Debug */ = {
			isa = XCBuildConfiguration;
			buildSettings = {
				ALWAYS_SEARCH_USER_PATHS = NO;
				CLANG_ANALYZER_NONNULL = YES;
				CLANG_ANALYZER_NUMBER_OBJECT_CONVERSION = YES_AGGRESSIVE;
				CLANG_CXX_LANGUAGE_STANDARD = "gnu++17";
				CLANG_ENABLE_MODULES = YES;
				CLANG_ENABLE_OBJC_ARC = YES;
				CLANG_ENABLE_OBJC_WEAK = YES;
				CLANG_WARN_BLOCK_CAPTURE_AUTORELEASING = YES;
				CLANG_WARN_BOOL_CONVERSION = YES;
				CLANG_WARN_COMMA = YES;
				CLANG_WARN_CONSTANT_CONVERSION = YES;
				CLANG_WARN_DEPRECATED_OBJC_IMPLEMENTATIONS = YES;
				CLANG_WARN_DIRECT_OBJC_ISA_USAGE = YES_ERROR;
				CLANG_WARN_DOCUMENTATION_COMMENTS = YES;
				CLANG_WARN_EMPTY_BODY = YES;
				CLANG_WARN_ENUM_CONVERSION = YES;
				CLANG_WARN_INFINITE_RECURSION = YES;
				CLANG_WARN_INT_CONVERSION = YES;
				CLANG_WARN_NON_LITERAL_NULL_CONVERSION = YES;
				CLANG_WARN_OBJC_IMPLICIT_RETAIN_SELF = YES;
				CLANG_WARN_OBJC_LITERAL_CONVERSION = YES;
				CLANG_WARN_OBJC_ROOT_CLASS = YES_ERROR;
				CLANG_WARN_QUOTED_INCLUDE_IN_FRAMEWORK_HEADER = YES;
				CLANG_WARN_RANGE_LOOP_ANALYSIS = YES;
				CLANG_WARN_STRICT_PROTOTYPES = YES;
				CLANG_WARN_SUSPICIOUS_MOVE = YES;
				CLANG_WARN_UNGUARDED_AVAILABILITY = YES_AGGRESSIVE;
				CLANG_WARN_UNREACHABLE_CODE = YES;
				CLANG_WARN__DUPLICATE_METHOD_MATCH = YES;
				COPY_PHASE_STRIP = NO;
				DEBUG_INFORMATION_FORMAT = dwarf;
				ENABLE_STRICT_OBJC_MSGSEND = YES;
				ENABLE_TESTABILITY = YES;
				GCC_C_LANGUAGE_STANDARD = gnu11;
				GCC_DYNAMIC_NO_PIC = NO;
				GCC_NO_COMMON_BLOCKS = YES;
				GCC_OPTIMIZATION_LEVEL = 0;
				GCC_PREPROCESSOR_DEFINITIONS = (
					"DEBUG=1",
					"$(inherited)",
				);
				GCC_WARN_64_TO_32_BIT_CONVERSION = YES;
				GCC_WARN_ABOUT_RETURN_TYPE = YES_ERROR;
				GCC_WARN_UNDECLARED_SELECTOR = YES;
				GCC_WARN_UNINITIALIZED_AUTOS = YES_AGGRESSIVE;
				GCC_WARN_UNUSED_FUNCTION = YES;
				GCC_WARN_UNUSED_VARIABLE = YES;
				IPHONEOS_DEPLOYMENT_TARGET = 15.5;
				MTL_ENABLE_DEBUG_INFO = INCLUDE_SOURCE;
				MTL_FAST_MATH = YES;
				ONLY_ACTIVE_ARCH = YES;
				SDKROOT = iphoneos;
				SWIFT_ACTIVE_COMPILATION_CONDITIONS = DEBUG;
				SWIFT_OPTIMIZATION_LEVEL = "-Onone";
			};
			name = Debug;
		};
		12B981AA285FE5FF00E2B254 /* Release */ = {
			isa = XCBuildConfiguration;
			buildSettings = {
				ALWAYS_SEARCH_USER_PATHS = NO;
				CLANG_ANALYZER_NONNULL = YES;
				CLANG_ANALYZER_NUMBER_OBJECT_CONVERSION = YES_AGGRESSIVE;
				CLANG_CXX_LANGUAGE_STANDARD = "gnu++17";
				CLANG_ENABLE_MODULES = YES;
				CLANG_ENABLE_OBJC_ARC = YES;
				CLANG_ENABLE_OBJC_WEAK = YES;
				CLANG_WARN_BLOCK_CAPTURE_AUTORELEASING = YES;
				CLANG_WARN_BOOL_CONVERSION = YES;
				CLANG_WARN_COMMA = YES;
				CLANG_WARN_CONSTANT_CONVERSION = YES;
				CLANG_WARN_DEPRECATED_OBJC_IMPLEMENTATIONS = YES;
				CLANG_WARN_DIRECT_OBJC_ISA_USAGE = YES_ERROR;
				CLANG_WARN_DOCUMENTATION_COMMENTS = YES;
				CLANG_WARN_EMPTY_BODY = YES;
				CLANG_WARN_ENUM_CONVERSION = YES;
				CLANG_WARN_INFINITE_RECURSION = YES;
				CLANG_WARN_INT_CONVERSION = YES;
				CLANG_WARN_NON_LITERAL_NULL_CONVERSION = YES;
				CLANG_WARN_OBJC_IMPLICIT_RETAIN_SELF = YES;
				CLANG_WARN_OBJC_LITERAL_CONVERSION = YES;
				CLANG_WARN_OBJC_ROOT_CLASS = YES_ERROR;
				CLANG_WARN_QUOTED_INCLUDE_IN_FRAMEWORK_HEADER = YES;
				CLANG_WARN_RANGE_LOOP_ANALYSIS = YES;
				CLANG_WARN_STRICT_PROTOTYPES = YES;
				CLANG_WARN_SUSPICIOUS_MOVE = YES;
				CLANG_WARN_UNGUARDED_AVAILABILITY = YES_AGGRESSIVE;
				CLANG_WARN_UNREACHABLE_CODE = YES;
				CLANG_WARN__DUPLICATE_METHOD_MATCH = YES;
				COPY_PHASE_STRIP = NO;
				DEBUG_INFORMATION_FORMAT = "dwarf-with-dsym";
				ENABLE_NS_ASSERTIONS = NO;
				ENABLE_STRICT_OBJC_MSGSEND = YES;
				GCC_C_LANGUAGE_STANDARD = gnu11;
				GCC_NO_COMMON_BLOCKS = YES;
				GCC_WARN_64_TO_32_BIT_CONVERSION = YES;
				GCC_WARN_ABOUT_RETURN_TYPE = YES_ERROR;
				GCC_WARN_UNDECLARED_SELECTOR = YES;
				GCC_WARN_UNINITIALIZED_AUTOS = YES_AGGRESSIVE;
				GCC_WARN_UNUSED_FUNCTION = YES;
				GCC_WARN_UNUSED_VARIABLE = YES;
				IPHONEOS_DEPLOYMENT_TARGET = 15.5;
				MTL_ENABLE_DEBUG_INFO = NO;
				MTL_FAST_MATH = YES;
				SDKROOT = iphoneos;
				SWIFT_COMPILATION_MODE = wholemodule;
				SWIFT_OPTIMIZATION_LEVEL = "-O";
				VALIDATE_PRODUCT = YES;
			};
			name = Release;
		};
		12B981AC285FE5FF00E2B254 /* Debug */ = {
			isa = XCBuildConfiguration;
			buildSettings = {
				ASSETCATALOG_COMPILER_APPICON_NAME = AppIcon;
				ASSETCATALOG_COMPILER_GLOBAL_ACCENT_COLOR_NAME = AccentColor;
				CODE_SIGN_STYLE = Automatic;
				CURRENT_PROJECT_VERSION = 1;
				DEVELOPMENT_TEAM = X6M775UK8W;
				GENERATE_INFOPLIST_FILE = YES;
				INFOPLIST_FILE = EssentialApp/Info.plist;
				INFOPLIST_KEY_UIApplicationSupportsIndirectInputEvents = YES;
				INFOPLIST_KEY_UILaunchStoryboardName = LaunchScreen;
				INFOPLIST_KEY_UIMainStoryboardFile = Main;
				INFOPLIST_KEY_UISupportedInterfaceOrientations = UIInterfaceOrientationPortrait;
				INFOPLIST_KEY_UISupportedInterfaceOrientations_iPad = "UIInterfaceOrientationPortrait UIInterfaceOrientationPortraitUpsideDown UIInterfaceOrientationLandscapeLeft UIInterfaceOrientationLandscapeRight";
				INFOPLIST_KEY_UISupportedInterfaceOrientations_iPhone = "UIInterfaceOrientationPortrait UIInterfaceOrientationLandscapeLeft UIInterfaceOrientationLandscapeRight";
				LD_RUNPATH_SEARCH_PATHS = (
					"$(inherited)",
					"@executable_path/Frameworks",
				);
				MARKETING_VERSION = 1.0;
				PRODUCT_BUNDLE_IDENTIFIER = com.dsmith42.EssentialApp;
				PRODUCT_NAME = "$(TARGET_NAME)";
				SWIFT_EMIT_LOC_STRINGS = YES;
				SWIFT_VERSION = 5.0;
				TARGETED_DEVICE_FAMILY = "1,2";
			};
			name = Debug;
		};
		12B981AD285FE5FF00E2B254 /* Release */ = {
			isa = XCBuildConfiguration;
			buildSettings = {
				ASSETCATALOG_COMPILER_APPICON_NAME = AppIcon;
				ASSETCATALOG_COMPILER_GLOBAL_ACCENT_COLOR_NAME = AccentColor;
				CODE_SIGN_STYLE = Automatic;
				CURRENT_PROJECT_VERSION = 1;
				DEVELOPMENT_TEAM = X6M775UK8W;
				GENERATE_INFOPLIST_FILE = YES;
				INFOPLIST_FILE = EssentialApp/Info.plist;
				INFOPLIST_KEY_UIApplicationSupportsIndirectInputEvents = YES;
				INFOPLIST_KEY_UILaunchStoryboardName = LaunchScreen;
				INFOPLIST_KEY_UIMainStoryboardFile = Main;
				INFOPLIST_KEY_UISupportedInterfaceOrientations = UIInterfaceOrientationPortrait;
				INFOPLIST_KEY_UISupportedInterfaceOrientations_iPad = "UIInterfaceOrientationPortrait UIInterfaceOrientationPortraitUpsideDown UIInterfaceOrientationLandscapeLeft UIInterfaceOrientationLandscapeRight";
				INFOPLIST_KEY_UISupportedInterfaceOrientations_iPhone = "UIInterfaceOrientationPortrait UIInterfaceOrientationLandscapeLeft UIInterfaceOrientationLandscapeRight";
				LD_RUNPATH_SEARCH_PATHS = (
					"$(inherited)",
					"@executable_path/Frameworks",
				);
				MARKETING_VERSION = 1.0;
				PRODUCT_BUNDLE_IDENTIFIER = com.dsmith42.EssentialApp;
				PRODUCT_NAME = "$(TARGET_NAME)";
				SWIFT_EMIT_LOC_STRINGS = YES;
				SWIFT_VERSION = 5.0;
				TARGETED_DEVICE_FAMILY = "1,2";
			};
			name = Release;
		};
		12B981AF285FE5FF00E2B254 /* Debug */ = {
			isa = XCBuildConfiguration;
			buildSettings = {
				ALWAYS_EMBED_SWIFT_STANDARD_LIBRARIES = YES;
				BUNDLE_LOADER = "$(TEST_HOST)";
				CODE_SIGN_STYLE = Automatic;
				CURRENT_PROJECT_VERSION = 1;
				DEVELOPMENT_TEAM = X6M775UK8W;
				GENERATE_INFOPLIST_FILE = YES;
				IPHONEOS_DEPLOYMENT_TARGET = 15.5;
				MARKETING_VERSION = 1.0;
				PRODUCT_BUNDLE_IDENTIFIER = com.dsmith42.EssentialAppTests;
				PRODUCT_NAME = "$(TARGET_NAME)";
				SWIFT_EMIT_LOC_STRINGS = NO;
				SWIFT_VERSION = 5.0;
				TARGETED_DEVICE_FAMILY = "1,2";
				TEST_HOST = "$(BUILT_PRODUCTS_DIR)/EssentialApp.app/EssentialApp";
			};
			name = Debug;
		};
		12B981B0285FE5FF00E2B254 /* Release */ = {
			isa = XCBuildConfiguration;
			buildSettings = {
				ALWAYS_EMBED_SWIFT_STANDARD_LIBRARIES = YES;
				BUNDLE_LOADER = "$(TEST_HOST)";
				CODE_SIGN_STYLE = Automatic;
				CURRENT_PROJECT_VERSION = 1;
				DEVELOPMENT_TEAM = X6M775UK8W;
				GENERATE_INFOPLIST_FILE = YES;
				IPHONEOS_DEPLOYMENT_TARGET = 15.5;
				MARKETING_VERSION = 1.0;
				PRODUCT_BUNDLE_IDENTIFIER = com.dsmith42.EssentialAppTests;
				PRODUCT_NAME = "$(TARGET_NAME)";
				SWIFT_EMIT_LOC_STRINGS = NO;
				SWIFT_VERSION = 5.0;
				TARGETED_DEVICE_FAMILY = "1,2";
				TEST_HOST = "$(BUILT_PRODUCTS_DIR)/EssentialApp.app/EssentialApp";
			};
			name = Release;
		};
		12B981B2285FE5FF00E2B254 /* Debug */ = {
			isa = XCBuildConfiguration;
			buildSettings = {
				ALWAYS_EMBED_SWIFT_STANDARD_LIBRARIES = YES;
				CODE_SIGN_STYLE = Automatic;
				CURRENT_PROJECT_VERSION = 1;
				DEVELOPMENT_TEAM = X6M775UK8W;
				GENERATE_INFOPLIST_FILE = YES;
				MARKETING_VERSION = 1.0;
				PRODUCT_BUNDLE_IDENTIFIER = com.dsmith42.EssentialAppUITests;
				PRODUCT_NAME = "$(TARGET_NAME)";
				SWIFT_EMIT_LOC_STRINGS = NO;
				SWIFT_VERSION = 5.0;
				TARGETED_DEVICE_FAMILY = "1,2";
				TEST_TARGET_NAME = EssentialApp;
			};
			name = Debug;
		};
		12B981B3285FE5FF00E2B254 /* Release */ = {
			isa = XCBuildConfiguration;
			buildSettings = {
				ALWAYS_EMBED_SWIFT_STANDARD_LIBRARIES = YES;
				CODE_SIGN_STYLE = Automatic;
				CURRENT_PROJECT_VERSION = 1;
				DEVELOPMENT_TEAM = X6M775UK8W;
				GENERATE_INFOPLIST_FILE = YES;
				MARKETING_VERSION = 1.0;
				PRODUCT_BUNDLE_IDENTIFIER = com.dsmith42.EssentialAppUITests;
				PRODUCT_NAME = "$(TARGET_NAME)";
				SWIFT_EMIT_LOC_STRINGS = NO;
				SWIFT_VERSION = 5.0;
				TARGETED_DEVICE_FAMILY = "1,2";
				TEST_TARGET_NAME = EssentialApp;
			};
			name = Release;
		};
/* End XCBuildConfiguration section */

/* Begin XCConfigurationList section */
		12B9817C285FE5FE00E2B254 /* Build configuration list for PBXProject "EssentialApp" */ = {
			isa = XCConfigurationList;
			buildConfigurations = (
				12B981A9285FE5FF00E2B254 /* Debug */,
				12B981AA285FE5FF00E2B254 /* Release */,
			);
			defaultConfigurationIsVisible = 0;
			defaultConfigurationName = Release;
		};
		12B981AB285FE5FF00E2B254 /* Build configuration list for PBXNativeTarget "EssentialApp" */ = {
			isa = XCConfigurationList;
			buildConfigurations = (
				12B981AC285FE5FF00E2B254 /* Debug */,
				12B981AD285FE5FF00E2B254 /* Release */,
			);
			defaultConfigurationIsVisible = 0;
			defaultConfigurationName = Release;
		};
		12B981AE285FE5FF00E2B254 /* Build configuration list for PBXNativeTarget "EssentialAppTests" */ = {
			isa = XCConfigurationList;
			buildConfigurations = (
				12B981AF285FE5FF00E2B254 /* Debug */,
				12B981B0285FE5FF00E2B254 /* Release */,
			);
			defaultConfigurationIsVisible = 0;
			defaultConfigurationName = Release;
		};
		12B981B1285FE5FF00E2B254 /* Build configuration list for PBXNativeTarget "EssentialAppUITests" */ = {
			isa = XCConfigurationList;
			buildConfigurations = (
				12B981B2285FE5FF00E2B254 /* Debug */,
				12B981B3285FE5FF00E2B254 /* Release */,
			);
			defaultConfigurationIsVisible = 0;
			defaultConfigurationName = Release;
		};
/* End XCConfigurationList section */
	};
	rootObject = 12B98179285FE5FE00E2B254 /* Project object */;
}
