// !$*UTF8*$!
{
	archiveVersion = 1;
	classes = {
	};
	objectVersion = 55;
	objects = {

/* Begin PBXBuildFile section */
		1229917128929B8200BD60E2 /* HTTPClientStub.swift in Sources */ = {isa = PBXBuildFile; fileRef = 1229917028929B8200BD60E2 /* HTTPClientStub.swift */; };
		1229917328929BB700BD60E2 /* InMemoryFeedStore.swift in Sources */ = {isa = PBXBuildFile; fileRef = 1229917228929BB700BD60E2 /* InMemoryFeedStore.swift */; };
		125A6F36288494CB00B71698 /* XCTestCase+MemoryLeakTracking.swift in Sources */ = {isa = PBXBuildFile; fileRef = 125A6F35288494CB00B71698 /* XCTestCase+MemoryLeakTracking.swift */; };
		125A6F382884954F00B71698 /* SharedTestHelpers.swift in Sources */ = {isa = PBXBuildFile; fileRef = 125A6F372884954F00B71698 /* SharedTestHelpers.swift */; };
		125A6F3C288571F500B71698 /* FeedLoaderStub.swift in Sources */ = {isa = PBXBuildFile; fileRef = 125A6F3B288571F500B71698 /* FeedLoaderStub.swift */; };
		125A6F3E2885741400B71698 /* XCTestCase+FeedLoader.swift in Sources */ = {isa = PBXBuildFile; fileRef = 125A6F3D2885741400B71698 /* XCTestCase+FeedLoader.swift */; };
		125A6F462885D1B400B71698 /* FeedImageDataLoaderSpy.swift in Sources */ = {isa = PBXBuildFile; fileRef = 125A6F452885D1B400B71698 /* FeedImageDataLoaderSpy.swift */; };
		125A6F482885D28C00B71698 /* XCTestCase+FeedImageDataLoader.swift in Sources */ = {isa = PBXBuildFile; fileRef = 125A6F472885D28C00B71698 /* XCTestCase+FeedImageDataLoader.swift */; };
		127E86A0287B5164008DB389 /* EssentialFeed.framework in Frameworks */ = {isa = PBXBuildFile; fileRef = 127E869E287B5164008DB389 /* EssentialFeed.framework */; };
		127E86A1287B5164008DB389 /* EssentialFeed.framework in Embed Frameworks */ = {isa = PBXBuildFile; fileRef = 127E869E287B5164008DB389 /* EssentialFeed.framework */; settings = {ATTRIBUTES = (CodeSignOnCopy, RemoveHeadersOnCopy, ); }; };
		127E86A2287B5164008DB389 /* EssentialFeediOS.framework in Frameworks */ = {isa = PBXBuildFile; fileRef = 127E869F287B5164008DB389 /* EssentialFeediOS.framework */; };
		127E86A3287B5164008DB389 /* EssentialFeediOS.framework in Embed Frameworks */ = {isa = PBXBuildFile; fileRef = 127E869F287B5164008DB389 /* EssentialFeediOS.framework */; settings = {ATTRIBUTES = (CodeSignOnCopy, RemoveHeadersOnCopy, ); }; };
		12B98185285FE5FE00E2B254 /* AppDelegate.swift in Sources */ = {isa = PBXBuildFile; fileRef = 12B98184285FE5FE00E2B254 /* AppDelegate.swift */; };
		12B98187285FE5FE00E2B254 /* SceneDelegate.swift in Sources */ = {isa = PBXBuildFile; fileRef = 12B98186285FE5FE00E2B254 /* SceneDelegate.swift */; };
		12B98189285FE5FE00E2B254 /* ViewController.swift in Sources */ = {isa = PBXBuildFile; fileRef = 12B98188285FE5FE00E2B254 /* ViewController.swift */; };
		12B9818E285FE5FF00E2B254 /* Assets.xcassets in Resources */ = {isa = PBXBuildFile; fileRef = 12B9818D285FE5FF00E2B254 /* Assets.xcassets */; };
		12B98191285FE5FF00E2B254 /* LaunchScreen.storyboard in Resources */ = {isa = PBXBuildFile; fileRef = 12B9818F285FE5FF00E2B254 /* LaunchScreen.storyboard */; };
		12CBEC332891F19F00AB402F /* SceneDelegateTests.swift in Sources */ = {isa = PBXBuildFile; fileRef = 12CBEC322891F19F00AB402F /* SceneDelegateTests.swift */; };
		12CBEC582891F89E00AB402F /* FeedImageDataLoaderPresentationAdapter.swift in Sources */ = {isa = PBXBuildFile; fileRef = 12CBEC572891F89E00AB402F /* FeedImageDataLoaderPresentationAdapter.swift */; };
		12CBEC592891F89E00AB402F /* FeedViewAdapter.swift in Sources */ = {isa = PBXBuildFile; fileRef = 12CBEC532891F89D00AB402F /* FeedViewAdapter.swift */; };
		12CBEC5A2891F89E00AB402F /* MainQueueDispatchDecorator.swift in Sources */ = {isa = PBXBuildFile; fileRef = 12CBEC542891F89D00AB402F /* MainQueueDispatchDecorator.swift */; };
		12CBEC5B2891F89E00AB402F /* WeakRefVirtualProxy.swift in Sources */ = {isa = PBXBuildFile; fileRef = 12CBEC562891F89D00AB402F /* WeakRefVirtualProxy.swift */; };
		12CBEC5C2891F89E00AB402F /* FeedUIComposer.swift in Sources */ = {isa = PBXBuildFile; fileRef = 12CBEC552891F89D00AB402F /* FeedUIComposer.swift */; };
		12CBEC5D2891F89E00AB402F /* FeedLoaderPresentationAdapter.swift in Sources */ = {isa = PBXBuildFile; fileRef = 12CBEC522891F89D00AB402F /* FeedLoaderPresentationAdapter.swift */; };
		12CBEC672891F8AE00AB402F /* FeedUIIntegrationTests+LoaderSpy.swift in Sources */ = {isa = PBXBuildFile; fileRef = 12CBEC602891F8AD00AB402F /* FeedUIIntegrationTests+LoaderSpy.swift */; };
		12CBEC682891F8AE00AB402F /* UIImage+TestHelpers.swift in Sources */ = {isa = PBXBuildFile; fileRef = 12CBEC652891F8AD00AB402F /* UIImage+TestHelpers.swift */; };
		12CBEC692891F8AE00AB402F /* FeedImageCell+TestHelpers.swift in Sources */ = {isa = PBXBuildFile; fileRef = 12CBEC5E2891F8AD00AB402F /* FeedImageCell+TestHelpers.swift */; };
		12CBEC6A2891F8AE00AB402F /* FeedUIIntegrationTests+Assertions.swift in Sources */ = {isa = PBXBuildFile; fileRef = 12CBEC5F2891F8AD00AB402F /* FeedUIIntegrationTests+Assertions.swift */; };
		12CBEC6B2891F8AE00AB402F /* UIButton+TestHelpers.swift in Sources */ = {isa = PBXBuildFile; fileRef = 12CBEC622891F8AD00AB402F /* UIButton+TestHelpers.swift */; };
		12CBEC6C2891F8AE00AB402F /* FeedUIIntegrationTests+TestHelpers.swift in Sources */ = {isa = PBXBuildFile; fileRef = 12CBEC642891F8AD00AB402F /* FeedUIIntegrationTests+TestHelpers.swift */; };
		12CBEC6D2891F8AE00AB402F /* FeedUIIntegrationTests+Localization.swift in Sources */ = {isa = PBXBuildFile; fileRef = 12CBEC612891F8AD00AB402F /* FeedUIIntegrationTests+Localization.swift */; };
		12CBEC6E2891F8AE00AB402F /* UIControl+TestHelpers.swift in Sources */ = {isa = PBXBuildFile; fileRef = 12CBEC632891F8AD00AB402F /* UIControl+TestHelpers.swift */; };
		12CBEC6F2891F8AE00AB402F /* UIRefreshControl+TestHelpers.swift in Sources */ = {isa = PBXBuildFile; fileRef = 12CBEC662891F8AE00AB402F /* UIRefreshControl+TestHelpers.swift */; };
		12CBEC712891FD9D00AB402F /* FeedUIIntegrationTests.swift in Sources */ = {isa = PBXBuildFile; fileRef = 12CBEC702891FD9D00AB402F /* FeedUIIntegrationTests.swift */; };
		12CBEC7328925A9900AB402F /* FeedAcceptanceTests.swift in Sources */ = {isa = PBXBuildFile; fileRef = 12CBEC7228925A9900AB402F /* FeedAcceptanceTests.swift */; };
/* End PBXBuildFile section */

/* Begin PBXContainerItemProxy section */
		12B98198285FE5FF00E2B254 /* PBXContainerItemProxy */ = {
			isa = PBXContainerItemProxy;
			containerPortal = 12B98179285FE5FE00E2B254 /* Project object */;
			proxyType = 1;
			remoteGlobalIDString = 12B98180285FE5FE00E2B254;
			remoteInfo = EssentialApp;
		};
/* End PBXContainerItemProxy section */

/* Begin PBXCopyFilesBuildPhase section */
		127E86A4287B5164008DB389 /* Embed Frameworks */ = {
			isa = PBXCopyFilesBuildPhase;
			buildActionMask = 2147483647;
			dstPath = "";
			dstSubfolderSpec = 10;
			files = (
				127E86A1287B5164008DB389 /* EssentialFeed.framework in Embed Frameworks */,
				127E86A3287B5164008DB389 /* EssentialFeediOS.framework in Embed Frameworks */,
			);
			name = "Embed Frameworks";
			runOnlyForDeploymentPostprocessing = 0;
		};
/* End PBXCopyFilesBuildPhase section */

/* Begin PBXFileReference section */
		1229917028929B8200BD60E2 /* HTTPClientStub.swift */ = {isa = PBXFileReference; lastKnownFileType = sourcecode.swift; path = HTTPClientStub.swift; sourceTree = "<group>"; };
		1229917228929BB700BD60E2 /* InMemoryFeedStore.swift */ = {isa = PBXFileReference; lastKnownFileType = sourcecode.swift; path = InMemoryFeedStore.swift; sourceTree = "<group>"; };
		125A6F35288494CB00B71698 /* XCTestCase+MemoryLeakTracking.swift */ = {isa = PBXFileReference; lastKnownFileType = sourcecode.swift; path = "XCTestCase+MemoryLeakTracking.swift"; sourceTree = "<group>"; };
		125A6F372884954F00B71698 /* SharedTestHelpers.swift */ = {isa = PBXFileReference; lastKnownFileType = sourcecode.swift; path = SharedTestHelpers.swift; sourceTree = "<group>"; };
		125A6F3B288571F500B71698 /* FeedLoaderStub.swift */ = {isa = PBXFileReference; lastKnownFileType = sourcecode.swift; path = FeedLoaderStub.swift; sourceTree = "<group>"; };
		125A6F3D2885741400B71698 /* XCTestCase+FeedLoader.swift */ = {isa = PBXFileReference; lastKnownFileType = sourcecode.swift; path = "XCTestCase+FeedLoader.swift"; sourceTree = "<group>"; };
		125A6F452885D1B400B71698 /* FeedImageDataLoaderSpy.swift */ = {isa = PBXFileReference; lastKnownFileType = sourcecode.swift; path = FeedImageDataLoaderSpy.swift; sourceTree = "<group>"; };
		125A6F472885D28C00B71698 /* XCTestCase+FeedImageDataLoader.swift */ = {isa = PBXFileReference; lastKnownFileType = sourcecode.swift; path = "XCTestCase+FeedImageDataLoader.swift"; sourceTree = "<group>"; };
		127E869E287B5164008DB389 /* EssentialFeed.framework */ = {isa = PBXFileReference; explicitFileType = wrapper.framework; path = EssentialFeed.framework; sourceTree = BUILT_PRODUCTS_DIR; };
		127E869F287B5164008DB389 /* EssentialFeediOS.framework */ = {isa = PBXFileReference; explicitFileType = wrapper.framework; path = EssentialFeediOS.framework; sourceTree = BUILT_PRODUCTS_DIR; };
		12B98181285FE5FE00E2B254 /* EssentialApp.app */ = {isa = PBXFileReference; explicitFileType = wrapper.application; includeInIndex = 0; path = EssentialApp.app; sourceTree = BUILT_PRODUCTS_DIR; };
		12B98184285FE5FE00E2B254 /* AppDelegate.swift */ = {isa = PBXFileReference; lastKnownFileType = sourcecode.swift; path = AppDelegate.swift; sourceTree = "<group>"; };
		12B98186285FE5FE00E2B254 /* SceneDelegate.swift */ = {isa = PBXFileReference; lastKnownFileType = sourcecode.swift; path = SceneDelegate.swift; sourceTree = "<group>"; };
		12B98188285FE5FE00E2B254 /* ViewController.swift */ = {isa = PBXFileReference; lastKnownFileType = sourcecode.swift; path = ViewController.swift; sourceTree = "<group>"; };
		12B9818D285FE5FF00E2B254 /* Assets.xcassets */ = {isa = PBXFileReference; lastKnownFileType = folder.assetcatalog; path = Assets.xcassets; sourceTree = "<group>"; };
		12B98190285FE5FF00E2B254 /* Base */ = {isa = PBXFileReference; lastKnownFileType = file.storyboard; name = Base; path = Base.lproj/LaunchScreen.storyboard; sourceTree = "<group>"; };
		12B98192285FE5FF00E2B254 /* Info.plist */ = {isa = PBXFileReference; lastKnownFileType = text.plist.xml; path = Info.plist; sourceTree = "<group>"; };
		12B98197285FE5FF00E2B254 /* EssentialAppTests.xctest */ = {isa = PBXFileReference; explicitFileType = wrapper.cfbundle; includeInIndex = 0; path = EssentialAppTests.xctest; sourceTree = BUILT_PRODUCTS_DIR; };
		12CBEC322891F19F00AB402F /* SceneDelegateTests.swift */ = {isa = PBXFileReference; lastKnownFileType = sourcecode.swift; path = SceneDelegateTests.swift; sourceTree = "<group>"; };
		12CBEC522891F89D00AB402F /* FeedLoaderPresentationAdapter.swift */ = {isa = PBXFileReference; lastKnownFileType = sourcecode.swift; path = FeedLoaderPresentationAdapter.swift; sourceTree = "<group>"; };
		12CBEC532891F89D00AB402F /* FeedViewAdapter.swift */ = {isa = PBXFileReference; lastKnownFileType = sourcecode.swift; path = FeedViewAdapter.swift; sourceTree = "<group>"; };
		12CBEC542891F89D00AB402F /* MainQueueDispatchDecorator.swift */ = {isa = PBXFileReference; lastKnownFileType = sourcecode.swift; path = MainQueueDispatchDecorator.swift; sourceTree = "<group>"; };
		12CBEC552891F89D00AB402F /* FeedUIComposer.swift */ = {isa = PBXFileReference; lastKnownFileType = sourcecode.swift; path = FeedUIComposer.swift; sourceTree = "<group>"; };
		12CBEC562891F89D00AB402F /* WeakRefVirtualProxy.swift */ = {isa = PBXFileReference; lastKnownFileType = sourcecode.swift; path = WeakRefVirtualProxy.swift; sourceTree = "<group>"; };
		12CBEC572891F89E00AB402F /* FeedImageDataLoaderPresentationAdapter.swift */ = {isa = PBXFileReference; lastKnownFileType = sourcecode.swift; path = FeedImageDataLoaderPresentationAdapter.swift; sourceTree = "<group>"; };
		12CBEC5E2891F8AD00AB402F /* FeedImageCell+TestHelpers.swift */ = {isa = PBXFileReference; lastKnownFileType = sourcecode.swift; path = "FeedImageCell+TestHelpers.swift"; sourceTree = "<group>"; };
		12CBEC5F2891F8AD00AB402F /* FeedUIIntegrationTests+Assertions.swift */ = {isa = PBXFileReference; lastKnownFileType = sourcecode.swift; path = "FeedUIIntegrationTests+Assertions.swift"; sourceTree = "<group>"; };
		12CBEC602891F8AD00AB402F /* FeedUIIntegrationTests+LoaderSpy.swift */ = {isa = PBXFileReference; lastKnownFileType = sourcecode.swift; path = "FeedUIIntegrationTests+LoaderSpy.swift"; sourceTree = "<group>"; };
		12CBEC612891F8AD00AB402F /* FeedUIIntegrationTests+Localization.swift */ = {isa = PBXFileReference; lastKnownFileType = sourcecode.swift; path = "FeedUIIntegrationTests+Localization.swift"; sourceTree = "<group>"; };
		12CBEC622891F8AD00AB402F /* UIButton+TestHelpers.swift */ = {isa = PBXFileReference; lastKnownFileType = sourcecode.swift; path = "UIButton+TestHelpers.swift"; sourceTree = "<group>"; };
		12CBEC632891F8AD00AB402F /* UIControl+TestHelpers.swift */ = {isa = PBXFileReference; lastKnownFileType = sourcecode.swift; path = "UIControl+TestHelpers.swift"; sourceTree = "<group>"; };
		12CBEC642891F8AD00AB402F /* FeedUIIntegrationTests+TestHelpers.swift */ = {isa = PBXFileReference; lastKnownFileType = sourcecode.swift; path = "FeedUIIntegrationTests+TestHelpers.swift"; sourceTree = "<group>"; };
		12CBEC652891F8AD00AB402F /* UIImage+TestHelpers.swift */ = {isa = PBXFileReference; lastKnownFileType = sourcecode.swift; path = "UIImage+TestHelpers.swift"; sourceTree = "<group>"; };
		12CBEC662891F8AE00AB402F /* UIRefreshControl+TestHelpers.swift */ = {isa = PBXFileReference; lastKnownFileType = sourcecode.swift; path = "UIRefreshControl+TestHelpers.swift"; sourceTree = "<group>"; };
		12CBEC702891FD9D00AB402F /* FeedUIIntegrationTests.swift */ = {isa = PBXFileReference; lastKnownFileType = sourcecode.swift; path = FeedUIIntegrationTests.swift; sourceTree = "<group>"; };
		12CBEC7228925A9900AB402F /* FeedAcceptanceTests.swift */ = {isa = PBXFileReference; lastKnownFileType = sourcecode.swift; path = FeedAcceptanceTests.swift; sourceTree = "<group>"; };
/* End PBXFileReference section */

/* Begin PBXFrameworksBuildPhase section */
		12B9817E285FE5FE00E2B254 /* Frameworks */ = {
			isa = PBXFrameworksBuildPhase;
			buildActionMask = 2147483647;
			files = (
				127E86A0287B5164008DB389 /* EssentialFeed.framework in Frameworks */,
				127E86A2287B5164008DB389 /* EssentialFeediOS.framework in Frameworks */,
			);
			runOnlyForDeploymentPostprocessing = 0;
		};
		12B98194285FE5FF00E2B254 /* Frameworks */ = {
			isa = PBXFrameworksBuildPhase;
			buildActionMask = 2147483647;
			files = (
			);
			runOnlyForDeploymentPostprocessing = 0;
		};
/* End PBXFrameworksBuildPhase section */

/* Begin PBXGroup section */
		125A6F34288494B100B71698 /* Helpers */ = {
			isa = PBXGroup;
			children = (
				12CBEC5E2891F8AD00AB402F /* FeedImageCell+TestHelpers.swift */,
				125A6F452885D1B400B71698 /* FeedImageDataLoaderSpy.swift */,
				125A6F3B288571F500B71698 /* FeedLoaderStub.swift */,
				12CBEC5F2891F8AD00AB402F /* FeedUIIntegrationTests+Assertions.swift */,
				12CBEC602891F8AD00AB402F /* FeedUIIntegrationTests+LoaderSpy.swift */,
				12CBEC612891F8AD00AB402F /* FeedUIIntegrationTests+Localization.swift */,
				12CBEC642891F8AD00AB402F /* FeedUIIntegrationTests+TestHelpers.swift */,
				1229917028929B8200BD60E2 /* HTTPClientStub.swift */,
				1229917228929BB700BD60E2 /* InMemoryFeedStore.swift */,
				125A6F372884954F00B71698 /* SharedTestHelpers.swift */,
				12CBEC622891F8AD00AB402F /* UIButton+TestHelpers.swift */,
				12CBEC632891F8AD00AB402F /* UIControl+TestHelpers.swift */,
				12CBEC652891F8AD00AB402F /* UIImage+TestHelpers.swift */,
				12CBEC662891F8AE00AB402F /* UIRefreshControl+TestHelpers.swift */,
				125A6F472885D28C00B71698 /* XCTestCase+FeedImageDataLoader.swift */,
				125A6F3D2885741400B71698 /* XCTestCase+FeedLoader.swift */,
				125A6F35288494CB00B71698 /* XCTestCase+MemoryLeakTracking.swift */,
			);
			path = Helpers;
			sourceTree = "<group>";
		};
		127E869D287B5164008DB389 /* Frameworks */ = {
			isa = PBXGroup;
			children = (
				127E869E287B5164008DB389 /* EssentialFeed.framework */,
				127E869F287B5164008DB389 /* EssentialFeediOS.framework */,
			);
			name = Frameworks;
			sourceTree = "<group>";
		};
		12B98178285FE5FE00E2B254 = {
			isa = PBXGroup;
			children = (
				12B98183285FE5FE00E2B254 /* EssentialApp */,
				12B9819A285FE5FF00E2B254 /* EssentialAppTests */,
				12B98182285FE5FE00E2B254 /* Products */,
				127E869D287B5164008DB389 /* Frameworks */,
			);
			sourceTree = "<group>";
		};
		12B98182285FE5FE00E2B254 /* Products */ = {
			isa = PBXGroup;
			children = (
				12B98181285FE5FE00E2B254 /* EssentialApp.app */,
				12B98197285FE5FF00E2B254 /* EssentialAppTests.xctest */,
			);
			name = Products;
			sourceTree = "<group>";
		};
		12B98183285FE5FE00E2B254 /* EssentialApp */ = {
			isa = PBXGroup;
			children = (
				12B98184285FE5FE00E2B254 /* AppDelegate.swift */,
				12B98186285FE5FE00E2B254 /* SceneDelegate.swift */,
				12B98188285FE5FE00E2B254 /* ViewController.swift */,
				12B9818D285FE5FF00E2B254 /* Assets.xcassets */,
				12B9818F285FE5FF00E2B254 /* LaunchScreen.storyboard */,
				12B98192285FE5FF00E2B254 /* Info.plist */,
				12CBEC572891F89E00AB402F /* FeedImageDataLoaderPresentationAdapter.swift */,
				12CBEC522891F89D00AB402F /* FeedLoaderPresentationAdapter.swift */,
				12CBEC552891F89D00AB402F /* FeedUIComposer.swift */,
				12CBEC532891F89D00AB402F /* FeedViewAdapter.swift */,
				12CBEC542891F89D00AB402F /* MainQueueDispatchDecorator.swift */,
				12CBEC562891F89D00AB402F /* WeakRefVirtualProxy.swift */,
			);
			path = EssentialApp;
			sourceTree = "<group>";
		};
		12B9819A285FE5FF00E2B254 /* EssentialAppTests */ = {
			isa = PBXGroup;
			children = (
				125A6F34288494B100B71698 /* Helpers */,
				12CBEC7228925A9900AB402F /* FeedAcceptanceTests.swift */,
				12CBEC702891FD9D00AB402F /* FeedUIIntegrationTests.swift */,
				12CBEC322891F19F00AB402F /* SceneDelegateTests.swift */,
			);
			path = EssentialAppTests;
			sourceTree = "<group>";
		};
/* End PBXGroup section */

/* Begin PBXNativeTarget section */
		12B98180285FE5FE00E2B254 /* EssentialApp */ = {
			isa = PBXNativeTarget;
			buildConfigurationList = 12B981AB285FE5FF00E2B254 /* Build configuration list for PBXNativeTarget "EssentialApp" */;
			buildPhases = (
				12B9817D285FE5FE00E2B254 /* Sources */,
				12B9817E285FE5FE00E2B254 /* Frameworks */,
				12B9817F285FE5FE00E2B254 /* Resources */,
				127E86A4287B5164008DB389 /* Embed Frameworks */,
			);
			buildRules = (
			);
			dependencies = (
			);
			name = EssentialApp;
			productName = EssentialApp;
			productReference = 12B98181285FE5FE00E2B254 /* EssentialApp.app */;
			productType = "com.apple.product-type.application";
		};
		12B98196285FE5FF00E2B254 /* EssentialAppTests */ = {
			isa = PBXNativeTarget;
			buildConfigurationList = 12B981AE285FE5FF00E2B254 /* Build configuration list for PBXNativeTarget "EssentialAppTests" */;
			buildPhases = (
				12B98193285FE5FF00E2B254 /* Sources */,
				12B98194285FE5FF00E2B254 /* Frameworks */,
				12B98195285FE5FF00E2B254 /* Resources */,
			);
			buildRules = (
			);
			dependencies = (
				12B98199285FE5FF00E2B254 /* PBXTargetDependency */,
			);
			name = EssentialAppTests;
			productName = EssentialAppTests;
			productReference = 12B98197285FE5FF00E2B254 /* EssentialAppTests.xctest */;
			productType = "com.apple.product-type.bundle.unit-test";
		};
/* End PBXNativeTarget section */

/* Begin PBXProject section */
		12B98179285FE5FE00E2B254 /* Project object */ = {
			isa = PBXProject;
			attributes = {
				BuildIndependentTargetsInParallel = 1;
				LastSwiftUpdateCheck = 1340;
				LastUpgradeCheck = 1340;
				TargetAttributes = {
					12B98180285FE5FE00E2B254 = {
						CreatedOnToolsVersion = 13.4.1;
					};
					12B98196285FE5FF00E2B254 = {
						CreatedOnToolsVersion = 13.4.1;
						TestTargetID = 12B98180285FE5FE00E2B254;
					};
				};
			};
			buildConfigurationList = 12B9817C285FE5FE00E2B254 /* Build configuration list for PBXProject "EssentialApp" */;
			compatibilityVersion = "Xcode 13.0";
			developmentRegion = en;
			hasScannedForEncodings = 0;
			knownRegions = (
				en,
				Base,
			);
			mainGroup = 12B98178285FE5FE00E2B254;
			productRefGroup = 12B98182285FE5FE00E2B254 /* Products */;
			projectDirPath = "";
			projectRoot = "";
			targets = (
				12B98180285FE5FE00E2B254 /* EssentialApp */,
				12B98196285FE5FF00E2B254 /* EssentialAppTests */,
			);
		};
/* End PBXProject section */

/* Begin PBXResourcesBuildPhase section */
		12B9817F285FE5FE00E2B254 /* Resources */ = {
			isa = PBXResourcesBuildPhase;
			buildActionMask = 2147483647;
			files = (
				12B98191285FE5FF00E2B254 /* LaunchScreen.storyboard in Resources */,
				12B9818E285FE5FF00E2B254 /* Assets.xcassets in Resources */,
			);
			runOnlyForDeploymentPostprocessing = 0;
		};
		12B98195285FE5FF00E2B254 /* Resources */ = {
			isa = PBXResourcesBuildPhase;
			buildActionMask = 2147483647;
			files = (
			);
			runOnlyForDeploymentPostprocessing = 0;
		};
/* End PBXResourcesBuildPhase section */

/* Begin PBXSourcesBuildPhase section */
		12B9817D285FE5FE00E2B254 /* Sources */ = {
			isa = PBXSourcesBuildPhase;
			buildActionMask = 2147483647;
			files = (
				12CBEC5A2891F89E00AB402F /* MainQueueDispatchDecorator.swift in Sources */,
				12B98189285FE5FE00E2B254 /* ViewController.swift in Sources */,
				12B98185285FE5FE00E2B254 /* AppDelegate.swift in Sources */,
				12CBEC592891F89E00AB402F /* FeedViewAdapter.swift in Sources */,
				12CBEC5C2891F89E00AB402F /* FeedUIComposer.swift in Sources */,
				12CBEC582891F89E00AB402F /* FeedImageDataLoaderPresentationAdapter.swift in Sources */,
				12B98187285FE5FE00E2B254 /* SceneDelegate.swift in Sources */,
				12CBEC5B2891F89E00AB402F /* WeakRefVirtualProxy.swift in Sources */,
				12CBEC5D2891F89E00AB402F /* FeedLoaderPresentationAdapter.swift in Sources */,
			);
			runOnlyForDeploymentPostprocessing = 0;
		};
		12B98193285FE5FF00E2B254 /* Sources */ = {
			isa = PBXSourcesBuildPhase;
			buildActionMask = 2147483647;
			files = (
				12CBEC672891F8AE00AB402F /* FeedUIIntegrationTests+LoaderSpy.swift in Sources */,
				12CBEC6F2891F8AE00AB402F /* UIRefreshControl+TestHelpers.swift in Sources */,
				125A6F382884954F00B71698 /* SharedTestHelpers.swift in Sources */,
				125A6F3E2885741400B71698 /* XCTestCase+FeedLoader.swift in Sources */,
				12CBEC6C2891F8AE00AB402F /* FeedUIIntegrationTests+TestHelpers.swift in Sources */,
				12CBEC6D2891F8AE00AB402F /* FeedUIIntegrationTests+Localization.swift in Sources */,
				12CBEC6A2891F8AE00AB402F /* FeedUIIntegrationTests+Assertions.swift in Sources */,
				125A6F482885D28C00B71698 /* XCTestCase+FeedImageDataLoader.swift in Sources */,
				12CBEC692891F8AE00AB402F /* FeedImageCell+TestHelpers.swift in Sources */,
				12CBEC682891F8AE00AB402F /* UIImage+TestHelpers.swift in Sources */,
				1229917328929BB700BD60E2 /* InMemoryFeedStore.swift in Sources */,
				12CBEC332891F19F00AB402F /* SceneDelegateTests.swift in Sources */,
				125A6F462885D1B400B71698 /* FeedImageDataLoaderSpy.swift in Sources */,
				1229917128929B8200BD60E2 /* HTTPClientStub.swift in Sources */,
				12CBEC6B2891F8AE00AB402F /* UIButton+TestHelpers.swift in Sources */,
				12CBEC6E2891F8AE00AB402F /* UIControl+TestHelpers.swift in Sources */,
				12CBEC7328925A9900AB402F /* FeedAcceptanceTests.swift in Sources */,
				125A6F3C288571F500B71698 /* FeedLoaderStub.swift in Sources */,
				12CBEC712891FD9D00AB402F /* FeedUIIntegrationTests.swift in Sources */,
				125A6F36288494CB00B71698 /* XCTestCase+MemoryLeakTracking.swift in Sources */,
			);
			runOnlyForDeploymentPostprocessing = 0;
		};
/* End PBXSourcesBuildPhase section */

/* Begin PBXTargetDependency section */
		12B98199285FE5FF00E2B254 /* PBXTargetDependency */ = {
			isa = PBXTargetDependency;
			target = 12B98180285FE5FE00E2B254 /* EssentialApp */;
			targetProxy = 12B98198285FE5FF00E2B254 /* PBXContainerItemProxy */;
		};
/* End PBXTargetDependency section */

/* Begin PBXVariantGroup section */
		12B9818F285FE5FF00E2B254 /* LaunchScreen.storyboard */ = {
			isa = PBXVariantGroup;
			children = (
				12B98190285FE5FF00E2B254 /* Base */,
			);
			name = LaunchScreen.storyboard;
			sourceTree = "<group>";
		};
/* End PBXVariantGroup section */

/* Begin XCBuildConfiguration section */
		12B981A9285FE5FF00E2B254 /* Debug */ = {
			isa = XCBuildConfiguration;
			buildSettings = {
				ALWAYS_SEARCH_USER_PATHS = NO;
				CLANG_ANALYZER_NONNULL = YES;
				CLANG_ANALYZER_NUMBER_OBJECT_CONVERSION = YES_AGGRESSIVE;
				CLANG_CXX_LANGUAGE_STANDARD = "gnu++17";
				CLANG_ENABLE_MODULES = YES;
				CLANG_ENABLE_OBJC_ARC = YES;
				CLANG_ENABLE_OBJC_WEAK = YES;
				CLANG_WARN_BLOCK_CAPTURE_AUTORELEASING = YES;
				CLANG_WARN_BOOL_CONVERSION = YES;
				CLANG_WARN_COMMA = YES;
				CLANG_WARN_CONSTANT_CONVERSION = YES;
				CLANG_WARN_DEPRECATED_OBJC_IMPLEMENTATIONS = YES;
				CLANG_WARN_DIRECT_OBJC_ISA_USAGE = YES_ERROR;
				CLANG_WARN_DOCUMENTATION_COMMENTS = YES;
				CLANG_WARN_EMPTY_BODY = YES;
				CLANG_WARN_ENUM_CONVERSION = YES;
				CLANG_WARN_INFINITE_RECURSION = YES;
				CLANG_WARN_INT_CONVERSION = YES;
				CLANG_WARN_NON_LITERAL_NULL_CONVERSION = YES;
				CLANG_WARN_OBJC_IMPLICIT_RETAIN_SELF = YES;
				CLANG_WARN_OBJC_LITERAL_CONVERSION = YES;
				CLANG_WARN_OBJC_ROOT_CLASS = YES_ERROR;
				CLANG_WARN_QUOTED_INCLUDE_IN_FRAMEWORK_HEADER = YES;
				CLANG_WARN_RANGE_LOOP_ANALYSIS = YES;
				CLANG_WARN_STRICT_PROTOTYPES = YES;
				CLANG_WARN_SUSPICIOUS_MOVE = YES;
				CLANG_WARN_UNGUARDED_AVAILABILITY = YES_AGGRESSIVE;
				CLANG_WARN_UNREACHABLE_CODE = YES;
				CLANG_WARN__DUPLICATE_METHOD_MATCH = YES;
				COPY_PHASE_STRIP = NO;
				DEBUG_INFORMATION_FORMAT = dwarf;
				ENABLE_STRICT_OBJC_MSGSEND = YES;
				ENABLE_TESTABILITY = YES;
				GCC_C_LANGUAGE_STANDARD = gnu11;
				GCC_DYNAMIC_NO_PIC = NO;
				GCC_NO_COMMON_BLOCKS = YES;
				GCC_OPTIMIZATION_LEVEL = 0;
				GCC_PREPROCESSOR_DEFINITIONS = (
					"DEBUG=1",
					"$(inherited)",
				);
				GCC_WARN_64_TO_32_BIT_CONVERSION = YES;
				GCC_WARN_ABOUT_RETURN_TYPE = YES_ERROR;
				GCC_WARN_UNDECLARED_SELECTOR = YES;
				GCC_WARN_UNINITIALIZED_AUTOS = YES_AGGRESSIVE;
				GCC_WARN_UNUSED_FUNCTION = YES;
				GCC_WARN_UNUSED_VARIABLE = YES;
				IPHONEOS_DEPLOYMENT_TARGET = 15.5;
				MTL_ENABLE_DEBUG_INFO = INCLUDE_SOURCE;
				MTL_FAST_MATH = YES;
				ONLY_ACTIVE_ARCH = YES;
				SDKROOT = iphoneos;
				SWIFT_ACTIVE_COMPILATION_CONDITIONS = DEBUG;
				SWIFT_OPTIMIZATION_LEVEL = "-Onone";
			};
			name = Debug;
		};
		12B981AA285FE5FF00E2B254 /* Release */ = {
			isa = XCBuildConfiguration;
			buildSettings = {
				ALWAYS_SEARCH_USER_PATHS = NO;
				CLANG_ANALYZER_NONNULL = YES;
				CLANG_ANALYZER_NUMBER_OBJECT_CONVERSION = YES_AGGRESSIVE;
				CLANG_CXX_LANGUAGE_STANDARD = "gnu++17";
				CLANG_ENABLE_MODULES = YES;
				CLANG_ENABLE_OBJC_ARC = YES;
				CLANG_ENABLE_OBJC_WEAK = YES;
				CLANG_WARN_BLOCK_CAPTURE_AUTORELEASING = YES;
				CLANG_WARN_BOOL_CONVERSION = YES;
				CLANG_WARN_COMMA = YES;
				CLANG_WARN_CONSTANT_CONVERSION = YES;
				CLANG_WARN_DEPRECATED_OBJC_IMPLEMENTATIONS = YES;
				CLANG_WARN_DIRECT_OBJC_ISA_USAGE = YES_ERROR;
				CLANG_WARN_DOCUMENTATION_COMMENTS = YES;
				CLANG_WARN_EMPTY_BODY = YES;
				CLANG_WARN_ENUM_CONVERSION = YES;
				CLANG_WARN_INFINITE_RECURSION = YES;
				CLANG_WARN_INT_CONVERSION = YES;
				CLANG_WARN_NON_LITERAL_NULL_CONVERSION = YES;
				CLANG_WARN_OBJC_IMPLICIT_RETAIN_SELF = YES;
				CLANG_WARN_OBJC_LITERAL_CONVERSION = YES;
				CLANG_WARN_OBJC_ROOT_CLASS = YES_ERROR;
				CLANG_WARN_QUOTED_INCLUDE_IN_FRAMEWORK_HEADER = YES;
				CLANG_WARN_RANGE_LOOP_ANALYSIS = YES;
				CLANG_WARN_STRICT_PROTOTYPES = YES;
				CLANG_WARN_SUSPICIOUS_MOVE = YES;
				CLANG_WARN_UNGUARDED_AVAILABILITY = YES_AGGRESSIVE;
				CLANG_WARN_UNREACHABLE_CODE = YES;
				CLANG_WARN__DUPLICATE_METHOD_MATCH = YES;
				COPY_PHASE_STRIP = NO;
				DEBUG_INFORMATION_FORMAT = "dwarf-with-dsym";
				ENABLE_NS_ASSERTIONS = NO;
				ENABLE_STRICT_OBJC_MSGSEND = YES;
				GCC_C_LANGUAGE_STANDARD = gnu11;
				GCC_NO_COMMON_BLOCKS = YES;
				GCC_WARN_64_TO_32_BIT_CONVERSION = YES;
				GCC_WARN_ABOUT_RETURN_TYPE = YES_ERROR;
				GCC_WARN_UNDECLARED_SELECTOR = YES;
				GCC_WARN_UNINITIALIZED_AUTOS = YES_AGGRESSIVE;
				GCC_WARN_UNUSED_FUNCTION = YES;
				GCC_WARN_UNUSED_VARIABLE = YES;
				IPHONEOS_DEPLOYMENT_TARGET = 15.5;
				MTL_ENABLE_DEBUG_INFO = NO;
				MTL_FAST_MATH = YES;
				SDKROOT = iphoneos;
				SWIFT_COMPILATION_MODE = wholemodule;
				SWIFT_OPTIMIZATION_LEVEL = "-O";
				VALIDATE_PRODUCT = YES;
			};
			name = Release;
		};
		12B981AC285FE5FF00E2B254 /* Debug */ = {
			isa = XCBuildConfiguration;
			buildSettings = {
				ASSETCATALOG_COMPILER_APPICON_NAME = AppIcon;
				ASSETCATALOG_COMPILER_GLOBAL_ACCENT_COLOR_NAME = AccentColor;
				CODE_SIGN_STYLE = Automatic;
				CURRENT_PROJECT_VERSION = 1;
				DEVELOPMENT_TEAM = X6M775UK8W;
				GENERATE_INFOPLIST_FILE = YES;
				INFOPLIST_FILE = EssentialApp/Info.plist;
				INFOPLIST_KEY_UIApplicationSupportsIndirectInputEvents = YES;
				INFOPLIST_KEY_UILaunchStoryboardName = LaunchScreen;
				INFOPLIST_KEY_UISupportedInterfaceOrientations = UIInterfaceOrientationPortrait;
				INFOPLIST_KEY_UISupportedInterfaceOrientations_iPad = "UIInterfaceOrientationPortrait UIInterfaceOrientationPortraitUpsideDown UIInterfaceOrientationLandscapeLeft UIInterfaceOrientationLandscapeRight";
				INFOPLIST_KEY_UISupportedInterfaceOrientations_iPhone = "UIInterfaceOrientationPortrait UIInterfaceOrientationLandscapeLeft UIInterfaceOrientationLandscapeRight";
				LD_RUNPATH_SEARCH_PATHS = (
					"$(inherited)",
					"@executable_path/Frameworks",
				);
				MARKETING_VERSION = 1.1;
				PRODUCT_BUNDLE_IDENTIFIER = "com.dsmith42.EssentialApp-kuma";
				PRODUCT_NAME = "$(TARGET_NAME)";
				SWIFT_EMIT_LOC_STRINGS = YES;
				SWIFT_VERSION = 5.0;
				TARGETED_DEVICE_FAMILY = "1,2";
			};
			name = Debug;
		};
		12B981AD285FE5FF00E2B254 /* Release */ = {
			isa = XCBuildConfiguration;
			buildSettings = {
				ASSETCATALOG_COMPILER_APPICON_NAME = AppIcon;
				ASSETCATALOG_COMPILER_GLOBAL_ACCENT_COLOR_NAME = AccentColor;
				CODE_SIGN_IDENTITY = "iPhone Distribution";
				CODE_SIGN_STYLE = Manual;
				CURRENT_PROJECT_VERSION = 1;
				DEVELOPMENT_TEAM = X6M775UK8W;
				GENERATE_INFOPLIST_FILE = YES;
				INFOPLIST_FILE = EssentialApp/Info.plist;
				INFOPLIST_KEY_UIApplicationSupportsIndirectInputEvents = YES;
				INFOPLIST_KEY_UILaunchStoryboardName = LaunchScreen;
				INFOPLIST_KEY_UISupportedInterfaceOrientations = UIInterfaceOrientationPortrait;
				INFOPLIST_KEY_UISupportedInterfaceOrientations_iPad = "UIInterfaceOrientationPortrait UIInterfaceOrientationPortraitUpsideDown UIInterfaceOrientationLandscapeLeft UIInterfaceOrientationLandscapeRight";
				INFOPLIST_KEY_UISupportedInterfaceOrientations_iPhone = "UIInterfaceOrientationPortrait UIInterfaceOrientationLandscapeLeft UIInterfaceOrientationLandscapeRight";
				LD_RUNPATH_SEARCH_PATHS = (
					"$(inherited)",
					"@executable_path/Frameworks",
				);
				MARKETING_VERSION = 1.1;
				PRODUCT_BUNDLE_IDENTIFIER = "com.dsmith42.EssentialApp-kuma";
				PRODUCT_NAME = "$(TARGET_NAME)";
				PROVISIONING_PROFILE_SPECIFIER = EssentialAppDistribution;
				SWIFT_EMIT_LOC_STRINGS = YES;
				SWIFT_VERSION = 5.0;
				TARGETED_DEVICE_FAMILY = "1,2";
			};
			name = Release;
		};
		12B981AF285FE5FF00E2B254 /* Debug */ = {
			isa = XCBuildConfiguration;
			buildSettings = {
				ALWAYS_EMBED_SWIFT_STANDARD_LIBRARIES = YES;
				BUNDLE_LOADER = "$(TEST_HOST)";
				CODE_SIGN_STYLE = Automatic;
				CURRENT_PROJECT_VERSION = 1;
				DEVELOPMENT_TEAM = X6M775UK8W;
				GENERATE_INFOPLIST_FILE = YES;
				IPHONEOS_DEPLOYMENT_TARGET = 15.5;
				MARKETING_VERSION = 1.0;
				PRODUCT_BUNDLE_IDENTIFIER = com.dsmith42.EssentialAppTests;
				PRODUCT_NAME = "$(TARGET_NAME)";
				SWIFT_EMIT_LOC_STRINGS = NO;
				SWIFT_VERSION = 5.0;
				TARGETED_DEVICE_FAMILY = "1,2";
				TEST_HOST = "$(BUILT_PRODUCTS_DIR)/EssentialApp.app/EssentialApp";
			};
			name = Debug;
		};
		12B981B0285FE5FF00E2B254 /* Release */ = {
			isa = XCBuildConfiguration;
			buildSettings = {
				ALWAYS_EMBED_SWIFT_STANDARD_LIBRARIES = YES;
				BUNDLE_LOADER = "$(TEST_HOST)";
				CODE_SIGN_STYLE = Automatic;
				CURRENT_PROJECT_VERSION = 1;
				DEVELOPMENT_TEAM = X6M775UK8W;
				GENERATE_INFOPLIST_FILE = YES;
				IPHONEOS_DEPLOYMENT_TARGET = 15.5;
				MARKETING_VERSION = 1.0;
				PRODUCT_BUNDLE_IDENTIFIER = com.dsmith42.EssentialAppTests;
				PRODUCT_NAME = "$(TARGET_NAME)";
				SWIFT_EMIT_LOC_STRINGS = NO;
				SWIFT_VERSION = 5.0;
				TARGETED_DEVICE_FAMILY = "1,2";
				TEST_HOST = "$(BUILT_PRODUCTS_DIR)/EssentialApp.app/EssentialApp";
			};
			name = Release;
		};
/* End XCBuildConfiguration section */

/* Begin XCConfigurationList section */
		12B9817C285FE5FE00E2B254 /* Build configuration list for PBXProject "EssentialApp" */ = {
			isa = XCConfigurationList;
			buildConfigurations = (
				12B981A9285FE5FF00E2B254 /* Debug */,
				12B981AA285FE5FF00E2B254 /* Release */,
			);
			defaultConfigurationIsVisible = 0;
			defaultConfigurationName = Release;
		};
		12B981AB285FE5FF00E2B254 /* Build configuration list for PBXNativeTarget "EssentialApp" */ = {
			isa = XCConfigurationList;
			buildConfigurations = (
				12B981AC285FE5FF00E2B254 /* Debug */,
				12B981AD285FE5FF00E2B254 /* Release */,
			);
			defaultConfigurationIsVisible = 0;
			defaultConfigurationName = Release;
		};
		12B981AE285FE5FF00E2B254 /* Build configuration list for PBXNativeTarget "EssentialAppTests" */ = {
			isa = XCConfigurationList;
			buildConfigurations = (
				12B981AF285FE5FF00E2B254 /* Debug */,
				12B981B0285FE5FF00E2B254 /* Release */,
			);
			defaultConfigurationIsVisible = 0;
			defaultConfigurationName = Release;
		};
/* End XCConfigurationList section */
	};
	rootObject = 12B98179285FE5FE00E2B254 /* Project object */;
}
