// !$*UTF8*$!
{
	archiveVersion = 1;
	classes = {
	};
	objectVersion = 55;
	objects = {

/* Begin PBXBuildFile section */
		122905FE27C26A8C0096F54E /* HTTPClient.swift in Sources */ = {isa = PBXBuildFile; fileRef = 122905FD27C26A8C0096F54E /* HTTPClient.swift */; };
		1229060427C298CA0096F54E /* FeedItemsMapper.swift in Sources */ = {isa = PBXBuildFile; fileRef = 1229060327C298CA0096F54E /* FeedItemsMapper.swift */; };
		1229060727C2AE2D0096F54E /* URLSessionHTTPClientTests.swift in Sources */ = {isa = PBXBuildFile; fileRef = 1229060627C2AE2D0096F54E /* URLSessionHTTPClientTests.swift */; };
		12466A0527C10339009D25E3 /* EssentialFeed.docc in Sources */ = {isa = PBXBuildFile; fileRef = 12466A0427C10339009D25E3 /* EssentialFeed.docc */; };
		12466A0B27C10339009D25E3 /* EssentialFeed.framework in Frameworks */ = {isa = PBXBuildFile; fileRef = 12466A0027C10339009D25E3 /* EssentialFeed.framework */; };
		12466A1027C10339009D25E3 /* LoadFeedFromRemoteUseCaseTests.swift in Sources */ = {isa = PBXBuildFile; fileRef = 12466A0F27C10339009D25E3 /* LoadFeedFromRemoteUseCaseTests.swift */; };
		12466A1127C10339009D25E3 /* EssentialFeed.h in Headers */ = {isa = PBXBuildFile; fileRef = 12466A0327C10339009D25E3 /* EssentialFeed.h */; settings = {ATTRIBUTES = (Public, ); }; };
		12466A1B27C1041A009D25E3 /* FeedImage.swift in Sources */ = {isa = PBXBuildFile; fileRef = 12466A1A27C1041A009D25E3 /* FeedImage.swift */; };
		12466A1D27C1045C009D25E3 /* FeedLoader.swift in Sources */ = {isa = PBXBuildFile; fileRef = 12466A1C27C1045C009D25E3 /* FeedLoader.swift */; };
		12466A2027C11C2C009D25E3 /* RemoteFeedLoader.swift in Sources */ = {isa = PBXBuildFile; fileRef = 12466A1F27C11C2C009D25E3 /* RemoteFeedLoader.swift */; };
		1251E11927ECD442006280D5 /* FeedCachePolicy.swift in Sources */ = {isa = PBXBuildFile; fileRef = 1251E11827ECD442006280D5 /* FeedCachePolicy.swift */; };
		125CB15127E781E50056B26F /* ValidateFeedCacheUseCaseTests.swift in Sources */ = {isa = PBXBuildFile; fileRef = 125CB15027E781E50056B26F /* ValidateFeedCacheUseCaseTests.swift */; };
		125CB15327E9C8F70056B26F /* FeedCacheTestHelpers.swift in Sources */ = {isa = PBXBuildFile; fileRef = 125CB15227E9C8F70056B26F /* FeedCacheTestHelpers.swift */; };
		125CB15527E9CA190056B26F /* SharedTestHelpers.swift in Sources */ = {isa = PBXBuildFile; fileRef = 125CB15427E9CA190056B26F /* SharedTestHelpers.swift */; };
		125D9CD427EDB7A000E83337 /* CodableFeedStoreTests.swift in Sources */ = {isa = PBXBuildFile; fileRef = 125D9CD327EDB7A000E83337 /* CodableFeedStoreTests.swift */; };
		125E00EB27CB7E00009270E9 /* URLSessionHTTPClient.swift in Sources */ = {isa = PBXBuildFile; fileRef = 125E00EA27CB7E00009270E9 /* URLSessionHTTPClient.swift */; };
		126327B227DF58C10047B02E /* CacheFeedUseCaseTests.swift in Sources */ = {isa = PBXBuildFile; fileRef = 126327B127DF58C10047B02E /* CacheFeedUseCaseTests.swift */; };
		126327B527DF88670047B02E /* LocalFeedLoader.swift in Sources */ = {isa = PBXBuildFile; fileRef = 126327B427DF88670047B02E /* LocalFeedLoader.swift */; };
		126327B727DF89160047B02E /* FeedStore.swift in Sources */ = {isa = PBXBuildFile; fileRef = 126327B627DF89160047B02E /* FeedStore.swift */; };
		126327B927DF957F0047B02E /* RemoteFeedItem.swift in Sources */ = {isa = PBXBuildFile; fileRef = 126327B827DF957F0047B02E /* RemoteFeedItem.swift */; };
		126327BB27DF95BD0047B02E /* LocalFeedImage.swift in Sources */ = {isa = PBXBuildFile; fileRef = 126327BA27DF95BD0047B02E /* LocalFeedImage.swift */; };
		127DB1D927CB813C006B9997 /* EssentialFeedAPIEndToEndTests.swift in Sources */ = {isa = PBXBuildFile; fileRef = 127DB1D827CB813C006B9997 /* EssentialFeedAPIEndToEndTests.swift */; };
		127DB1DA27CB813C006B9997 /* EssentialFeed.framework in Frameworks */ = {isa = PBXBuildFile; fileRef = 12466A0027C10339009D25E3 /* EssentialFeed.framework */; };
		127DB1E027CB87C3006B9997 /* XCTestCase+MemoryLeakTrackingHelper.swift in Sources */ = {isa = PBXBuildFile; fileRef = 1286D2D827C770320019437A /* XCTestCase+MemoryLeakTrackingHelper.swift */; };
		1286D2D927C770320019437A /* XCTestCase+MemoryLeakTrackingHelper.swift in Sources */ = {isa = PBXBuildFile; fileRef = 1286D2D827C770320019437A /* XCTestCase+MemoryLeakTrackingHelper.swift */; };
		12B002F227EF6B0B00097392 /* CodableFeedStore.swift in Sources */ = {isa = PBXBuildFile; fileRef = 12B002F127EF6B0B00097392 /* CodableFeedStore.swift */; };
		12B002F427F0BDA000097392 /* FeedStoreSpecs.swift in Sources */ = {isa = PBXBuildFile; fileRef = 12B002F327F0BDA000097392 /* FeedStoreSpecs.swift */; };
		12B002F627F0BFE300097392 /* XCTestCase+FeedStoreSpecs.swift in Sources */ = {isa = PBXBuildFile; fileRef = 12B002F527F0BFE300097392 /* XCTestCase+FeedStoreSpecs.swift */; };
		12B002FC27F0CE4700097392 /* XCTestCase+FailableRetrieveFeedStoreSpecs.swift in Sources */ = {isa = PBXBuildFile; fileRef = 12B002FB27F0CE4700097392 /* XCTestCase+FailableRetrieveFeedStoreSpecs.swift */; };
		12B002FE27F0D04B00097392 /* XCTestCase+FailableInsertFeedStoreSpecs.swift in Sources */ = {isa = PBXBuildFile; fileRef = 12B002FD27F0D04B00097392 /* XCTestCase+FailableInsertFeedStoreSpecs.swift */; };
		12B0030027F0D21100097392 /* XCTestCase+FailableDeleteFeedStoreSpecs.swift in Sources */ = {isa = PBXBuildFile; fileRef = 12B002FF27F0D21100097392 /* XCTestCase+FailableDeleteFeedStoreSpecs.swift */; };
		12B0030327F0D46300097392 /* CoreDataFeedStoreTests.swift in Sources */ = {isa = PBXBuildFile; fileRef = 12B0030227F0D46300097392 /* CoreDataFeedStoreTests.swift */; };
		12B0030527F0DE5300097392 /* CoreDataFeedStore.swift in Sources */ = {isa = PBXBuildFile; fileRef = 12B0030427F0DE5300097392 /* CoreDataFeedStore.swift */; };
		12BEA8BF280DD1A5002BE876 /* CoreDataHelpers.swift in Sources */ = {isa = PBXBuildFile; fileRef = 12BEA8BE280DD1A5002BE876 /* CoreDataHelpers.swift */; };
		12D222BB27FC68970006987C /* FeedStore.xcdatamodeld in Sources */ = {isa = PBXBuildFile; fileRef = 12D222B927FC68970006987C /* FeedStore.xcdatamodeld */; };
		12FB7E5A27DFA8E20054F142 /* LoadFeedFromCacheUseCaseTests.swift in Sources */ = {isa = PBXBuildFile; fileRef = 12FB7E5927DFA8E20054F142 /* LoadFeedFromCacheUseCaseTests.swift */; };
		12FB7E5D27DFAA340054F142 /* FeedStoreSpy.swift in Sources */ = {isa = PBXBuildFile; fileRef = 12FB7E5C27DFAA340054F142 /* FeedStoreSpy.swift */; };
/* End PBXBuildFile section */

/* Begin PBXContainerItemProxy section */
		12466A0C27C10339009D25E3 /* PBXContainerItemProxy */ = {
			isa = PBXContainerItemProxy;
			containerPortal = 124669F727C10339009D25E3 /* Project object */;
			proxyType = 1;
			remoteGlobalIDString = 124669FF27C10339009D25E3;
			remoteInfo = EssentialFeed;
		};
		127DB1DB27CB813C006B9997 /* PBXContainerItemProxy */ = {
			isa = PBXContainerItemProxy;
			containerPortal = 124669F727C10339009D25E3 /* Project object */;
			proxyType = 1;
			remoteGlobalIDString = 124669FF27C10339009D25E3;
			remoteInfo = EssentialFeed;
		};
/* End PBXContainerItemProxy section */

/* Begin PBXFileReference section */
		122905FD27C26A8C0096F54E /* HTTPClient.swift */ = {isa = PBXFileReference; lastKnownFileType = sourcecode.swift; path = HTTPClient.swift; sourceTree = "<group>"; };
		1229060327C298CA0096F54E /* FeedItemsMapper.swift */ = {isa = PBXFileReference; lastKnownFileType = sourcecode.swift; path = FeedItemsMapper.swift; sourceTree = "<group>"; };
		1229060627C2AE2D0096F54E /* URLSessionHTTPClientTests.swift */ = {isa = PBXFileReference; lastKnownFileType = sourcecode.swift; path = URLSessionHTTPClientTests.swift; sourceTree = "<group>"; };
		12466A0027C10339009D25E3 /* EssentialFeed.framework */ = {isa = PBXFileReference; explicitFileType = wrapper.framework; includeInIndex = 0; path = EssentialFeed.framework; sourceTree = BUILT_PRODUCTS_DIR; };
		12466A0327C10339009D25E3 /* EssentialFeed.h */ = {isa = PBXFileReference; lastKnownFileType = sourcecode.c.h; path = EssentialFeed.h; sourceTree = "<group>"; };
		12466A0427C10339009D25E3 /* EssentialFeed.docc */ = {isa = PBXFileReference; lastKnownFileType = folder.documentationcatalog; path = EssentialFeed.docc; sourceTree = "<group>"; };
		12466A0A27C10339009D25E3 /* EssentialFeedTests.xctest */ = {isa = PBXFileReference; explicitFileType = wrapper.cfbundle; includeInIndex = 0; path = EssentialFeedTests.xctest; sourceTree = BUILT_PRODUCTS_DIR; };
		12466A0F27C10339009D25E3 /* LoadFeedFromRemoteUseCaseTests.swift */ = {isa = PBXFileReference; lastKnownFileType = sourcecode.swift; path = LoadFeedFromRemoteUseCaseTests.swift; sourceTree = "<group>"; };
		12466A1A27C1041A009D25E3 /* FeedImage.swift */ = {isa = PBXFileReference; lastKnownFileType = sourcecode.swift; path = FeedImage.swift; sourceTree = "<group>"; };
		12466A1C27C1045C009D25E3 /* FeedLoader.swift */ = {isa = PBXFileReference; lastKnownFileType = sourcecode.swift; path = FeedLoader.swift; sourceTree = "<group>"; };
		12466A1F27C11C2C009D25E3 /* RemoteFeedLoader.swift */ = {isa = PBXFileReference; lastKnownFileType = sourcecode.swift; path = RemoteFeedLoader.swift; sourceTree = "<group>"; };
		1251E11827ECD442006280D5 /* FeedCachePolicy.swift */ = {isa = PBXFileReference; lastKnownFileType = sourcecode.swift; path = FeedCachePolicy.swift; sourceTree = "<group>"; };
		125CB15027E781E50056B26F /* ValidateFeedCacheUseCaseTests.swift */ = {isa = PBXFileReference; lastKnownFileType = sourcecode.swift; path = ValidateFeedCacheUseCaseTests.swift; sourceTree = "<group>"; };
		125CB15227E9C8F70056B26F /* FeedCacheTestHelpers.swift */ = {isa = PBXFileReference; lastKnownFileType = sourcecode.swift; path = FeedCacheTestHelpers.swift; sourceTree = "<group>"; };
		125CB15427E9CA190056B26F /* SharedTestHelpers.swift */ = {isa = PBXFileReference; lastKnownFileType = sourcecode.swift; path = SharedTestHelpers.swift; sourceTree = "<group>"; };
		125D9CD327EDB7A000E83337 /* CodableFeedStoreTests.swift */ = {isa = PBXFileReference; lastKnownFileType = sourcecode.swift; path = CodableFeedStoreTests.swift; sourceTree = "<group>"; };
		125E00EA27CB7E00009270E9 /* URLSessionHTTPClient.swift */ = {isa = PBXFileReference; lastKnownFileType = sourcecode.swift; path = URLSessionHTTPClient.swift; sourceTree = "<group>"; };
		126327B127DF58C10047B02E /* CacheFeedUseCaseTests.swift */ = {isa = PBXFileReference; lastKnownFileType = sourcecode.swift; path = CacheFeedUseCaseTests.swift; sourceTree = "<group>"; };
		126327B427DF88670047B02E /* LocalFeedLoader.swift */ = {isa = PBXFileReference; lastKnownFileType = sourcecode.swift; path = LocalFeedLoader.swift; sourceTree = "<group>"; };
		126327B627DF89160047B02E /* FeedStore.swift */ = {isa = PBXFileReference; lastKnownFileType = sourcecode.swift; path = FeedStore.swift; sourceTree = "<group>"; };
		126327B827DF957F0047B02E /* RemoteFeedItem.swift */ = {isa = PBXFileReference; lastKnownFileType = sourcecode.swift; path = RemoteFeedItem.swift; sourceTree = "<group>"; };
		126327BA27DF95BD0047B02E /* LocalFeedImage.swift */ = {isa = PBXFileReference; lastKnownFileType = sourcecode.swift; path = LocalFeedImage.swift; sourceTree = "<group>"; };
		127DB1D627CB813C006B9997 /* EssentialFeedAPIEndToEndTests.xctest */ = {isa = PBXFileReference; explicitFileType = wrapper.cfbundle; includeInIndex = 0; path = EssentialFeedAPIEndToEndTests.xctest; sourceTree = BUILT_PRODUCTS_DIR; };
		127DB1D827CB813C006B9997 /* EssentialFeedAPIEndToEndTests.swift */ = {isa = PBXFileReference; lastKnownFileType = sourcecode.swift; path = EssentialFeedAPIEndToEndTests.swift; sourceTree = "<group>"; };
		1286D2D827C770320019437A /* XCTestCase+MemoryLeakTrackingHelper.swift */ = {isa = PBXFileReference; lastKnownFileType = sourcecode.swift; path = "XCTestCase+MemoryLeakTrackingHelper.swift"; sourceTree = "<group>"; };
		12B002F127EF6B0B00097392 /* CodableFeedStore.swift */ = {isa = PBXFileReference; lastKnownFileType = sourcecode.swift; path = CodableFeedStore.swift; sourceTree = "<group>"; };
		12B002F327F0BDA000097392 /* FeedStoreSpecs.swift */ = {isa = PBXFileReference; lastKnownFileType = sourcecode.swift; path = FeedStoreSpecs.swift; sourceTree = "<group>"; };
		12B002F527F0BFE300097392 /* XCTestCase+FeedStoreSpecs.swift */ = {isa = PBXFileReference; lastKnownFileType = sourcecode.swift; path = "XCTestCase+FeedStoreSpecs.swift"; sourceTree = "<group>"; };
		12B002FB27F0CE4700097392 /* XCTestCase+FailableRetrieveFeedStoreSpecs.swift */ = {isa = PBXFileReference; lastKnownFileType = sourcecode.swift; path = "XCTestCase+FailableRetrieveFeedStoreSpecs.swift"; sourceTree = "<group>"; };
		12B002FD27F0D04B00097392 /* XCTestCase+FailableInsertFeedStoreSpecs.swift */ = {isa = PBXFileReference; lastKnownFileType = sourcecode.swift; path = "XCTestCase+FailableInsertFeedStoreSpecs.swift"; sourceTree = "<group>"; };
		12B002FF27F0D21100097392 /* XCTestCase+FailableDeleteFeedStoreSpecs.swift */ = {isa = PBXFileReference; lastKnownFileType = sourcecode.swift; path = "XCTestCase+FailableDeleteFeedStoreSpecs.swift"; sourceTree = "<group>"; };
		12B0030227F0D46300097392 /* CoreDataFeedStoreTests.swift */ = {isa = PBXFileReference; lastKnownFileType = sourcecode.swift; path = CoreDataFeedStoreTests.swift; sourceTree = "<group>"; };
		12B0030427F0DE5300097392 /* CoreDataFeedStore.swift */ = {isa = PBXFileReference; lastKnownFileType = sourcecode.swift; path = CoreDataFeedStore.swift; sourceTree = "<group>"; };
		12BEA8BE280DD1A5002BE876 /* CoreDataHelpers.swift */ = {isa = PBXFileReference; lastKnownFileType = sourcecode.swift; path = CoreDataHelpers.swift; sourceTree = "<group>"; };
		12D222BA27FC68970006987C /* FeedStore.xcdatamodel */ = {isa = PBXFileReference; lastKnownFileType = wrapper.xcdatamodel; path = FeedStore.xcdatamodel; sourceTree = "<group>"; };
		12FB7E5927DFA8E20054F142 /* LoadFeedFromCacheUseCaseTests.swift */ = {isa = PBXFileReference; lastKnownFileType = sourcecode.swift; path = LoadFeedFromCacheUseCaseTests.swift; sourceTree = "<group>"; };
		12FB7E5C27DFAA340054F142 /* FeedStoreSpy.swift */ = {isa = PBXFileReference; lastKnownFileType = sourcecode.swift; path = FeedStoreSpy.swift; sourceTree = "<group>"; };
/* End PBXFileReference section */

/* Begin PBXFrameworksBuildPhase section */
		124669FD27C10339009D25E3 /* Frameworks */ = {
			isa = PBXFrameworksBuildPhase;
			buildActionMask = 2147483647;
			files = (
			);
			runOnlyForDeploymentPostprocessing = 0;
		};
		12466A0727C10339009D25E3 /* Frameworks */ = {
			isa = PBXFrameworksBuildPhase;
			buildActionMask = 2147483647;
			files = (
				12466A0B27C10339009D25E3 /* EssentialFeed.framework in Frameworks */,
			);
			runOnlyForDeploymentPostprocessing = 0;
		};
		127DB1D327CB813C006B9997 /* Frameworks */ = {
			isa = PBXFrameworksBuildPhase;
			buildActionMask = 2147483647;
			files = (
				127DB1DA27CB813C006B9997 /* EssentialFeed.framework in Frameworks */,
			);
			runOnlyForDeploymentPostprocessing = 0;
		};
/* End PBXFrameworksBuildPhase section */

/* Begin PBXGroup section */
		1229060527C29DB80096F54E /* FeedAPI */ = {
			isa = PBXGroup;
			children = (
				12466A0F27C10339009D25E3 /* LoadFeedFromRemoteUseCaseTests.swift */,
				1229060627C2AE2D0096F54E /* URLSessionHTTPClientTests.swift */,
			);
			path = FeedAPI;
			sourceTree = "<group>";
		};
		124669F627C10339009D25E3 = {
			isa = PBXGroup;
			children = (
				12466A0227C10339009D25E3 /* EssentialFeed */,
				12466A0E27C10339009D25E3 /* EssentialFeedTests */,
				127DB1D727CB813C006B9997 /* EssentialFeedAPIEndToEndTests */,
				12466A0127C10339009D25E3 /* Products */,
			);
			sourceTree = "<group>";
		};
		12466A0127C10339009D25E3 /* Products */ = {
			isa = PBXGroup;
			children = (
				12466A0027C10339009D25E3 /* EssentialFeed.framework */,
				12466A0A27C10339009D25E3 /* EssentialFeedTests.xctest */,
				127DB1D627CB813C006B9997 /* EssentialFeedAPIEndToEndTests.xctest */,
			);
			name = Products;
			sourceTree = "<group>";
		};
		12466A0227C10339009D25E3 /* EssentialFeed */ = {
			isa = PBXGroup;
			children = (
				126327B327DF88370047B02E /* FeedCache */,
				12466A0327C10339009D25E3 /* EssentialFeed.h */,
				12466A0427C10339009D25E3 /* EssentialFeed.docc */,
				12466A1E27C104F4009D25E3 /* FeedFeature */,
				12466A2127C11C46009D25E3 /* FeedAPI */,
			);
			path = EssentialFeed;
			sourceTree = "<group>";
		};
		12466A0E27C10339009D25E3 /* EssentialFeedTests */ = {
			isa = PBXGroup;
			children = (
				126327B027DF589C0047B02E /* FeedCache */,
				1286D2D727C7700B0019437A /* Helpers */,
				1229060527C29DB80096F54E /* FeedAPI */,
			);
			path = EssentialFeedTests;
			sourceTree = "<group>";
		};
		12466A1E27C104F4009D25E3 /* FeedFeature */ = {
			isa = PBXGroup;
			children = (
				12466A1A27C1041A009D25E3 /* FeedImage.swift */,
				12466A1C27C1045C009D25E3 /* FeedLoader.swift */,
			);
			path = FeedFeature;
			sourceTree = "<group>";
		};
		12466A2127C11C46009D25E3 /* FeedAPI */ = {
			isa = PBXGroup;
			children = (
				12466A1F27C11C2C009D25E3 /* RemoteFeedLoader.swift */,
				122905FD27C26A8C0096F54E /* HTTPClient.swift */,
				1229060327C298CA0096F54E /* FeedItemsMapper.swift */,
				125E00EA27CB7E00009270E9 /* URLSessionHTTPClient.swift */,
				126327B827DF957F0047B02E /* RemoteFeedItem.swift */,
			);
			path = FeedAPI;
			sourceTree = "<group>";
		};
		126327B027DF589C0047B02E /* FeedCache */ = {
			isa = PBXGroup;
			children = (
				12FB7E5B27DFAA1D0054F142 /* Helpers */,
				126327B127DF58C10047B02E /* CacheFeedUseCaseTests.swift */,
				12FB7E5927DFA8E20054F142 /* LoadFeedFromCacheUseCaseTests.swift */,
				125CB15027E781E50056B26F /* ValidateFeedCacheUseCaseTests.swift */,
				125D9CD327EDB7A000E83337 /* CodableFeedStoreTests.swift */,
				12B0030227F0D46300097392 /* CoreDataFeedStoreTests.swift */,
				12B0030127F0D39800097392 /* FeedStoreSpecs */,
			);
			path = FeedCache;
			sourceTree = "<group>";
		};
		126327B327DF88370047B02E /* FeedCache */ = {
			isa = PBXGroup;
			children = (
				12BEA8BC280DD112002BE876 /* Infrastructure */,
				126327B427DF88670047B02E /* LocalFeedLoader.swift */,
				126327B627DF89160047B02E /* FeedStore.swift */,
				126327BA27DF95BD0047B02E /* LocalFeedImage.swift */,
				1251E11827ECD442006280D5 /* FeedCachePolicy.swift */,
				12B002F127EF6B0B00097392 /* CodableFeedStore.swift */,
			);
			path = FeedCache;
			sourceTree = "<group>";
		};
		127DB1D727CB813C006B9997 /* EssentialFeedAPIEndToEndTests */ = {
			isa = PBXGroup;
			children = (
				127DB1D827CB813C006B9997 /* EssentialFeedAPIEndToEndTests.swift */,
			);
			path = EssentialFeedAPIEndToEndTests;
			sourceTree = "<group>";
		};
		1286D2D727C7700B0019437A /* Helpers */ = {
			isa = PBXGroup;
			children = (
				1286D2D827C770320019437A /* XCTestCase+MemoryLeakTrackingHelper.swift */,
				125CB15427E9CA190056B26F /* SharedTestHelpers.swift */,
			);
			path = Helpers;
			sourceTree = "<group>";
		};
		12B0030127F0D39800097392 /* FeedStoreSpecs */ = {
			isa = PBXGroup;
			children = (
				12B002F327F0BDA000097392 /* FeedStoreSpecs.swift */,
				12B002F527F0BFE300097392 /* XCTestCase+FeedStoreSpecs.swift */,
				12B002FD27F0D04B00097392 /* XCTestCase+FailableInsertFeedStoreSpecs.swift */,
				12B002FF27F0D21100097392 /* XCTestCase+FailableDeleteFeedStoreSpecs.swift */,
				12B002FB27F0CE4700097392 /* XCTestCase+FailableRetrieveFeedStoreSpecs.swift */,
			);
			path = FeedStoreSpecs;
			sourceTree = "<group>";
		};
		12BEA8BC280DD112002BE876 /* Infrastructure */ = {
			isa = PBXGroup;
			children = (
				12BEA8BD280DD11D002BE876 /* CoreData */,
			);
			path = Infrastructure;
			sourceTree = "<group>";
		};
		12BEA8BD280DD11D002BE876 /* CoreData */ = {
			isa = PBXGroup;
			children = (
				12B0030427F0DE5300097392 /* CoreDataFeedStore.swift */,
				12BEA8BE280DD1A5002BE876 /* CoreDataHelpers.swift */,
				12D222B927FC68970006987C /* FeedStore.xcdatamodeld */,
			);
			path = CoreData;
			sourceTree = "<group>";
		};
		12FB7E5B27DFAA1D0054F142 /* Helpers */ = {
			isa = PBXGroup;
			children = (
				12FB7E5C27DFAA340054F142 /* FeedStoreSpy.swift */,
				125CB15227E9C8F70056B26F /* FeedCacheTestHelpers.swift */,
			);
			path = Helpers;
			sourceTree = "<group>";
		};
/* End PBXGroup section */

/* Begin PBXHeadersBuildPhase section */
		124669FB27C10339009D25E3 /* Headers */ = {
			isa = PBXHeadersBuildPhase;
			buildActionMask = 2147483647;
			files = (
				12466A1127C10339009D25E3 /* EssentialFeed.h in Headers */,
			);
			runOnlyForDeploymentPostprocessing = 0;
		};
/* End PBXHeadersBuildPhase section */

/* Begin PBXNativeTarget section */
		124669FF27C10339009D25E3 /* EssentialFeed */ = {
			isa = PBXNativeTarget;
			buildConfigurationList = 12466A1427C10339009D25E3 /* Build configuration list for PBXNativeTarget "EssentialFeed" */;
			buildPhases = (
				124669FB27C10339009D25E3 /* Headers */,
				124669FC27C10339009D25E3 /* Sources */,
				124669FD27C10339009D25E3 /* Frameworks */,
				124669FE27C10339009D25E3 /* Resources */,
			);
			buildRules = (
			);
			dependencies = (
			);
			name = EssentialFeed;
			productName = EssentialFeed;
			productReference = 12466A0027C10339009D25E3 /* EssentialFeed.framework */;
			productType = "com.apple.product-type.framework";
		};
		12466A0927C10339009D25E3 /* EssentialFeedTests */ = {
			isa = PBXNativeTarget;
			buildConfigurationList = 12466A1727C10339009D25E3 /* Build configuration list for PBXNativeTarget "EssentialFeedTests" */;
			buildPhases = (
				12466A0627C10339009D25E3 /* Sources */,
				12466A0727C10339009D25E3 /* Frameworks */,
				12466A0827C10339009D25E3 /* Resources */,
			);
			buildRules = (
			);
			dependencies = (
				12466A0D27C10339009D25E3 /* PBXTargetDependency */,
			);
			name = EssentialFeedTests;
			productName = EssentialFeedTests;
			productReference = 12466A0A27C10339009D25E3 /* EssentialFeedTests.xctest */;
			productType = "com.apple.product-type.bundle.unit-test";
		};
		127DB1D527CB813C006B9997 /* EssentialFeedAPIEndToEndTests */ = {
			isa = PBXNativeTarget;
			buildConfigurationList = 127DB1DF27CB813C006B9997 /* Build configuration list for PBXNativeTarget "EssentialFeedAPIEndToEndTests" */;
			buildPhases = (
				127DB1D227CB813C006B9997 /* Sources */,
				127DB1D327CB813C006B9997 /* Frameworks */,
				127DB1D427CB813C006B9997 /* Resources */,
			);
			buildRules = (
			);
			dependencies = (
				127DB1DC27CB813C006B9997 /* PBXTargetDependency */,
			);
			name = EssentialFeedAPIEndToEndTests;
			productName = EssentialFeedAPIEndToEndTests;
			productReference = 127DB1D627CB813C006B9997 /* EssentialFeedAPIEndToEndTests.xctest */;
			productType = "com.apple.product-type.bundle.unit-test";
		};
/* End PBXNativeTarget section */

/* Begin PBXProject section */
		124669F727C10339009D25E3 /* Project object */ = {
			isa = PBXProject;
			attributes = {
				BuildIndependentTargetsInParallel = 1;
				LastSwiftUpdateCheck = 1320;
				LastUpgradeCheck = 1320;
				TargetAttributes = {
					124669FF27C10339009D25E3 = {
						CreatedOnToolsVersion = 13.2.1;
					};
					12466A0927C10339009D25E3 = {
						CreatedOnToolsVersion = 13.2.1;
					};
					127DB1D527CB813C006B9997 = {
						CreatedOnToolsVersion = 13.2.1;
					};
				};
			};
			buildConfigurationList = 124669FA27C10339009D25E3 /* Build configuration list for PBXProject "EssentialFeed" */;
			compatibilityVersion = "Xcode 13.0";
			developmentRegion = en;
			hasScannedForEncodings = 0;
			knownRegions = (
				en,
				Base,
			);
			mainGroup = 124669F627C10339009D25E3;
			productRefGroup = 12466A0127C10339009D25E3 /* Products */;
			projectDirPath = "";
			projectRoot = "";
			targets = (
				124669FF27C10339009D25E3 /* EssentialFeed */,
				12466A0927C10339009D25E3 /* EssentialFeedTests */,
				127DB1D527CB813C006B9997 /* EssentialFeedAPIEndToEndTests */,
			);
		};
/* End PBXProject section */

/* Begin PBXResourcesBuildPhase section */
		124669FE27C10339009D25E3 /* Resources */ = {
			isa = PBXResourcesBuildPhase;
			buildActionMask = 2147483647;
			files = (
			);
			runOnlyForDeploymentPostprocessing = 0;
		};
		12466A0827C10339009D25E3 /* Resources */ = {
			isa = PBXResourcesBuildPhase;
			buildActionMask = 2147483647;
			files = (
			);
			runOnlyForDeploymentPostprocessing = 0;
		};
		127DB1D427CB813C006B9997 /* Resources */ = {
			isa = PBXResourcesBuildPhase;
			buildActionMask = 2147483647;
			files = (
			);
			runOnlyForDeploymentPostprocessing = 0;
		};
/* End PBXResourcesBuildPhase section */

/* Begin PBXSourcesBuildPhase section */
		124669FC27C10339009D25E3 /* Sources */ = {
			isa = PBXSourcesBuildPhase;
			buildActionMask = 2147483647;
			files = (
				126327BB27DF95BD0047B02E /* LocalFeedImage.swift in Sources */,
				12D222BB27FC68970006987C /* FeedStore.xcdatamodeld in Sources */,
				126327B727DF89160047B02E /* FeedStore.swift in Sources */,
				125E00EB27CB7E00009270E9 /* URLSessionHTTPClient.swift in Sources */,
				12466A2027C11C2C009D25E3 /* RemoteFeedLoader.swift in Sources */,
				122905FE27C26A8C0096F54E /* HTTPClient.swift in Sources */,
				12BEA8BF280DD1A5002BE876 /* CoreDataHelpers.swift in Sources */,
				12466A1D27C1045C009D25E3 /* FeedLoader.swift in Sources */,
				12B0030527F0DE5300097392 /* CoreDataFeedStore.swift in Sources */,
				1229060427C298CA0096F54E /* FeedItemsMapper.swift in Sources */,
				126327B927DF957F0047B02E /* RemoteFeedItem.swift in Sources */,
				12B002F227EF6B0B00097392 /* CodableFeedStore.swift in Sources */,
				1251E11927ECD442006280D5 /* FeedCachePolicy.swift in Sources */,
				12466A1B27C1041A009D25E3 /* FeedImage.swift in Sources */,
				126327B527DF88670047B02E /* LocalFeedLoader.swift in Sources */,
				12466A0527C10339009D25E3 /* EssentialFeed.docc in Sources */,
			);
			runOnlyForDeploymentPostprocessing = 0;
		};
		12466A0627C10339009D25E3 /* Sources */ = {
			isa = PBXSourcesBuildPhase;
			buildActionMask = 2147483647;
			files = (
				125D9CD427EDB7A000E83337 /* CodableFeedStoreTests.swift in Sources */,
				125CB15327E9C8F70056B26F /* FeedCacheTestHelpers.swift in Sources */,
				125CB15127E781E50056B26F /* ValidateFeedCacheUseCaseTests.swift in Sources */,
				12466A1027C10339009D25E3 /* LoadFeedFromRemoteUseCaseTests.swift in Sources */,
				12B002FE27F0D04B00097392 /* XCTestCase+FailableInsertFeedStoreSpecs.swift in Sources */,
				1286D2D927C770320019437A /* XCTestCase+MemoryLeakTrackingHelper.swift in Sources */,
				12FB7E5D27DFAA340054F142 /* FeedStoreSpy.swift in Sources */,
				125CB15527E9CA190056B26F /* SharedTestHelpers.swift in Sources */,
				126327B227DF58C10047B02E /* CacheFeedUseCaseTests.swift in Sources */,
				12B0030027F0D21100097392 /* XCTestCase+FailableDeleteFeedStoreSpecs.swift in Sources */,
				12B002FC27F0CE4700097392 /* XCTestCase+FailableRetrieveFeedStoreSpecs.swift in Sources */,
				12FB7E5A27DFA8E20054F142 /* LoadFeedFromCacheUseCaseTests.swift in Sources */,
				12B002F427F0BDA000097392 /* FeedStoreSpecs.swift in Sources */,
				1229060727C2AE2D0096F54E /* URLSessionHTTPClientTests.swift in Sources */,
				12B0030327F0D46300097392 /* CoreDataFeedStoreTests.swift in Sources */,
				12B002F627F0BFE300097392 /* XCTestCase+FeedStoreSpecs.swift in Sources */,
			);
			runOnlyForDeploymentPostprocessing = 0;
		};
		127DB1D227CB813C006B9997 /* Sources */ = {
			isa = PBXSourcesBuildPhase;
			buildActionMask = 2147483647;
			files = (
				127DB1D927CB813C006B9997 /* EssentialFeedAPIEndToEndTests.swift in Sources */,
				127DB1E027CB87C3006B9997 /* XCTestCase+MemoryLeakTrackingHelper.swift in Sources */,
			);
			runOnlyForDeploymentPostprocessing = 0;
		};
/* End PBXSourcesBuildPhase section */

/* Begin PBXTargetDependency section */
		12466A0D27C10339009D25E3 /* PBXTargetDependency */ = {
			isa = PBXTargetDependency;
			target = 124669FF27C10339009D25E3 /* EssentialFeed */;
			targetProxy = 12466A0C27C10339009D25E3 /* PBXContainerItemProxy */;
		};
		127DB1DC27CB813C006B9997 /* PBXTargetDependency */ = {
			isa = PBXTargetDependency;
			target = 124669FF27C10339009D25E3 /* EssentialFeed */;
			targetProxy = 127DB1DB27CB813C006B9997 /* PBXContainerItemProxy */;
		};
/* End PBXTargetDependency section */

/* Begin XCBuildConfiguration section */
		12466A1227C10339009D25E3 /* Debug */ = {
			isa = XCBuildConfiguration;
			buildSettings = {
				ALWAYS_SEARCH_USER_PATHS = NO;
				CLANG_ANALYZER_NONNULL = YES;
				CLANG_ANALYZER_NUMBER_OBJECT_CONVERSION = YES_AGGRESSIVE;
				CLANG_CXX_LANGUAGE_STANDARD = "gnu++17";
				CLANG_CXX_LIBRARY = "libc++";
				CLANG_ENABLE_MODULES = YES;
				CLANG_ENABLE_OBJC_ARC = YES;
				CLANG_ENABLE_OBJC_WEAK = YES;
				CLANG_WARN_BLOCK_CAPTURE_AUTORELEASING = YES;
				CLANG_WARN_BOOL_CONVERSION = YES;
				CLANG_WARN_COMMA = YES;
				CLANG_WARN_CONSTANT_CONVERSION = YES;
				CLANG_WARN_DEPRECATED_OBJC_IMPLEMENTATIONS = YES;
				CLANG_WARN_DIRECT_OBJC_ISA_USAGE = YES_ERROR;
				CLANG_WARN_DOCUMENTATION_COMMENTS = YES;
				CLANG_WARN_EMPTY_BODY = YES;
				CLANG_WARN_ENUM_CONVERSION = YES;
				CLANG_WARN_INFINITE_RECURSION = YES;
				CLANG_WARN_INT_CONVERSION = YES;
				CLANG_WARN_NON_LITERAL_NULL_CONVERSION = YES;
				CLANG_WARN_OBJC_IMPLICIT_RETAIN_SELF = YES;
				CLANG_WARN_OBJC_LITERAL_CONVERSION = YES;
				CLANG_WARN_OBJC_ROOT_CLASS = YES_ERROR;
				CLANG_WARN_QUOTED_INCLUDE_IN_FRAMEWORK_HEADER = YES;
				CLANG_WARN_RANGE_LOOP_ANALYSIS = YES;
				CLANG_WARN_STRICT_PROTOTYPES = YES;
				CLANG_WARN_SUSPICIOUS_MOVE = YES;
				CLANG_WARN_UNGUARDED_AVAILABILITY = YES_AGGRESSIVE;
				CLANG_WARN_UNREACHABLE_CODE = YES;
				CLANG_WARN__DUPLICATE_METHOD_MATCH = YES;
				COPY_PHASE_STRIP = NO;
				CURRENT_PROJECT_VERSION = 1;
				DEBUG_INFORMATION_FORMAT = dwarf;
				ENABLE_STRICT_OBJC_MSGSEND = YES;
				ENABLE_TESTABILITY = YES;
				GCC_C_LANGUAGE_STANDARD = gnu11;
				GCC_DYNAMIC_NO_PIC = NO;
				GCC_NO_COMMON_BLOCKS = YES;
				GCC_OPTIMIZATION_LEVEL = 0;
				GCC_PREPROCESSOR_DEFINITIONS = (
					"DEBUG=1",
					"$(inherited)",
				);
				GCC_WARN_64_TO_32_BIT_CONVERSION = YES;
				GCC_WARN_ABOUT_RETURN_TYPE = YES_ERROR;
				GCC_WARN_UNDECLARED_SELECTOR = YES;
				GCC_WARN_UNINITIALIZED_AUTOS = YES_AGGRESSIVE;
				GCC_WARN_UNUSED_FUNCTION = YES;
				GCC_WARN_UNUSED_VARIABLE = YES;
				MACOSX_DEPLOYMENT_TARGET = 11.5;
				MTL_ENABLE_DEBUG_INFO = INCLUDE_SOURCE;
				MTL_FAST_MATH = YES;
				ONLY_ACTIVE_ARCH = YES;
				SDKROOT = macosx;
				SWIFT_ACTIVE_COMPILATION_CONDITIONS = DEBUG;
				SWIFT_OPTIMIZATION_LEVEL = "-Onone";
				VERSIONING_SYSTEM = "apple-generic";
				VERSION_INFO_PREFIX = "";
			};
			name = Debug;
		};
		12466A1327C10339009D25E3 /* Release */ = {
			isa = XCBuildConfiguration;
			buildSettings = {
				ALWAYS_SEARCH_USER_PATHS = NO;
				CLANG_ANALYZER_NONNULL = YES;
				CLANG_ANALYZER_NUMBER_OBJECT_CONVERSION = YES_AGGRESSIVE;
				CLANG_CXX_LANGUAGE_STANDARD = "gnu++17";
				CLANG_CXX_LIBRARY = "libc++";
				CLANG_ENABLE_MODULES = YES;
				CLANG_ENABLE_OBJC_ARC = YES;
				CLANG_ENABLE_OBJC_WEAK = YES;
				CLANG_WARN_BLOCK_CAPTURE_AUTORELEASING = YES;
				CLANG_WARN_BOOL_CONVERSION = YES;
				CLANG_WARN_COMMA = YES;
				CLANG_WARN_CONSTANT_CONVERSION = YES;
				CLANG_WARN_DEPRECATED_OBJC_IMPLEMENTATIONS = YES;
				CLANG_WARN_DIRECT_OBJC_ISA_USAGE = YES_ERROR;
				CLANG_WARN_DOCUMENTATION_COMMENTS = YES;
				CLANG_WARN_EMPTY_BODY = YES;
				CLANG_WARN_ENUM_CONVERSION = YES;
				CLANG_WARN_INFINITE_RECURSION = YES;
				CLANG_WARN_INT_CONVERSION = YES;
				CLANG_WARN_NON_LITERAL_NULL_CONVERSION = YES;
				CLANG_WARN_OBJC_IMPLICIT_RETAIN_SELF = YES;
				CLANG_WARN_OBJC_LITERAL_CONVERSION = YES;
				CLANG_WARN_OBJC_ROOT_CLASS = YES_ERROR;
				CLANG_WARN_QUOTED_INCLUDE_IN_FRAMEWORK_HEADER = YES;
				CLANG_WARN_RANGE_LOOP_ANALYSIS = YES;
				CLANG_WARN_STRICT_PROTOTYPES = YES;
				CLANG_WARN_SUSPICIOUS_MOVE = YES;
				CLANG_WARN_UNGUARDED_AVAILABILITY = YES_AGGRESSIVE;
				CLANG_WARN_UNREACHABLE_CODE = YES;
				CLANG_WARN__DUPLICATE_METHOD_MATCH = YES;
				COPY_PHASE_STRIP = NO;
				CURRENT_PROJECT_VERSION = 1;
				DEBUG_INFORMATION_FORMAT = "dwarf-with-dsym";
				ENABLE_NS_ASSERTIONS = NO;
				ENABLE_STRICT_OBJC_MSGSEND = YES;
				GCC_C_LANGUAGE_STANDARD = gnu11;
				GCC_NO_COMMON_BLOCKS = YES;
				GCC_WARN_64_TO_32_BIT_CONVERSION = YES;
				GCC_WARN_ABOUT_RETURN_TYPE = YES_ERROR;
				GCC_WARN_UNDECLARED_SELECTOR = YES;
				GCC_WARN_UNINITIALIZED_AUTOS = YES_AGGRESSIVE;
				GCC_WARN_UNUSED_FUNCTION = YES;
				GCC_WARN_UNUSED_VARIABLE = YES;
				MACOSX_DEPLOYMENT_TARGET = 11.5;
				MTL_ENABLE_DEBUG_INFO = NO;
				MTL_FAST_MATH = YES;
				SDKROOT = macosx;
				SWIFT_COMPILATION_MODE = wholemodule;
				SWIFT_OPTIMIZATION_LEVEL = "-O";
				VERSIONING_SYSTEM = "apple-generic";
				VERSION_INFO_PREFIX = "";
			};
			name = Release;
		};
		12466A1527C10339009D25E3 /* Debug */ = {
			isa = XCBuildConfiguration;
			buildSettings = {
				CODE_SIGN_STYLE = Automatic;
				COMBINE_HIDPI_IMAGES = YES;
				CURRENT_PROJECT_VERSION = 1;
				DEFINES_MODULE = YES;
				DEVELOPMENT_TEAM = X6M775UK8W;
				DYLIB_COMPATIBILITY_VERSION = 1;
				DYLIB_CURRENT_VERSION = 1;
				DYLIB_INSTALL_NAME_BASE = "@rpath";
				GENERATE_INFOPLIST_FILE = YES;
				INFOPLIST_KEY_NSHumanReadableCopyright = "";
				INSTALL_PATH = "$(LOCAL_LIBRARY_DIR)/Frameworks";
				LD_RUNPATH_SEARCH_PATHS = (
					"$(inherited)",
					"@executable_path/../Frameworks",
					"@loader_path/Frameworks",
				);
				MACOSX_DEPLOYMENT_TARGET = 11.5;
				MARKETING_VERSION = 1.0;
				PRODUCT_BUNDLE_IDENTIFIER = com.dsmith42.EssentialFeed;
				PRODUCT_NAME = "$(TARGET_NAME:c99extidentifier)";
				SKIP_INSTALL = YES;
				SWIFT_EMIT_LOC_STRINGS = YES;
				SWIFT_VERSION = 5.0;
			};
			name = Debug;
		};
		12466A1627C10339009D25E3 /* Release */ = {
			isa = XCBuildConfiguration;
			buildSettings = {
				CODE_SIGN_STYLE = Automatic;
				COMBINE_HIDPI_IMAGES = YES;
				CURRENT_PROJECT_VERSION = 1;
				DEFINES_MODULE = YES;
				DEVELOPMENT_TEAM = X6M775UK8W;
				DYLIB_COMPATIBILITY_VERSION = 1;
				DYLIB_CURRENT_VERSION = 1;
				DYLIB_INSTALL_NAME_BASE = "@rpath";
				GENERATE_INFOPLIST_FILE = YES;
				INFOPLIST_KEY_NSHumanReadableCopyright = "";
				INSTALL_PATH = "$(LOCAL_LIBRARY_DIR)/Frameworks";
				LD_RUNPATH_SEARCH_PATHS = (
					"$(inherited)",
					"@executable_path/../Frameworks",
					"@loader_path/Frameworks",
				);
				MACOSX_DEPLOYMENT_TARGET = 11.5;
				MARKETING_VERSION = 1.0;
				PRODUCT_BUNDLE_IDENTIFIER = com.dsmith42.EssentialFeed;
				PRODUCT_NAME = "$(TARGET_NAME:c99extidentifier)";
				SKIP_INSTALL = YES;
				SWIFT_EMIT_LOC_STRINGS = YES;
				SWIFT_VERSION = 5.0;
			};
			name = Release;
		};
		12466A1827C10339009D25E3 /* Debug */ = {
			isa = XCBuildConfiguration;
			buildSettings = {
				ALWAYS_EMBED_SWIFT_STANDARD_LIBRARIES = YES;
				CODE_SIGN_STYLE = Automatic;
				CURRENT_PROJECT_VERSION = 1;
				DEVELOPMENT_TEAM = X6M775UK8W;
				GENERATE_INFOPLIST_FILE = YES;
				MARKETING_VERSION = 1.0;
				PRODUCT_BUNDLE_IDENTIFIER = com.dsmith42.EssentialFeedTests;
				PRODUCT_NAME = "$(TARGET_NAME)";
				SWIFT_EMIT_LOC_STRINGS = NO;
				SWIFT_VERSION = 5.0;
			};
			name = Debug;
		};
		12466A1927C10339009D25E3 /* Release */ = {
			isa = XCBuildConfiguration;
			buildSettings = {
				ALWAYS_EMBED_SWIFT_STANDARD_LIBRARIES = YES;
				CODE_SIGN_STYLE = Automatic;
				CURRENT_PROJECT_VERSION = 1;
				DEVELOPMENT_TEAM = X6M775UK8W;
				GENERATE_INFOPLIST_FILE = YES;
				MARKETING_VERSION = 1.0;
				PRODUCT_BUNDLE_IDENTIFIER = com.dsmith42.EssentialFeedTests;
				PRODUCT_NAME = "$(TARGET_NAME)";
				SWIFT_EMIT_LOC_STRINGS = NO;
				SWIFT_VERSION = 5.0;
			};
			name = Release;
		};
		127DB1DD27CB813C006B9997 /* Debug */ = {
			isa = XCBuildConfiguration;
			buildSettings = {
				CODE_SIGN_STYLE = Automatic;
				CURRENT_PROJECT_VERSION = 1;
				DEVELOPMENT_TEAM = X6M775UK8W;
				GENERATE_INFOPLIST_FILE = YES;
				MACOSX_DEPLOYMENT_TARGET = 12.1;
				MARKETING_VERSION = 1.0;
				PRODUCT_BUNDLE_IDENTIFIER = com.dsmith42.EssentialFeedAPIEndToEndTests;
				PRODUCT_NAME = "$(TARGET_NAME)";
				SWIFT_EMIT_LOC_STRINGS = NO;
				SWIFT_VERSION = 5.0;
			};
			name = Debug;
		};
		127DB1DE27CB813C006B9997 /* Release */ = {
			isa = XCBuildConfiguration;
			buildSettings = {
				CODE_SIGN_STYLE = Automatic;
				CURRENT_PROJECT_VERSION = 1;
				DEVELOPMENT_TEAM = X6M775UK8W;
				GENERATE_INFOPLIST_FILE = YES;
				MACOSX_DEPLOYMENT_TARGET = 12.1;
				MARKETING_VERSION = 1.0;
				PRODUCT_BUNDLE_IDENTIFIER = com.dsmith42.EssentialFeedAPIEndToEndTests;
				PRODUCT_NAME = "$(TARGET_NAME)";
				SWIFT_EMIT_LOC_STRINGS = NO;
				SWIFT_VERSION = 5.0;
			};
			name = Release;
		};
/* End XCBuildConfiguration section */

/* Begin XCConfigurationList section */
		124669FA27C10339009D25E3 /* Build configuration list for PBXProject "EssentialFeed" */ = {
			isa = XCConfigurationList;
			buildConfigurations = (
				12466A1227C10339009D25E3 /* Debug */,
				12466A1327C10339009D25E3 /* Release */,
			);
			defaultConfigurationIsVisible = 0;
			defaultConfigurationName = Release;
		};
		12466A1427C10339009D25E3 /* Build configuration list for PBXNativeTarget "EssentialFeed" */ = {
			isa = XCConfigurationList;
			buildConfigurations = (
				12466A1527C10339009D25E3 /* Debug */,
				12466A1627C10339009D25E3 /* Release */,
			);
			defaultConfigurationIsVisible = 0;
			defaultConfigurationName = Release;
		};
		12466A1727C10339009D25E3 /* Build configuration list for PBXNativeTarget "EssentialFeedTests" */ = {
			isa = XCConfigurationList;
			buildConfigurations = (
				12466A1827C10339009D25E3 /* Debug */,
				12466A1927C10339009D25E3 /* Release */,
			);
			defaultConfigurationIsVisible = 0;
			defaultConfigurationName = Release;
		};
		127DB1DF27CB813C006B9997 /* Build configuration list for PBXNativeTarget "EssentialFeedAPIEndToEndTests" */ = {
			isa = XCConfigurationList;
			buildConfigurations = (
				127DB1DD27CB813C006B9997 /* Debug */,
				127DB1DE27CB813C006B9997 /* Release */,
			);
			defaultConfigurationIsVisible = 0;
			defaultConfigurationName = Release;
		};
/* End XCConfigurationList section */

/* Begin XCVersionGroup section */
		12D222B927FC68970006987C /* FeedStore.xcdatamodeld */ = {
			isa = XCVersionGroup;
			children = (
				12D222BA27FC68970006987C /* FeedStore.xcdatamodel */,
			);
			currentVersion = 12D222BA27FC68970006987C /* FeedStore.xcdatamodel */;
			path = FeedStore.xcdatamodeld;
			sourceTree = "<group>";
			versionGroupType = wrapper.xcdatamodel;
		};
/* End XCVersionGroup section */
	};
	rootObject = 124669F727C10339009D25E3 /* Project object */;
}
