// !$*UTF8*$!
{
	archiveVersion = 1;
	classes = {
	};
	objectVersion = 54;
	objects = {

/* Begin PBXBuildFile section */
		1213CD0E284BC10900A7C8B6 /* FeedImagePresenterTests.swift in Sources */ = {isa = PBXBuildFile; fileRef = 1213CD0D284BC10800A7C8B6 /* FeedImagePresenterTests.swift */; };
		1213CD10284BF2E300A7C8B6 /* FeedImagePresenter.swift in Sources */ = {isa = PBXBuildFile; fileRef = 1213CD0F284BF2E300A7C8B6 /* FeedImagePresenter.swift */; };
		1213CD12284BF5C500A7C8B6 /* FeedImageViewModel.swift in Sources */ = {isa = PBXBuildFile; fileRef = 1213CD11284BF5C500A7C8B6 /* FeedImageViewModel.swift */; };
		1213CD13284CA6B900A7C8B6 /* FeedImageDataLoader.swift in Sources */ = {isa = PBXBuildFile; fileRef = 123053262840B5C200FD5558 /* FeedImageDataLoader.swift */; };
		1213CD15284CA84700A7C8B6 /* FeedImageDataMapperTests.swift in Sources */ = {isa = PBXBuildFile; fileRef = 1213CD14284CA84700A7C8B6 /* FeedImageDataMapperTests.swift */; };
		1213CD1D284CDF6B00A7C8B6 /* HTTPURLResponse+StatusCode.swift in Sources */ = {isa = PBXBuildFile; fileRef = 1213CD1B284CDE8000A7C8B6 /* HTTPURLResponse+StatusCode.swift */; };
		1213CD20284CE00B00A7C8B6 /* URLProtocolStub.swift in Sources */ = {isa = PBXBuildFile; fileRef = 1213CD1F284CE00B00A7C8B6 /* URLProtocolStub.swift */; };
		1213CD22284D1BA700A7C8B6 /* LoadFeedImageDataFromCacheUseCaseTests.swift in Sources */ = {isa = PBXBuildFile; fileRef = 1213CD21284D1BA700A7C8B6 /* LoadFeedImageDataFromCacheUseCaseTests.swift */; };
		122905FE27C26A8C0096F54E /* HTTPClient.swift in Sources */ = {isa = PBXBuildFile; fileRef = 122905FD27C26A8C0096F54E /* HTTPClient.swift */; };
		1229060427C298CA0096F54E /* FeedItemsMapper.swift in Sources */ = {isa = PBXBuildFile; fileRef = 1229060327C298CA0096F54E /* FeedItemsMapper.swift */; };
		1229060727C2AE2D0096F54E /* URLSessionHTTPClientTests.swift in Sources */ = {isa = PBXBuildFile; fileRef = 1229060627C2AE2D0096F54E /* URLSessionHTTPClientTests.swift */; };
		12305319283FA84E00FD5558 /* UIView+Shimmering.swift in Sources */ = {isa = PBXBuildFile; fileRef = 12305318283FA84E00FD5558 /* UIView+Shimmering.swift */; };
		1230533B2841557300FD5558 /* FeedImageCellController.swift in Sources */ = {isa = PBXBuildFile; fileRef = 1230533A2841557300FD5558 /* FeedImageCellController.swift */; };
		123D92DD284BA24B00E9E3E4 /* FeedPresenter.swift in Sources */ = {isa = PBXBuildFile; fileRef = 123D92DC284BA24B00E9E3E4 /* FeedPresenter.swift */; };
		123D92DE284BA40200E9E3E4 /* Feed.strings in Resources */ = {isa = PBXBuildFile; fileRef = 123D92D7284B9FF000E9E3E4 /* Feed.strings */; };
		123D92E0284BA44800E9E3E4 /* FeedViewModel.swift in Sources */ = {isa = PBXBuildFile; fileRef = 123D92DF284BA44800E9E3E4 /* FeedViewModel.swift */; };
		123D92E2284BA4EC00E9E3E4 /* ResourceErrorViewModel.swift in Sources */ = {isa = PBXBuildFile; fileRef = 123D92E1284BA4EC00E9E3E4 /* ResourceErrorViewModel.swift */; };
		123D92E4284BA50D00E9E3E4 /* ResourceLoadingViewModel.swift in Sources */ = {isa = PBXBuildFile; fileRef = 123D92E3284BA50D00E9E3E4 /* ResourceLoadingViewModel.swift */; };
		123D92E5284BA64500E9E3E4 /* FeedLocalizationTests.swift in Sources */ = {isa = PBXBuildFile; fileRef = 126F6ED72843BE1800CBC4DE /* FeedLocalizationTests.swift */; };
		123D92E6284BA72100E9E3E4 /* Feed.strings in Resources */ = {isa = PBXBuildFile; fileRef = 123D92D7284B9FF000E9E3E4 /* Feed.strings */; };
		12466A0527C10339009D25E3 /* EssentialFeed.docc in Sources */ = {isa = PBXBuildFile; fileRef = 12466A0427C10339009D25E3 /* EssentialFeed.docc */; };
		12466A0B27C10339009D25E3 /* EssentialFeed.framework in Frameworks */ = {isa = PBXBuildFile; fileRef = 12466A0027C10339009D25E3 /* EssentialFeed.framework */; };
		12466A1027C10339009D25E3 /* FeedItemsMapperTests.swift in Sources */ = {isa = PBXBuildFile; fileRef = 12466A0F27C10339009D25E3 /* FeedItemsMapperTests.swift */; };
		12466A1127C10339009D25E3 /* EssentialFeed.h in Headers */ = {isa = PBXBuildFile; fileRef = 12466A0327C10339009D25E3 /* EssentialFeed.h */; settings = {ATTRIBUTES = (Public, ); }; };
		12466A1B27C1041A009D25E3 /* FeedImage.swift in Sources */ = {isa = PBXBuildFile; fileRef = 12466A1A27C1041A009D25E3 /* FeedImage.swift */; };
		12466A1D27C1045C009D25E3 /* FeedLoader.swift in Sources */ = {isa = PBXBuildFile; fileRef = 12466A1C27C1045C009D25E3 /* FeedLoader.swift */; };
		1249162A28929E0E0028F96F /* FeedSnapshotTests.swift in Sources */ = {isa = PBXBuildFile; fileRef = 1249162928929E0E0028F96F /* FeedSnapshotTests.swift */; };
		1249162B28929E0E0028F96F /* EssentialFeediOS.framework in Frameworks */ = {isa = PBXBuildFile; fileRef = 1238083A283906BA001B63EF /* EssentialFeediOS.framework */; };
		124916332892A6960028F96F /* UIImage+TestHelpers.swift in Sources */ = {isa = PBXBuildFile; fileRef = 124916322892A6960028F96F /* UIImage+TestHelpers.swift */; };
		124916352892A81D0028F96F /* UITableView+HeaderSizing.swift in Sources */ = {isa = PBXBuildFile; fileRef = 124916342892A81D0028F96F /* UITableView+HeaderSizing.swift */; };
		124916372892CC680028F96F /* UIViewController+Snapshot.swift in Sources */ = {isa = PBXBuildFile; fileRef = 124916362892CC680028F96F /* UIViewController+Snapshot.swift */; };
		124916392892CCE40028F96F /* XCTestCase+Snapshot.swift in Sources */ = {isa = PBXBuildFile; fileRef = 124916382892CCE40028F96F /* XCTestCase+Snapshot.swift */; };
		1251E11927ECD442006280D5 /* FeedCachePolicy.swift in Sources */ = {isa = PBXBuildFile; fileRef = 1251E11827ECD442006280D5 /* FeedCachePolicy.swift */; };
		125934F228C260F5007F7E99 /* ImageCommentsMapperTests.swift in Sources */ = {isa = PBXBuildFile; fileRef = 125934F128C260F5007F7E99 /* ImageCommentsMapperTests.swift */; };
		125934F828C2635C007F7E99 /* ImageCommentsMapper.swift in Sources */ = {isa = PBXBuildFile; fileRef = 125934F728C2635C007F7E99 /* ImageCommentsMapper.swift */; };
		125934FA28C267FC007F7E99 /* ImageComment.swift in Sources */ = {isa = PBXBuildFile; fileRef = 125934F928C267FC007F7E99 /* ImageComment.swift */; };
		1259350A28C3A8CF007F7E99 /* FeedImageDataMapper.swift in Sources */ = {isa = PBXBuildFile; fileRef = 1259350928C3A8CF007F7E99 /* FeedImageDataMapper.swift */; };
		125A6F402885C79100B71698 /* FeedCache.swift in Sources */ = {isa = PBXBuildFile; fileRef = 125A6F3F2885C79100B71698 /* FeedCache.swift */; };
		125A6F4A2885D86A00B71698 /* FeedImageDataCache.swift in Sources */ = {isa = PBXBuildFile; fileRef = 125A6F492885D86A00B71698 /* FeedImageDataCache.swift */; };
		125CB15127E781E50056B26F /* ValidateFeedCacheUseCaseTests.swift in Sources */ = {isa = PBXBuildFile; fileRef = 125CB15027E781E50056B26F /* ValidateFeedCacheUseCaseTests.swift */; };
		125CB15327E9C8F70056B26F /* FeedCacheTestHelpers.swift in Sources */ = {isa = PBXBuildFile; fileRef = 125CB15227E9C8F70056B26F /* FeedCacheTestHelpers.swift */; };
		125CB15527E9CA190056B26F /* SharedTestHelpers.swift in Sources */ = {isa = PBXBuildFile; fileRef = 125CB15427E9CA190056B26F /* SharedTestHelpers.swift */; };
		125E00EB27CB7E00009270E9 /* URLSessionHTTPClient.swift in Sources */ = {isa = PBXBuildFile; fileRef = 125E00EA27CB7E00009270E9 /* URLSessionHTTPClient.swift */; };
		12623CE728435AF00030EAC6 /* Feed.storyboard in Resources */ = {isa = PBXBuildFile; fileRef = 12623CE628435AF00030EAC6 /* Feed.storyboard */; };
		126327B227DF58C10047B02E /* CacheFeedUseCaseTests.swift in Sources */ = {isa = PBXBuildFile; fileRef = 126327B127DF58C10047B02E /* CacheFeedUseCaseTests.swift */; };
		126327B527DF88670047B02E /* LocalFeedLoader.swift in Sources */ = {isa = PBXBuildFile; fileRef = 126327B427DF88670047B02E /* LocalFeedLoader.swift */; };
		126327B727DF89160047B02E /* FeedStore.swift in Sources */ = {isa = PBXBuildFile; fileRef = 126327B627DF89160047B02E /* FeedStore.swift */; };
		126327BB27DF95BD0047B02E /* LocalFeedImage.swift in Sources */ = {isa = PBXBuildFile; fileRef = 126327BA27DF95BD0047B02E /* LocalFeedImage.swift */; };
		1264909328C62CCF00617543 /* ResourceLoadingView.swift in Sources */ = {isa = PBXBuildFile; fileRef = 1264909228C62CCF00617543 /* ResourceLoadingView.swift */; };
		1264909528C62D6100617543 /* ResourceErrorView.swift in Sources */ = {isa = PBXBuildFile; fileRef = 1264909428C62D6100617543 /* ResourceErrorView.swift */; };
		1264909928C731A500617543 /* ImageCommentsPresenterTests.swift in Sources */ = {isa = PBXBuildFile; fileRef = 1264909828C731A500617543 /* ImageCommentsPresenterTests.swift */; };
		1264909B28C7329900617543 /* ImageCommentsPresenter.swift in Sources */ = {isa = PBXBuildFile; fileRef = 1264909A28C7329900617543 /* ImageCommentsPresenter.swift */; };
		1264909F28C7344400617543 /* ImageCommentsLocalizationTests.swift in Sources */ = {isa = PBXBuildFile; fileRef = 1264909E28C7344400617543 /* ImageCommentsLocalizationTests.swift */; };
		126490A028C734AE00617543 /* ImageComments.strings in Resources */ = {isa = PBXBuildFile; fileRef = 126490A228C734AE00617543 /* ImageComments.strings */; };
		126EAF8E28C3D32000178179 /* LoadResourcePresenterTests.swift in Sources */ = {isa = PBXBuildFile; fileRef = 126EAF8D28C3D32000178179 /* LoadResourcePresenterTests.swift */; };
		127DB1D927CB813C006B9997 /* EssentialFeedAPIEndToEndTests.swift in Sources */ = {isa = PBXBuildFile; fileRef = 127DB1D827CB813C006B9997 /* EssentialFeedAPIEndToEndTests.swift */; };
		127DB1DA27CB813C006B9997 /* EssentialFeed.framework in Frameworks */ = {isa = PBXBuildFile; fileRef = 12466A0027C10339009D25E3 /* EssentialFeed.framework */; };
		127DB1E027CB87C3006B9997 /* XCTestCase+MemoryLeakTrackingHelper.swift in Sources */ = {isa = PBXBuildFile; fileRef = 1286D2D827C770320019437A /* XCTestCase+MemoryLeakTrackingHelper.swift */; };
		1281846328435C2000C22673 /* Feed.xcassets in Resources */ = {isa = PBXBuildFile; fileRef = 1281846228435C2000C22673 /* Feed.xcassets */; };
		1281846528436ED100C22673 /* UITableView+Dequeueing.swift in Sources */ = {isa = PBXBuildFile; fileRef = 1281846428436ED100C22673 /* UITableView+Dequeueing.swift */; };
		128184672843701200C22673 /* UIImageView+Animations.swift in Sources */ = {isa = PBXBuildFile; fileRef = 128184662843701200C22673 /* UIImageView+Animations.swift */; };
		1286D2D927C770320019437A /* XCTestCase+MemoryLeakTrackingHelper.swift in Sources */ = {isa = PBXBuildFile; fileRef = 1286D2D827C770320019437A /* XCTestCase+MemoryLeakTrackingHelper.swift */; };
		12B002F427F0BDA000097392 /* FeedStoreSpecs.swift in Sources */ = {isa = PBXBuildFile; fileRef = 12B002F327F0BDA000097392 /* FeedStoreSpecs.swift */; };
		12B002F627F0BFE300097392 /* XCTestCase+FeedStoreSpecs.swift in Sources */ = {isa = PBXBuildFile; fileRef = 12B002F527F0BFE300097392 /* XCTestCase+FeedStoreSpecs.swift */; };
		12B002FC27F0CE4700097392 /* XCTestCase+FailableRetrieveFeedStoreSpecs.swift in Sources */ = {isa = PBXBuildFile; fileRef = 12B002FB27F0CE4700097392 /* XCTestCase+FailableRetrieveFeedStoreSpecs.swift */; };
		12B002FE27F0D04B00097392 /* XCTestCase+FailableInsertFeedStoreSpecs.swift in Sources */ = {isa = PBXBuildFile; fileRef = 12B002FD27F0D04B00097392 /* XCTestCase+FailableInsertFeedStoreSpecs.swift */; };
		12B0030027F0D21100097392 /* XCTestCase+FailableDeleteFeedStoreSpecs.swift in Sources */ = {isa = PBXBuildFile; fileRef = 12B002FF27F0D21100097392 /* XCTestCase+FailableDeleteFeedStoreSpecs.swift */; };
		12B0030327F0D46300097392 /* CoreDataFeedStoreTests.swift in Sources */ = {isa = PBXBuildFile; fileRef = 12B0030227F0D46300097392 /* CoreDataFeedStoreTests.swift */; };
		12B0030527F0DE5300097392 /* CoreDataFeedStore.swift in Sources */ = {isa = PBXBuildFile; fileRef = 12B0030427F0DE5300097392 /* CoreDataFeedStore.swift */; };
		12B46FE2283A854500C855E0 /* EssentialFeed.framework in Frameworks */ = {isa = PBXBuildFile; fileRef = 12466A0027C10339009D25E3 /* EssentialFeed.framework */; platformFilter = ios; };
		12B98177285F618200E2B254 /* CoreDataFeedStore+FeedStore.swift in Sources */ = {isa = PBXBuildFile; fileRef = 12B98176285F618200E2B254 /* CoreDataFeedStore+FeedStore.swift */; };
		12BEA8BF280DD1A5002BE876 /* CoreDataHelpers.swift in Sources */ = {isa = PBXBuildFile; fileRef = 12BEA8BE280DD1A5002BE876 /* CoreDataHelpers.swift */; };
		12BEA8C1280DD2CB002BE876 /* ManagedCache.swift in Sources */ = {isa = PBXBuildFile; fileRef = 12BEA8C0280DD2CB002BE876 /* ManagedCache.swift */; };
		12BEA8C3280DD329002BE876 /* ManagedImage.swift in Sources */ = {isa = PBXBuildFile; fileRef = 12BEA8C2280DD329002BE876 /* ManagedImage.swift */; };
		12BEA8CB280DD5C0002BE876 /* EssentialFeedCacheIntegrationTests.swift in Sources */ = {isa = PBXBuildFile; fileRef = 12BEA8CA280DD5C0002BE876 /* EssentialFeedCacheIntegrationTests.swift */; };
		12BEA8CC280DD5C0002BE876 /* EssentialFeed.framework in Frameworks */ = {isa = PBXBuildFile; fileRef = 12466A0027C10339009D25E3 /* EssentialFeed.framework */; };
		12BEA8D2280DD88C002BE876 /* XCTestCase+MemoryLeakTrackingHelper.swift in Sources */ = {isa = PBXBuildFile; fileRef = 1286D2D827C770320019437A /* XCTestCase+MemoryLeakTrackingHelper.swift */; };
		12BEA8D3280DDAAC002BE876 /* FeedCacheTestHelpers.swift in Sources */ = {isa = PBXBuildFile; fileRef = 125CB15227E9C8F70056B26F /* FeedCacheTestHelpers.swift */; };
		12BEA8D4280DDB04002BE876 /* SharedTestHelpers.swift in Sources */ = {isa = PBXBuildFile; fileRef = 125CB15427E9CA190056B26F /* SharedTestHelpers.swift */; };
		12C769F02850C8F40082B8E1 /* FeedImageDataStore.swift in Sources */ = {isa = PBXBuildFile; fileRef = 12C769EF2850C8F40082B8E1 /* FeedImageDataStore.swift */; };
		12C769F22850C9790082B8E1 /* LocalFeedImageDataLoader.swift in Sources */ = {isa = PBXBuildFile; fileRef = 12C769F12850C9790082B8E1 /* LocalFeedImageDataLoader.swift */; };
		12C769F42854C6FD0082B8E1 /* FeedImageDataStoreSpy.swift in Sources */ = {isa = PBXBuildFile; fileRef = 12C769F32854C6FD0082B8E1 /* FeedImageDataStoreSpy.swift */; };
		12C769F92854CB7E0082B8E1 /* CacheFeedImageDataUseCaseTests.swift in Sources */ = {isa = PBXBuildFile; fileRef = 12C769F72854CB4F0082B8E1 /* CacheFeedImageDataUseCaseTests.swift */; };
		12C769FB2855587A0082B8E1 /* CoreDataFeedImageDataStoreTests.swift in Sources */ = {isa = PBXBuildFile; fileRef = 12C769FA2855587A0082B8E1 /* CoreDataFeedImageDataStoreTests.swift */; };
		12C769FE2855673C0082B8E1 /* CoreDataFeedStore+FeedImageDataLoader.swift in Sources */ = {isa = PBXBuildFile; fileRef = 12C769FD2855673C0082B8E1 /* CoreDataFeedStore+FeedImageDataLoader.swift */; };
		12D222BB27FC68970006987C /* FeedStore.xcdatamodeld in Sources */ = {isa = PBXBuildFile; fileRef = 12D222B927FC68970006987C /* FeedStore.xcdatamodeld */; };
		12D71A38284B61F900534434 /* ErrorView.swift in Sources */ = {isa = PBXBuildFile; fileRef = 12D71A37284B61F900534434 /* ErrorView.swift */; };
		12D71A3D284B713C00534434 /* UIRefreshControl+Helpers.swift in Sources */ = {isa = PBXBuildFile; fileRef = 12D71A3C284B713C00534434 /* UIRefreshControl+Helpers.swift */; };
		12D71A43284B750400534434 /* FeedPresenterTests.swift in Sources */ = {isa = PBXBuildFile; fileRef = 12D71A42284B750400534434 /* FeedPresenterTests.swift */; };
		12DAD69128C3D4AD000493AB /* LoadResourcePresenter.swift in Sources */ = {isa = PBXBuildFile; fileRef = 12DAD69028C3D4AC000493AB /* LoadResourcePresenter.swift */; };
		12DAD69628C611E3000493AB /* SharedLocalizationTests.swift in Sources */ = {isa = PBXBuildFile; fileRef = 12DAD69528C611E3000493AB /* SharedLocalizationTests.swift */; };
		12DAD69728C61502000493AB /* Shared.strings in Resources */ = {isa = PBXBuildFile; fileRef = 12DAD69928C61502000493AB /* Shared.strings */; };
		12DAD69E28C62947000493AB /* SharedLocalizationTestHelpers.swift in Sources */ = {isa = PBXBuildFile; fileRef = 12DAD69D28C62947000493AB /* SharedLocalizationTestHelpers.swift */; };
		12FB7E5A27DFA8E20054F142 /* LoadFeedFromCacheUseCaseTests.swift in Sources */ = {isa = PBXBuildFile; fileRef = 12FB7E5927DFA8E20054F142 /* LoadFeedFromCacheUseCaseTests.swift */; };
		12FB7E5D27DFAA340054F142 /* FeedStoreSpy.swift in Sources */ = {isa = PBXBuildFile; fileRef = 12FB7E5C27DFAA340054F142 /* FeedStoreSpy.swift */; };
		12FFF7FC283E174400D1DEA6 /* ListViewController.swift in Sources */ = {isa = PBXBuildFile; fileRef = 12FFF7FB283E174400D1DEA6 /* ListViewController.swift */; };
		12FFF7FF283EA17400D1DEA6 /* FeedImageCell.swift in Sources */ = {isa = PBXBuildFile; fileRef = 12FFF7FE283EA17400D1DEA6 /* FeedImageCell.swift */; };
/* End PBXBuildFile section */

/* Begin PBXContainerItemProxy section */
		12466A0C27C10339009D25E3 /* PBXContainerItemProxy */ = {
			isa = PBXContainerItemProxy;
			containerPortal = 124669F727C10339009D25E3 /* Project object */;
			proxyType = 1;
			remoteGlobalIDString = 124669FF27C10339009D25E3;
			remoteInfo = EssentialFeed;
		};
		1249162C28929E0E0028F96F /* PBXContainerItemProxy */ = {
			isa = PBXContainerItemProxy;
			containerPortal = 124669F727C10339009D25E3 /* Project object */;
			proxyType = 1;
			remoteGlobalIDString = 12380839283906BA001B63EF;
			remoteInfo = EssentialFeediOS;
		};
		127DB1DB27CB813C006B9997 /* PBXContainerItemProxy */ = {
			isa = PBXContainerItemProxy;
			containerPortal = 124669F727C10339009D25E3 /* Project object */;
			proxyType = 1;
			remoteGlobalIDString = 124669FF27C10339009D25E3;
			remoteInfo = EssentialFeed;
		};
		12B46FE4283A854500C855E0 /* PBXContainerItemProxy */ = {
			isa = PBXContainerItemProxy;
			containerPortal = 124669F727C10339009D25E3 /* Project object */;
			proxyType = 1;
			remoteGlobalIDString = 124669FF27C10339009D25E3;
			remoteInfo = EssentialFeed;
		};
		12BEA8CD280DD5C0002BE876 /* PBXContainerItemProxy */ = {
			isa = PBXContainerItemProxy;
			containerPortal = 124669F727C10339009D25E3 /* Project object */;
			proxyType = 1;
			remoteGlobalIDString = 124669FF27C10339009D25E3;
			remoteInfo = EssentialFeed;
		};
/* End PBXContainerItemProxy section */

/* Begin PBXCopyFilesBuildPhase section */
		12B46FE6283A854500C855E0 /* Embed Frameworks */ = {
			isa = PBXCopyFilesBuildPhase;
			buildActionMask = 2147483647;
			dstPath = "";
			dstSubfolderSpec = 10;
			files = (
			);
			name = "Embed Frameworks";
			runOnlyForDeploymentPostprocessing = 0;
		};
/* End PBXCopyFilesBuildPhase section */

/* Begin PBXFileReference section */
		1213CD0D284BC10800A7C8B6 /* FeedImagePresenterTests.swift */ = {isa = PBXFileReference; lastKnownFileType = sourcecode.swift; path = FeedImagePresenterTests.swift; sourceTree = "<group>"; };
		1213CD0F284BF2E300A7C8B6 /* FeedImagePresenter.swift */ = {isa = PBXFileReference; lastKnownFileType = sourcecode.swift; path = FeedImagePresenter.swift; sourceTree = "<group>"; };
		1213CD11284BF5C500A7C8B6 /* FeedImageViewModel.swift */ = {isa = PBXFileReference; lastKnownFileType = sourcecode.swift; path = FeedImageViewModel.swift; sourceTree = "<group>"; };
		1213CD14284CA84700A7C8B6 /* FeedImageDataMapperTests.swift */ = {isa = PBXFileReference; lastKnownFileType = sourcecode.swift; path = FeedImageDataMapperTests.swift; sourceTree = "<group>"; };
		1213CD1B284CDE8000A7C8B6 /* HTTPURLResponse+StatusCode.swift */ = {isa = PBXFileReference; lastKnownFileType = sourcecode.swift; path = "HTTPURLResponse+StatusCode.swift"; sourceTree = "<group>"; };
		1213CD1F284CE00B00A7C8B6 /* URLProtocolStub.swift */ = {isa = PBXFileReference; lastKnownFileType = sourcecode.swift; path = URLProtocolStub.swift; sourceTree = "<group>"; };
		1213CD21284D1BA700A7C8B6 /* LoadFeedImageDataFromCacheUseCaseTests.swift */ = {isa = PBXFileReference; lastKnownFileType = sourcecode.swift; path = LoadFeedImageDataFromCacheUseCaseTests.swift; sourceTree = "<group>"; };
		122905FD27C26A8C0096F54E /* HTTPClient.swift */ = {isa = PBXFileReference; lastKnownFileType = sourcecode.swift; path = HTTPClient.swift; sourceTree = "<group>"; };
		1229060327C298CA0096F54E /* FeedItemsMapper.swift */ = {isa = PBXFileReference; lastKnownFileType = sourcecode.swift; path = FeedItemsMapper.swift; sourceTree = "<group>"; };
		1229060627C2AE2D0096F54E /* URLSessionHTTPClientTests.swift */ = {isa = PBXFileReference; lastKnownFileType = sourcecode.swift; path = URLSessionHTTPClientTests.swift; sourceTree = "<group>"; };
		12305318283FA84E00FD5558 /* UIView+Shimmering.swift */ = {isa = PBXFileReference; lastKnownFileType = sourcecode.swift; path = "UIView+Shimmering.swift"; sourceTree = "<group>"; };
		123053262840B5C200FD5558 /* FeedImageDataLoader.swift */ = {isa = PBXFileReference; lastKnownFileType = sourcecode.swift; path = FeedImageDataLoader.swift; sourceTree = "<group>"; };
		1230533A2841557300FD5558 /* FeedImageCellController.swift */ = {isa = PBXFileReference; lastKnownFileType = sourcecode.swift; path = FeedImageCellController.swift; sourceTree = "<group>"; };
		1238083A283906BA001B63EF /* EssentialFeediOS.framework */ = {isa = PBXFileReference; explicitFileType = wrapper.framework; includeInIndex = 0; path = EssentialFeediOS.framework; sourceTree = BUILT_PRODUCTS_DIR; };
		123D92D6284B9FF000E9E3E4 /* en */ = {isa = PBXFileReference; lastKnownFileType = text.plist.strings; name = en; path = en.lproj/Feed.strings; sourceTree = "<group>"; };
		123D92D8284B9FF400E9E3E4 /* el */ = {isa = PBXFileReference; lastKnownFileType = text.plist.strings; name = el; path = el.lproj/Feed.strings; sourceTree = "<group>"; };
		123D92D9284B9FF500E9E3E4 /* ja */ = {isa = PBXFileReference; lastKnownFileType = text.plist.strings; name = ja; path = ja.lproj/Feed.strings; sourceTree = "<group>"; };
		123D92DA284B9FF600E9E3E4 /* pt-BR */ = {isa = PBXFileReference; lastKnownFileType = text.plist.strings; name = "pt-BR"; path = "pt-BR.lproj/Feed.strings"; sourceTree = "<group>"; };
		123D92DC284BA24B00E9E3E4 /* FeedPresenter.swift */ = {isa = PBXFileReference; lastKnownFileType = sourcecode.swift; path = FeedPresenter.swift; sourceTree = "<group>"; };
		123D92DF284BA44800E9E3E4 /* FeedViewModel.swift */ = {isa = PBXFileReference; lastKnownFileType = sourcecode.swift; path = FeedViewModel.swift; sourceTree = "<group>"; };
		123D92E1284BA4EC00E9E3E4 /* ResourceErrorViewModel.swift */ = {isa = PBXFileReference; lastKnownFileType = sourcecode.swift; path = ResourceErrorViewModel.swift; sourceTree = "<group>"; };
		123D92E3284BA50D00E9E3E4 /* ResourceLoadingViewModel.swift */ = {isa = PBXFileReference; lastKnownFileType = sourcecode.swift; path = ResourceLoadingViewModel.swift; sourceTree = "<group>"; };
		12466A0027C10339009D25E3 /* EssentialFeed.framework */ = {isa = PBXFileReference; explicitFileType = wrapper.framework; includeInIndex = 0; path = EssentialFeed.framework; sourceTree = BUILT_PRODUCTS_DIR; };
		12466A0327C10339009D25E3 /* EssentialFeed.h */ = {isa = PBXFileReference; lastKnownFileType = sourcecode.c.h; path = EssentialFeed.h; sourceTree = "<group>"; };
		12466A0427C10339009D25E3 /* EssentialFeed.docc */ = {isa = PBXFileReference; lastKnownFileType = folder.documentationcatalog; path = EssentialFeed.docc; sourceTree = "<group>"; };
		12466A0A27C10339009D25E3 /* EssentialFeedTests.xctest */ = {isa = PBXFileReference; explicitFileType = wrapper.cfbundle; includeInIndex = 0; path = EssentialFeedTests.xctest; sourceTree = BUILT_PRODUCTS_DIR; };
		12466A0F27C10339009D25E3 /* FeedItemsMapperTests.swift */ = {isa = PBXFileReference; lastKnownFileType = sourcecode.swift; path = FeedItemsMapperTests.swift; sourceTree = "<group>"; };
		12466A1A27C1041A009D25E3 /* FeedImage.swift */ = {isa = PBXFileReference; lastKnownFileType = sourcecode.swift; path = FeedImage.swift; sourceTree = "<group>"; };
		12466A1C27C1045C009D25E3 /* FeedLoader.swift */ = {isa = PBXFileReference; lastKnownFileType = sourcecode.swift; path = FeedLoader.swift; sourceTree = "<group>"; };
		1249162728929E0E0028F96F /* EssentialFeediOSTests.xctest */ = {isa = PBXFileReference; explicitFileType = wrapper.cfbundle; includeInIndex = 0; path = EssentialFeediOSTests.xctest; sourceTree = BUILT_PRODUCTS_DIR; };
		1249162928929E0E0028F96F /* FeedSnapshotTests.swift */ = {isa = PBXFileReference; lastKnownFileType = sourcecode.swift; path = FeedSnapshotTests.swift; sourceTree = "<group>"; };
		124916322892A6960028F96F /* UIImage+TestHelpers.swift */ = {isa = PBXFileReference; fileEncoding = 4; lastKnownFileType = sourcecode.swift; path = "UIImage+TestHelpers.swift"; sourceTree = "<group>"; };
		124916342892A81D0028F96F /* UITableView+HeaderSizing.swift */ = {isa = PBXFileReference; lastKnownFileType = sourcecode.swift; path = "UITableView+HeaderSizing.swift"; sourceTree = "<group>"; };
		124916362892CC680028F96F /* UIViewController+Snapshot.swift */ = {isa = PBXFileReference; lastKnownFileType = sourcecode.swift; path = "UIViewController+Snapshot.swift"; sourceTree = "<group>"; };
		124916382892CCE40028F96F /* XCTestCase+Snapshot.swift */ = {isa = PBXFileReference; lastKnownFileType = sourcecode.swift; path = "XCTestCase+Snapshot.swift"; sourceTree = "<group>"; };
		1251E11827ECD442006280D5 /* FeedCachePolicy.swift */ = {isa = PBXFileReference; lastKnownFileType = sourcecode.swift; path = FeedCachePolicy.swift; sourceTree = "<group>"; };
		125934F128C260F5007F7E99 /* ImageCommentsMapperTests.swift */ = {isa = PBXFileReference; lastKnownFileType = sourcecode.swift; path = ImageCommentsMapperTests.swift; sourceTree = "<group>"; };
		125934F728C2635C007F7E99 /* ImageCommentsMapper.swift */ = {isa = PBXFileReference; lastKnownFileType = sourcecode.swift; path = ImageCommentsMapper.swift; sourceTree = "<group>"; };
		125934F928C267FC007F7E99 /* ImageComment.swift */ = {isa = PBXFileReference; lastKnownFileType = sourcecode.swift; path = ImageComment.swift; sourceTree = "<group>"; };
		1259350928C3A8CF007F7E99 /* FeedImageDataMapper.swift */ = {isa = PBXFileReference; lastKnownFileType = sourcecode.swift; path = FeedImageDataMapper.swift; sourceTree = "<group>"; };
		125A6F3F2885C79100B71698 /* FeedCache.swift */ = {isa = PBXFileReference; lastKnownFileType = sourcecode.swift; path = FeedCache.swift; sourceTree = "<group>"; };
		125A6F492885D86A00B71698 /* FeedImageDataCache.swift */ = {isa = PBXFileReference; lastKnownFileType = sourcecode.swift; path = FeedImageDataCache.swift; sourceTree = "<group>"; };
		125CB15027E781E50056B26F /* ValidateFeedCacheUseCaseTests.swift */ = {isa = PBXFileReference; lastKnownFileType = sourcecode.swift; path = ValidateFeedCacheUseCaseTests.swift; sourceTree = "<group>"; };
		125CB15227E9C8F70056B26F /* FeedCacheTestHelpers.swift */ = {isa = PBXFileReference; lastKnownFileType = sourcecode.swift; path = FeedCacheTestHelpers.swift; sourceTree = "<group>"; };
		125CB15427E9CA190056B26F /* SharedTestHelpers.swift */ = {isa = PBXFileReference; lastKnownFileType = sourcecode.swift; path = SharedTestHelpers.swift; sourceTree = "<group>"; };
		125E00EA27CB7E00009270E9 /* URLSessionHTTPClient.swift */ = {isa = PBXFileReference; lastKnownFileType = sourcecode.swift; path = URLSessionHTTPClient.swift; sourceTree = "<group>"; };
		12623CE628435AF00030EAC6 /* Feed.storyboard */ = {isa = PBXFileReference; lastKnownFileType = file.storyboard; path = Feed.storyboard; sourceTree = "<group>"; };
		126327B127DF58C10047B02E /* CacheFeedUseCaseTests.swift */ = {isa = PBXFileReference; lastKnownFileType = sourcecode.swift; path = CacheFeedUseCaseTests.swift; sourceTree = "<group>"; };
		126327B427DF88670047B02E /* LocalFeedLoader.swift */ = {isa = PBXFileReference; lastKnownFileType = sourcecode.swift; path = LocalFeedLoader.swift; sourceTree = "<group>"; };
		126327B627DF89160047B02E /* FeedStore.swift */ = {isa = PBXFileReference; lastKnownFileType = sourcecode.swift; path = FeedStore.swift; sourceTree = "<group>"; };
		126327BA27DF95BD0047B02E /* LocalFeedImage.swift */ = {isa = PBXFileReference; lastKnownFileType = sourcecode.swift; path = LocalFeedImage.swift; sourceTree = "<group>"; };
		1264909228C62CCF00617543 /* ResourceLoadingView.swift */ = {isa = PBXFileReference; fileEncoding = 4; lastKnownFileType = sourcecode.swift; path = ResourceLoadingView.swift; sourceTree = "<group>"; };
		1264909428C62D6100617543 /* ResourceErrorView.swift */ = {isa = PBXFileReference; lastKnownFileType = sourcecode.swift; path = ResourceErrorView.swift; sourceTree = "<group>"; };
		1264909828C731A500617543 /* ImageCommentsPresenterTests.swift */ = {isa = PBXFileReference; lastKnownFileType = sourcecode.swift; path = ImageCommentsPresenterTests.swift; sourceTree = "<group>"; };
		1264909A28C7329900617543 /* ImageCommentsPresenter.swift */ = {isa = PBXFileReference; lastKnownFileType = sourcecode.swift; path = ImageCommentsPresenter.swift; sourceTree = "<group>"; };
		1264909E28C7344400617543 /* ImageCommentsLocalizationTests.swift */ = {isa = PBXFileReference; lastKnownFileType = sourcecode.swift; path = ImageCommentsLocalizationTests.swift; sourceTree = "<group>"; };
		126490A128C734AE00617543 /* en */ = {isa = PBXFileReference; lastKnownFileType = text.plist.strings; name = en; path = en.lproj/ImageComments.strings; sourceTree = "<group>"; };
		126490A328C734AF00617543 /* el */ = {isa = PBXFileReference; lastKnownFileType = text.plist.strings; name = el; path = el.lproj/ImageComments.strings; sourceTree = "<group>"; };
		126490A428C734B100617543 /* ja */ = {isa = PBXFileReference; lastKnownFileType = text.plist.strings; name = ja; path = ja.lproj/ImageComments.strings; sourceTree = "<group>"; };
		126490A528C734B100617543 /* pt-BR */ = {isa = PBXFileReference; lastKnownFileType = text.plist.strings; name = "pt-BR"; path = "pt-BR.lproj/ImageComments.strings"; sourceTree = "<group>"; };
		126EAF8D28C3D32000178179 /* LoadResourcePresenterTests.swift */ = {isa = PBXFileReference; lastKnownFileType = sourcecode.swift; path = LoadResourcePresenterTests.swift; sourceTree = "<group>"; };
		126F6ED72843BE1800CBC4DE /* FeedLocalizationTests.swift */ = {isa = PBXFileReference; lastKnownFileType = sourcecode.swift; path = FeedLocalizationTests.swift; sourceTree = "<group>"; };
		127DB1D627CB813C006B9997 /* EssentialFeedAPIEndToEndTests.xctest */ = {isa = PBXFileReference; explicitFileType = wrapper.cfbundle; includeInIndex = 0; path = EssentialFeedAPIEndToEndTests.xctest; sourceTree = BUILT_PRODUCTS_DIR; };
		127DB1D827CB813C006B9997 /* EssentialFeedAPIEndToEndTests.swift */ = {isa = PBXFileReference; lastKnownFileType = sourcecode.swift; path = EssentialFeedAPIEndToEndTests.swift; sourceTree = "<group>"; };
		1281846228435C2000C22673 /* Feed.xcassets */ = {isa = PBXFileReference; lastKnownFileType = folder.assetcatalog; path = Feed.xcassets; sourceTree = "<group>"; };
		1281846428436ED100C22673 /* UITableView+Dequeueing.swift */ = {isa = PBXFileReference; lastKnownFileType = sourcecode.swift; path = "UITableView+Dequeueing.swift"; sourceTree = "<group>"; };
		128184662843701200C22673 /* UIImageView+Animations.swift */ = {isa = PBXFileReference; lastKnownFileType = sourcecode.swift; path = "UIImageView+Animations.swift"; sourceTree = "<group>"; };
		1286D2D827C770320019437A /* XCTestCase+MemoryLeakTrackingHelper.swift */ = {isa = PBXFileReference; lastKnownFileType = sourcecode.swift; path = "XCTestCase+MemoryLeakTrackingHelper.swift"; sourceTree = "<group>"; };
		12B002F327F0BDA000097392 /* FeedStoreSpecs.swift */ = {isa = PBXFileReference; lastKnownFileType = sourcecode.swift; path = FeedStoreSpecs.swift; sourceTree = "<group>"; };
		12B002F527F0BFE300097392 /* XCTestCase+FeedStoreSpecs.swift */ = {isa = PBXFileReference; lastKnownFileType = sourcecode.swift; path = "XCTestCase+FeedStoreSpecs.swift"; sourceTree = "<group>"; };
		12B002FB27F0CE4700097392 /* XCTestCase+FailableRetrieveFeedStoreSpecs.swift */ = {isa = PBXFileReference; lastKnownFileType = sourcecode.swift; path = "XCTestCase+FailableRetrieveFeedStoreSpecs.swift"; sourceTree = "<group>"; };
		12B002FD27F0D04B00097392 /* XCTestCase+FailableInsertFeedStoreSpecs.swift */ = {isa = PBXFileReference; lastKnownFileType = sourcecode.swift; path = "XCTestCase+FailableInsertFeedStoreSpecs.swift"; sourceTree = "<group>"; };
		12B002FF27F0D21100097392 /* XCTestCase+FailableDeleteFeedStoreSpecs.swift */ = {isa = PBXFileReference; lastKnownFileType = sourcecode.swift; path = "XCTestCase+FailableDeleteFeedStoreSpecs.swift"; sourceTree = "<group>"; };
		12B0030227F0D46300097392 /* CoreDataFeedStoreTests.swift */ = {isa = PBXFileReference; lastKnownFileType = sourcecode.swift; path = CoreDataFeedStoreTests.swift; sourceTree = "<group>"; };
		12B0030427F0DE5300097392 /* CoreDataFeedStore.swift */ = {isa = PBXFileReference; lastKnownFileType = sourcecode.swift; path = CoreDataFeedStore.swift; sourceTree = "<group>"; };
		12B98176285F618200E2B254 /* CoreDataFeedStore+FeedStore.swift */ = {isa = PBXFileReference; lastKnownFileType = sourcecode.swift; path = "CoreDataFeedStore+FeedStore.swift"; sourceTree = "<group>"; };
		12BEA8BE280DD1A5002BE876 /* CoreDataHelpers.swift */ = {isa = PBXFileReference; lastKnownFileType = sourcecode.swift; path = CoreDataHelpers.swift; sourceTree = "<group>"; };
		12BEA8C0280DD2CB002BE876 /* ManagedCache.swift */ = {isa = PBXFileReference; lastKnownFileType = sourcecode.swift; path = ManagedCache.swift; sourceTree = "<group>"; };
		12BEA8C2280DD329002BE876 /* ManagedImage.swift */ = {isa = PBXFileReference; lastKnownFileType = sourcecode.swift; path = ManagedImage.swift; sourceTree = "<group>"; };
		12BEA8C8280DD5C0002BE876 /* EssentialFeedCacheIntegrationTests.xctest */ = {isa = PBXFileReference; explicitFileType = wrapper.cfbundle; includeInIndex = 0; path = EssentialFeedCacheIntegrationTests.xctest; sourceTree = BUILT_PRODUCTS_DIR; };
		12BEA8CA280DD5C0002BE876 /* EssentialFeedCacheIntegrationTests.swift */ = {isa = PBXFileReference; lastKnownFileType = sourcecode.swift; path = EssentialFeedCacheIntegrationTests.swift; sourceTree = "<group>"; };
		12C769EF2850C8F40082B8E1 /* FeedImageDataStore.swift */ = {isa = PBXFileReference; lastKnownFileType = sourcecode.swift; path = FeedImageDataStore.swift; sourceTree = "<group>"; };
		12C769F12850C9790082B8E1 /* LocalFeedImageDataLoader.swift */ = {isa = PBXFileReference; lastKnownFileType = sourcecode.swift; path = LocalFeedImageDataLoader.swift; sourceTree = "<group>"; };
		12C769F32854C6FD0082B8E1 /* FeedImageDataStoreSpy.swift */ = {isa = PBXFileReference; lastKnownFileType = sourcecode.swift; path = FeedImageDataStoreSpy.swift; sourceTree = "<group>"; };
		12C769F72854CB4F0082B8E1 /* CacheFeedImageDataUseCaseTests.swift */ = {isa = PBXFileReference; lastKnownFileType = sourcecode.swift; path = CacheFeedImageDataUseCaseTests.swift; sourceTree = "<group>"; };
		12C769FA2855587A0082B8E1 /* CoreDataFeedImageDataStoreTests.swift */ = {isa = PBXFileReference; lastKnownFileType = sourcecode.swift; path = CoreDataFeedImageDataStoreTests.swift; sourceTree = "<group>"; };
		12C769FC285565D30082B8E1 /* FeedStore 2.xcdatamodel */ = {isa = PBXFileReference; lastKnownFileType = wrapper.xcdatamodel; path = "FeedStore 2.xcdatamodel"; sourceTree = "<group>"; };
		12C769FD2855673C0082B8E1 /* CoreDataFeedStore+FeedImageDataLoader.swift */ = {isa = PBXFileReference; lastKnownFileType = sourcecode.swift; path = "CoreDataFeedStore+FeedImageDataLoader.swift"; sourceTree = "<group>"; };
		12D222BA27FC68970006987C /* FeedStore.xcdatamodel */ = {isa = PBXFileReference; lastKnownFileType = wrapper.xcdatamodel; path = FeedStore.xcdatamodel; sourceTree = "<group>"; };
		12D71A37284B61F900534434 /* ErrorView.swift */ = {isa = PBXFileReference; lastKnownFileType = sourcecode.swift; path = ErrorView.swift; sourceTree = "<group>"; };
		12D71A3C284B713C00534434 /* UIRefreshControl+Helpers.swift */ = {isa = PBXFileReference; lastKnownFileType = sourcecode.swift; path = "UIRefreshControl+Helpers.swift"; sourceTree = "<group>"; };
		12D71A42284B750400534434 /* FeedPresenterTests.swift */ = {isa = PBXFileReference; lastKnownFileType = sourcecode.swift; path = FeedPresenterTests.swift; sourceTree = "<group>"; };
		12DAD69028C3D4AC000493AB /* LoadResourcePresenter.swift */ = {isa = PBXFileReference; lastKnownFileType = sourcecode.swift; path = LoadResourcePresenter.swift; sourceTree = "<group>"; };
		12DAD69528C611E3000493AB /* SharedLocalizationTests.swift */ = {isa = PBXFileReference; lastKnownFileType = sourcecode.swift; path = SharedLocalizationTests.swift; sourceTree = "<group>"; };
		12DAD69828C61502000493AB /* en */ = {isa = PBXFileReference; lastKnownFileType = text.plist.strings; name = en; path = en.lproj/Shared.strings; sourceTree = "<group>"; };
		12DAD69A28C61504000493AB /* el */ = {isa = PBXFileReference; lastKnownFileType = text.plist.strings; name = el; path = el.lproj/Shared.strings; sourceTree = "<group>"; };
		12DAD69B28C61505000493AB /* pt-BR */ = {isa = PBXFileReference; lastKnownFileType = text.plist.strings; name = "pt-BR"; path = "pt-BR.lproj/Shared.strings"; sourceTree = "<group>"; };
		12DAD69C28C61506000493AB /* ja */ = {isa = PBXFileReference; lastKnownFileType = text.plist.strings; name = ja; path = ja.lproj/Shared.strings; sourceTree = "<group>"; };
		12DAD69D28C62947000493AB /* SharedLocalizationTestHelpers.swift */ = {isa = PBXFileReference; lastKnownFileType = sourcecode.swift; path = SharedLocalizationTestHelpers.swift; sourceTree = "<group>"; };
		12FB7E5927DFA8E20054F142 /* LoadFeedFromCacheUseCaseTests.swift */ = {isa = PBXFileReference; lastKnownFileType = sourcecode.swift; path = LoadFeedFromCacheUseCaseTests.swift; sourceTree = "<group>"; };
		12FB7E5C27DFAA340054F142 /* FeedStoreSpy.swift */ = {isa = PBXFileReference; lastKnownFileType = sourcecode.swift; path = FeedStoreSpy.swift; sourceTree = "<group>"; };
		12FFF7FB283E174400D1DEA6 /* ListViewController.swift */ = {isa = PBXFileReference; lastKnownFileType = sourcecode.swift; path = ListViewController.swift; sourceTree = "<group>"; };
		12FFF7FE283EA17400D1DEA6 /* FeedImageCell.swift */ = {isa = PBXFileReference; lastKnownFileType = sourcecode.swift; path = FeedImageCell.swift; sourceTree = "<group>"; };
/* End PBXFileReference section */

/* Begin PBXFrameworksBuildPhase section */
		12380837283906BA001B63EF /* Frameworks */ = {
			isa = PBXFrameworksBuildPhase;
			buildActionMask = 2147483647;
			files = (
				12B46FE2283A854500C855E0 /* EssentialFeed.framework in Frameworks */,
			);
			runOnlyForDeploymentPostprocessing = 0;
		};
		124669FD27C10339009D25E3 /* Frameworks */ = {
			isa = PBXFrameworksBuildPhase;
			buildActionMask = 2147483647;
			files = (
			);
			runOnlyForDeploymentPostprocessing = 0;
		};
		12466A0727C10339009D25E3 /* Frameworks */ = {
			isa = PBXFrameworksBuildPhase;
			buildActionMask = 2147483647;
			files = (
				12466A0B27C10339009D25E3 /* EssentialFeed.framework in Frameworks */,
			);
			runOnlyForDeploymentPostprocessing = 0;
		};
		1249162428929E0E0028F96F /* Frameworks */ = {
			isa = PBXFrameworksBuildPhase;
			buildActionMask = 2147483647;
			files = (
				1249162B28929E0E0028F96F /* EssentialFeediOS.framework in Frameworks */,
			);
			runOnlyForDeploymentPostprocessing = 0;
		};
		127DB1D327CB813C006B9997 /* Frameworks */ = {
			isa = PBXFrameworksBuildPhase;
			buildActionMask = 2147483647;
			files = (
				127DB1DA27CB813C006B9997 /* EssentialFeed.framework in Frameworks */,
			);
			runOnlyForDeploymentPostprocessing = 0;
		};
		12BEA8C5280DD5C0002BE876 /* Frameworks */ = {
			isa = PBXFrameworksBuildPhase;
			buildActionMask = 2147483647;
			files = (
				12BEA8CC280DD5C0002BE876 /* EssentialFeed.framework in Frameworks */,
			);
			runOnlyForDeploymentPostprocessing = 0;
		};
/* End PBXFrameworksBuildPhase section */

/* Begin PBXGroup section */
		1213CD1E284CDF7300A7C8B6 /* Helpers */ = {
			isa = PBXGroup;
			children = (
				1213CD1B284CDE8000A7C8B6 /* HTTPURLResponse+StatusCode.swift */,
			);
			path = Helpers;
			sourceTree = "<group>";
		};
		1229060527C29DB80096F54E /* FeedAPI */ = {
			isa = PBXGroup;
			children = (
				12466A0F27C10339009D25E3 /* FeedItemsMapperTests.swift */,
				1213CD14284CA84700A7C8B6 /* FeedImageDataMapperTests.swift */,
			);
			path = FeedAPI;
			sourceTree = "<group>";
		};
		1230531F2840B4EF00FD5558 /* FeedUI */ = {
			isa = PBXGroup;
			children = (
				123053202840B51F00FD5558 /* Controllers */,
				123053212840B53A00FD5558 /* Views */,
			);
			path = FeedUI;
			sourceTree = "<group>";
		};
		123053202840B51F00FD5558 /* Controllers */ = {
			isa = PBXGroup;
			children = (
				1230533A2841557300FD5558 /* FeedImageCellController.swift */,
			);
			path = Controllers;
			sourceTree = "<group>";
		};
		123053212840B53A00FD5558 /* Views */ = {
			isa = PBXGroup;
			children = (
				12623CE628435AF00030EAC6 /* Feed.storyboard */,
				1281846228435C2000C22673 /* Feed.xcassets */,
				12FFF7FE283EA17400D1DEA6 /* FeedImageCell.swift */,
				12D71A39284B700400534434 /* Helpers */,
			);
			path = Views;
			sourceTree = "<group>";
		};
		1238083B283906BA001B63EF /* EssentialFeediOS */ = {
			isa = PBXGroup;
			children = (
				126490A628C7745B00617543 /* SharedUI */,
				1230531F2840B4EF00FD5558 /* FeedUI */,
			);
			path = EssentialFeediOS;
			sourceTree = "<group>";
		};
		123D92DB284BA23200E9E3E4 /* FeedPresentation */ = {
			isa = PBXGroup;
			children = (
				1213CD0F284BF2E300A7C8B6 /* FeedImagePresenter.swift */,
				1213CD11284BF5C500A7C8B6 /* FeedImageViewModel.swift */,
				123D92DC284BA24B00E9E3E4 /* FeedPresenter.swift */,
				123D92DF284BA44800E9E3E4 /* FeedViewModel.swift */,
				123D92D7284B9FF000E9E3E4 /* Feed.strings */,
			);
			path = FeedPresentation;
			sourceTree = "<group>";
		};
		124669F627C10339009D25E3 = {
			isa = PBXGroup;
			children = (
				12466A0227C10339009D25E3 /* EssentialFeed */,
				12466A0E27C10339009D25E3 /* EssentialFeedTests */,
				127DB1D727CB813C006B9997 /* EssentialFeedAPIEndToEndTests */,
				12BEA8C9280DD5C0002BE876 /* EssentialFeedCacheIntegrationTests */,
				1238083B283906BA001B63EF /* EssentialFeediOS */,
				1249162828929E0E0028F96F /* EssentialFeediOSTests */,
				12466A0127C10339009D25E3 /* Products */,
				12B46FE1283A854500C855E0 /* Frameworks */,
			);
			sourceTree = "<group>";
		};
		12466A0127C10339009D25E3 /* Products */ = {
			isa = PBXGroup;
			children = (
				12466A0027C10339009D25E3 /* EssentialFeed.framework */,
				12466A0A27C10339009D25E3 /* EssentialFeedTests.xctest */,
				127DB1D627CB813C006B9997 /* EssentialFeedAPIEndToEndTests.xctest */,
				12BEA8C8280DD5C0002BE876 /* EssentialFeedCacheIntegrationTests.xctest */,
				1238083A283906BA001B63EF /* EssentialFeediOS.framework */,
				1249162728929E0E0028F96F /* EssentialFeediOSTests.xctest */,
			);
			name = Products;
			sourceTree = "<group>";
		};
		12466A0227C10339009D25E3 /* EssentialFeed */ = {
			isa = PBXGroup;
			children = (
				12466A0427C10339009D25E3 /* EssentialFeed.docc */,
				12466A0327C10339009D25E3 /* EssentialFeed.h */,
				12466A2127C11C46009D25E3 /* FeedAPI */,
				126327B327DF88370047B02E /* FeedCache */,
				12466A1E27C104F4009D25E3 /* FeedFeature */,
				123D92DB284BA23200E9E3E4 /* FeedPresentation */,
				1259350228C287EB007F7E99 /* ImageCommentsAPI */,
				125934FB28C26A5D007F7E99 /* ImageCommentsFeature */,
				1264909628C7312400617543 /* ImageCommentsPresentation */,
				125934FC28C2862A007F7E99 /* SharedAPI */,
				125934FD28C2869E007F7E99 /* SharedAPIInfra */,
				12DAD69228C3D4CA000493AB /* SharedPresentation */,
			);
			path = EssentialFeed;
			sourceTree = "<group>";
		};
		12466A0E27C10339009D25E3 /* EssentialFeedTests */ = {
			isa = PBXGroup;
			children = (
				1286D2D727C7700B0019437A /* Helpers */,
				1229060527C29DB80096F54E /* FeedAPI */,
				126327B027DF589C0047B02E /* FeedCache */,
				12D71A41284B74F200534434 /* FeedPresentation */,
				1259350328C28845007F7E99 /* ImageCommentsAPI */,
				1264909728C7317000617543 /* ImageCommentsPresentation */,
				125934FE28C286EA007F7E99 /* SharedAPIInfra */,
				126EAF8C28C3D30200178179 /* SharedPresentation */,
			);
			path = EssentialFeedTests;
			sourceTree = "<group>";
		};
		12466A1E27C104F4009D25E3 /* FeedFeature */ = {
			isa = PBXGroup;
			children = (
				12466A1A27C1041A009D25E3 /* FeedImage.swift */,
				12466A1C27C1045C009D25E3 /* FeedLoader.swift */,
				123053262840B5C200FD5558 /* FeedImageDataLoader.swift */,
				125A6F3F2885C79100B71698 /* FeedCache.swift */,
				125A6F492885D86A00B71698 /* FeedImageDataCache.swift */,
			);
			path = FeedFeature;
			sourceTree = "<group>";
		};
		12466A2127C11C46009D25E3 /* FeedAPI */ = {
			isa = PBXGroup;
			children = (
				1213CD1E284CDF7300A7C8B6 /* Helpers */,
				1229060327C298CA0096F54E /* FeedItemsMapper.swift */,
				1259350928C3A8CF007F7E99 /* FeedImageDataMapper.swift */,
			);
			path = FeedAPI;
			sourceTree = "<group>";
		};
		1249162828929E0E0028F96F /* EssentialFeediOSTests */ = {
			isa = PBXGroup;
			children = (
				124916312892A67D0028F96F /* Helpers */,
				1249162928929E0E0028F96F /* FeedSnapshotTests.swift */,
			);
			path = EssentialFeediOSTests;
			sourceTree = "<group>";
		};
		124916312892A67D0028F96F /* Helpers */ = {
			isa = PBXGroup;
			children = (
				124916322892A6960028F96F /* UIImage+TestHelpers.swift */,
				124916362892CC680028F96F /* UIViewController+Snapshot.swift */,
				124916382892CCE40028F96F /* XCTestCase+Snapshot.swift */,
			);
			path = Helpers;
			sourceTree = "<group>";
		};
		125934FB28C26A5D007F7E99 /* ImageCommentsFeature */ = {
			isa = PBXGroup;
			children = (
				125934F928C267FC007F7E99 /* ImageComment.swift */,
			);
			path = ImageCommentsFeature;
			sourceTree = "<group>";
		};
		125934FC28C2862A007F7E99 /* SharedAPI */ = {
			isa = PBXGroup;
			children = (
				122905FD27C26A8C0096F54E /* HTTPClient.swift */,
			);
			path = SharedAPI;
			sourceTree = "<group>";
		};
		125934FD28C2869E007F7E99 /* SharedAPIInfra */ = {
			isa = PBXGroup;
			children = (
				125E00EA27CB7E00009270E9 /* URLSessionHTTPClient.swift */,
			);
			path = SharedAPIInfra;
			sourceTree = "<group>";
		};
		125934FE28C286EA007F7E99 /* SharedAPIInfra */ = {
			isa = PBXGroup;
			children = (
				1259350128C28762007F7E99 /* Helpers */,
				1229060627C2AE2D0096F54E /* URLSessionHTTPClientTests.swift */,
			);
			path = SharedAPIInfra;
			sourceTree = "<group>";
		};
		1259350128C28762007F7E99 /* Helpers */ = {
			isa = PBXGroup;
			children = (
				1213CD1F284CE00B00A7C8B6 /* URLProtocolStub.swift */,
			);
			path = Helpers;
			sourceTree = "<group>";
		};
		1259350228C287EB007F7E99 /* ImageCommentsAPI */ = {
			isa = PBXGroup;
			children = (
				125934F728C2635C007F7E99 /* ImageCommentsMapper.swift */,
			);
			path = ImageCommentsAPI;
			sourceTree = "<group>";
		};
		1259350328C28845007F7E99 /* ImageCommentsAPI */ = {
			isa = PBXGroup;
			children = (
				125934F128C260F5007F7E99 /* ImageCommentsMapperTests.swift */,
			);
			path = ImageCommentsAPI;
			sourceTree = "<group>";
		};
		126327B027DF589C0047B02E /* FeedCache */ = {
			isa = PBXGroup;
			children = (
				12C769F72854CB4F0082B8E1 /* CacheFeedImageDataUseCaseTests.swift */,
				126327B127DF58C10047B02E /* CacheFeedUseCaseTests.swift */,
				12C769FA2855587A0082B8E1 /* CoreDataFeedImageDataStoreTests.swift */,
				12B0030227F0D46300097392 /* CoreDataFeedStoreTests.swift */,
				12FB7E5927DFA8E20054F142 /* LoadFeedFromCacheUseCaseTests.swift */,
				1213CD21284D1BA700A7C8B6 /* LoadFeedImageDataFromCacheUseCaseTests.swift */,
				125CB15027E781E50056B26F /* ValidateFeedCacheUseCaseTests.swift */,
				12B0030127F0D39800097392 /* FeedStoreSpecs */,
				12FB7E5B27DFAA1D0054F142 /* Helpers */,
			);
			path = FeedCache;
			sourceTree = "<group>";
		};
		126327B327DF88370047B02E /* FeedCache */ = {
			isa = PBXGroup;
			children = (
				1251E11827ECD442006280D5 /* FeedCachePolicy.swift */,
				126327B627DF89160047B02E /* FeedStore.swift */,
				126327BA27DF95BD0047B02E /* LocalFeedImage.swift */,
				12C769F12850C9790082B8E1 /* LocalFeedImageDataLoader.swift */,
				126327B427DF88670047B02E /* LocalFeedLoader.swift */,
				12C769EF2850C8F40082B8E1 /* FeedImageDataStore.swift */,
				12BEA8BC280DD112002BE876 /* Infrastructure */,
			);
			path = FeedCache;
			sourceTree = "<group>";
		};
		1264909628C7312400617543 /* ImageCommentsPresentation */ = {
			isa = PBXGroup;
			children = (
				1264909A28C7329900617543 /* ImageCommentsPresenter.swift */,
				126490A228C734AE00617543 /* ImageComments.strings */,
			);
			path = ImageCommentsPresentation;
			sourceTree = "<group>";
		};
		1264909728C7317000617543 /* ImageCommentsPresentation */ = {
			isa = PBXGroup;
			children = (
				1264909828C731A500617543 /* ImageCommentsPresenterTests.swift */,
				1264909E28C7344400617543 /* ImageCommentsLocalizationTests.swift */,
			);
			path = ImageCommentsPresentation;
			sourceTree = "<group>";
		};
		126490A628C7745B00617543 /* SharedUI */ = {
			isa = PBXGroup;
			children = (
				126490A728C774AB00617543 /* Controllers */,
				126490A828C774B600617543 /* Views */,
			);
			path = SharedUI;
			sourceTree = "<group>";
		};
		126490A728C774AB00617543 /* Controllers */ = {
			isa = PBXGroup;
			children = (
				12FFF7FB283E174400D1DEA6 /* ListViewController.swift */,
			);
			path = Controllers;
			sourceTree = "<group>";
		};
		126490A828C774B600617543 /* Views */ = {
			isa = PBXGroup;
			children = (
				126490A928C774CF00617543 /* Helpers */,
				12D71A37284B61F900534434 /* ErrorView.swift */,
			);
			path = Views;
			sourceTree = "<group>";
		};
		126490A928C774CF00617543 /* Helpers */ = {
			isa = PBXGroup;
			children = (
				12D71A3C284B713C00534434 /* UIRefreshControl+Helpers.swift */,
				1281846428436ED100C22673 /* UITableView+Dequeueing.swift */,
				124916342892A81D0028F96F /* UITableView+HeaderSizing.swift */,
			);
			path = Helpers;
			sourceTree = "<group>";
		};
		126EAF8C28C3D30200178179 /* SharedPresentation */ = {
			isa = PBXGroup;
			children = (
				126EAF8D28C3D32000178179 /* LoadResourcePresenterTests.swift */,
				12DAD69528C611E3000493AB /* SharedLocalizationTests.swift */,
			);
			path = SharedPresentation;
			sourceTree = "<group>";
		};
		127DB1D727CB813C006B9997 /* EssentialFeedAPIEndToEndTests */ = {
			isa = PBXGroup;
			children = (
				127DB1D827CB813C006B9997 /* EssentialFeedAPIEndToEndTests.swift */,
			);
			path = EssentialFeedAPIEndToEndTests;
			sourceTree = "<group>";
		};
		1286D2D727C7700B0019437A /* Helpers */ = {
			isa = PBXGroup;
			children = (
				125CB15427E9CA190056B26F /* SharedTestHelpers.swift */,
				12DAD69D28C62947000493AB /* SharedLocalizationTestHelpers.swift */,
				1286D2D827C770320019437A /* XCTestCase+MemoryLeakTrackingHelper.swift */,
			);
			path = Helpers;
			sourceTree = "<group>";
		};
		12B0030127F0D39800097392 /* FeedStoreSpecs */ = {
			isa = PBXGroup;
			children = (
				12B002F327F0BDA000097392 /* FeedStoreSpecs.swift */,
				12B002F527F0BFE300097392 /* XCTestCase+FeedStoreSpecs.swift */,
				12B002FD27F0D04B00097392 /* XCTestCase+FailableInsertFeedStoreSpecs.swift */,
				12B002FF27F0D21100097392 /* XCTestCase+FailableDeleteFeedStoreSpecs.swift */,
				12B002FB27F0CE4700097392 /* XCTestCase+FailableRetrieveFeedStoreSpecs.swift */,
			);
			path = FeedStoreSpecs;
			sourceTree = "<group>";
		};
		12B46FE1283A854500C855E0 /* Frameworks */ = {
			isa = PBXGroup;
			children = (
			);
			name = Frameworks;
			sourceTree = "<group>";
		};
		12BEA8BC280DD112002BE876 /* Infrastructure */ = {
			isa = PBXGroup;
			children = (
				12BEA8BD280DD11D002BE876 /* CoreData */,
			);
			path = Infrastructure;
			sourceTree = "<group>";
		};
		12BEA8BD280DD11D002BE876 /* CoreData */ = {
			isa = PBXGroup;
			children = (
				12B0030427F0DE5300097392 /* CoreDataFeedStore.swift */,
				12C769FD2855673C0082B8E1 /* CoreDataFeedStore+FeedImageDataLoader.swift */,
				12B98176285F618200E2B254 /* CoreDataFeedStore+FeedStore.swift */,
				12BEA8BE280DD1A5002BE876 /* CoreDataHelpers.swift */,
				12BEA8C0280DD2CB002BE876 /* ManagedCache.swift */,
				12BEA8C2280DD329002BE876 /* ManagedImage.swift */,
				12D222B927FC68970006987C /* FeedStore.xcdatamodeld */,
			);
			path = CoreData;
			sourceTree = "<group>";
		};
		12BEA8C9280DD5C0002BE876 /* EssentialFeedCacheIntegrationTests */ = {
			isa = PBXGroup;
			children = (
				12BEA8CA280DD5C0002BE876 /* EssentialFeedCacheIntegrationTests.swift */,
			);
			path = EssentialFeedCacheIntegrationTests;
			sourceTree = "<group>";
		};
		12D71A39284B700400534434 /* Helpers */ = {
			isa = PBXGroup;
			children = (
				128184662843701200C22673 /* UIImageView+Animations.swift */,
				12305318283FA84E00FD5558 /* UIView+Shimmering.swift */,
			);
			path = Helpers;
			sourceTree = "<group>";
		};
		12D71A41284B74F200534434 /* FeedPresentation */ = {
			isa = PBXGroup;
			children = (
				1213CD0D284BC10800A7C8B6 /* FeedImagePresenterTests.swift */,
				126F6ED72843BE1800CBC4DE /* FeedLocalizationTests.swift */,
				12D71A42284B750400534434 /* FeedPresenterTests.swift */,
			);
			path = FeedPresentation;
			sourceTree = "<group>";
		};
		12DAD69228C3D4CA000493AB /* SharedPresentation */ = {
			isa = PBXGroup;
			children = (
				1264909228C62CCF00617543 /* ResourceLoadingView.swift */,
				123D92E3284BA50D00E9E3E4 /* ResourceLoadingViewModel.swift */,
				12DAD69028C3D4AC000493AB /* LoadResourcePresenter.swift */,
				1264909428C62D6100617543 /* ResourceErrorView.swift */,
				123D92E1284BA4EC00E9E3E4 /* ResourceErrorViewModel.swift */,
				12DAD69928C61502000493AB /* Shared.strings */,
			);
			path = SharedPresentation;
			sourceTree = "<group>";
		};
		12FB7E5B27DFAA1D0054F142 /* Helpers */ = {
			isa = PBXGroup;
			children = (
				12FB7E5C27DFAA340054F142 /* FeedStoreSpy.swift */,
				125CB15227E9C8F70056B26F /* FeedCacheTestHelpers.swift */,
				12C769F32854C6FD0082B8E1 /* FeedImageDataStoreSpy.swift */,
			);
			path = Helpers;
			sourceTree = "<group>";
		};
/* End PBXGroup section */

/* Begin PBXHeadersBuildPhase section */
		12380835283906BA001B63EF /* Headers */ = {
			isa = PBXHeadersBuildPhase;
			buildActionMask = 2147483647;
			files = (
			);
			runOnlyForDeploymentPostprocessing = 0;
		};
		124669FB27C10339009D25E3 /* Headers */ = {
			isa = PBXHeadersBuildPhase;
			buildActionMask = 2147483647;
			files = (
				12466A1127C10339009D25E3 /* EssentialFeed.h in Headers */,
			);
			runOnlyForDeploymentPostprocessing = 0;
		};
/* End PBXHeadersBuildPhase section */

/* Begin PBXNativeTarget section */
		12380839283906BA001B63EF /* EssentialFeediOS */ = {
			isa = PBXNativeTarget;
			buildConfigurationList = 12380849283906BA001B63EF /* Build configuration list for PBXNativeTarget "EssentialFeediOS" */;
			buildPhases = (
				12380835283906BA001B63EF /* Headers */,
				12380836283906BA001B63EF /* Sources */,
				12380837283906BA001B63EF /* Frameworks */,
				12380838283906BA001B63EF /* Resources */,
				12B46FE6283A854500C855E0 /* Embed Frameworks */,
			);
			buildRules = (
			);
			dependencies = (
				12B46FE5283A854500C855E0 /* PBXTargetDependency */,
			);
			name = EssentialFeediOS;
			productName = EssentialFeediOS;
			productReference = 1238083A283906BA001B63EF /* EssentialFeediOS.framework */;
			productType = "com.apple.product-type.framework";
		};
		124669FF27C10339009D25E3 /* EssentialFeed */ = {
			isa = PBXNativeTarget;
			buildConfigurationList = 12466A1427C10339009D25E3 /* Build configuration list for PBXNativeTarget "EssentialFeed" */;
			buildPhases = (
				124669FB27C10339009D25E3 /* Headers */,
				124669FC27C10339009D25E3 /* Sources */,
				124669FD27C10339009D25E3 /* Frameworks */,
				124669FE27C10339009D25E3 /* Resources */,
			);
			buildRules = (
			);
			dependencies = (
			);
			name = EssentialFeed;
			productName = EssentialFeed;
			productReference = 12466A0027C10339009D25E3 /* EssentialFeed.framework */;
			productType = "com.apple.product-type.framework";
		};
		12466A0927C10339009D25E3 /* EssentialFeedTests */ = {
			isa = PBXNativeTarget;
			buildConfigurationList = 12466A1727C10339009D25E3 /* Build configuration list for PBXNativeTarget "EssentialFeedTests" */;
			buildPhases = (
				12466A0627C10339009D25E3 /* Sources */,
				12466A0727C10339009D25E3 /* Frameworks */,
				12466A0827C10339009D25E3 /* Resources */,
			);
			buildRules = (
			);
			dependencies = (
				12466A0D27C10339009D25E3 /* PBXTargetDependency */,
			);
			name = EssentialFeedTests;
			productName = EssentialFeedTests;
			productReference = 12466A0A27C10339009D25E3 /* EssentialFeedTests.xctest */;
			productType = "com.apple.product-type.bundle.unit-test";
		};
		1249162628929E0E0028F96F /* EssentialFeediOSTests */ = {
			isa = PBXNativeTarget;
			buildConfigurationList = 1249162E28929E0E0028F96F /* Build configuration list for PBXNativeTarget "EssentialFeediOSTests" */;
			buildPhases = (
				1249162328929E0E0028F96F /* Sources */,
				1249162428929E0E0028F96F /* Frameworks */,
				1249162528929E0E0028F96F /* Resources */,
			);
			buildRules = (
			);
			dependencies = (
				1249162D28929E0E0028F96F /* PBXTargetDependency */,
			);
			name = EssentialFeediOSTests;
			productName = EssentialFeediOSTests;
			productReference = 1249162728929E0E0028F96F /* EssentialFeediOSTests.xctest */;
			productType = "com.apple.product-type.bundle.unit-test";
		};
		127DB1D527CB813C006B9997 /* EssentialFeedAPIEndToEndTests */ = {
			isa = PBXNativeTarget;
			buildConfigurationList = 127DB1DF27CB813C006B9997 /* Build configuration list for PBXNativeTarget "EssentialFeedAPIEndToEndTests" */;
			buildPhases = (
				127DB1D227CB813C006B9997 /* Sources */,
				127DB1D327CB813C006B9997 /* Frameworks */,
				127DB1D427CB813C006B9997 /* Resources */,
			);
			buildRules = (
			);
			dependencies = (
				127DB1DC27CB813C006B9997 /* PBXTargetDependency */,
			);
			name = EssentialFeedAPIEndToEndTests;
			productName = EssentialFeedAPIEndToEndTests;
			productReference = 127DB1D627CB813C006B9997 /* EssentialFeedAPIEndToEndTests.xctest */;
			productType = "com.apple.product-type.bundle.unit-test";
		};
		12BEA8C7280DD5C0002BE876 /* EssentialFeedCacheIntegrationTests */ = {
			isa = PBXNativeTarget;
			buildConfigurationList = 12BEA8CF280DD5C0002BE876 /* Build configuration list for PBXNativeTarget "EssentialFeedCacheIntegrationTests" */;
			buildPhases = (
				12BEA8C4280DD5C0002BE876 /* Sources */,
				12BEA8C5280DD5C0002BE876 /* Frameworks */,
				12BEA8C6280DD5C0002BE876 /* Resources */,
			);
			buildRules = (
			);
			dependencies = (
				12BEA8CE280DD5C0002BE876 /* PBXTargetDependency */,
			);
			name = EssentialFeedCacheIntegrationTests;
			productName = EssentialFeedCacheIntegrationTests;
			productReference = 12BEA8C8280DD5C0002BE876 /* EssentialFeedCacheIntegrationTests.xctest */;
			productType = "com.apple.product-type.bundle.unit-test";
		};
/* End PBXNativeTarget section */

/* Begin PBXProject section */
		124669F727C10339009D25E3 /* Project object */ = {
			isa = PBXProject;
			attributes = {
				BuildIndependentTargetsInParallel = 1;
				LastSwiftUpdateCheck = 1340;
				LastUpgradeCheck = 1320;
				TargetAttributes = {
					12380839283906BA001B63EF = {
						CreatedOnToolsVersion = 13.4;
						LastSwiftMigration = 1320;
					};
					124669FF27C10339009D25E3 = {
						CreatedOnToolsVersion = 13.2.1;
					};
					12466A0927C10339009D25E3 = {
						CreatedOnToolsVersion = 13.2.1;
					};
					1249162628929E0E0028F96F = {
						CreatedOnToolsVersion = 13.4.1;
					};
					127DB1D527CB813C006B9997 = {
						CreatedOnToolsVersion = 13.2.1;
					};
					12BEA8C7280DD5C0002BE876 = {
						CreatedOnToolsVersion = 13.3.1;
					};
				};
			};
			buildConfigurationList = 124669FA27C10339009D25E3 /* Build configuration list for PBXProject "EssentialFeed" */;
			compatibilityVersion = "Xcode 12.0";
			developmentRegion = en;
			hasScannedForEncodings = 0;
			knownRegions = (
				en,
				Base,
				"pt-BR",
				ja,
				el,
			);
			mainGroup = 124669F627C10339009D25E3;
			productRefGroup = 12466A0127C10339009D25E3 /* Products */;
			projectDirPath = "";
			projectRoot = "";
			targets = (
				124669FF27C10339009D25E3 /* EssentialFeed */,
				12466A0927C10339009D25E3 /* EssentialFeedTests */,
				127DB1D527CB813C006B9997 /* EssentialFeedAPIEndToEndTests */,
				12BEA8C7280DD5C0002BE876 /* EssentialFeedCacheIntegrationTests */,
				12380839283906BA001B63EF /* EssentialFeediOS */,
				1249162628929E0E0028F96F /* EssentialFeediOSTests */,
			);
		};
/* End PBXProject section */

/* Begin PBXResourcesBuildPhase section */
		12380838283906BA001B63EF /* Resources */ = {
			isa = PBXResourcesBuildPhase;
			buildActionMask = 2147483647;
			files = (
				12623CE728435AF00030EAC6 /* Feed.storyboard in Resources */,
				1281846328435C2000C22673 /* Feed.xcassets in Resources */,
				123D92E6284BA72100E9E3E4 /* Feed.strings in Resources */,
			);
			runOnlyForDeploymentPostprocessing = 0;
		};
		124669FE27C10339009D25E3 /* Resources */ = {
			isa = PBXResourcesBuildPhase;
			buildActionMask = 2147483647;
			files = (
				123D92DE284BA40200E9E3E4 /* Feed.strings in Resources */,
				12DAD69728C61502000493AB /* Shared.strings in Resources */,
				126490A028C734AE00617543 /* ImageComments.strings in Resources */,
			);
			runOnlyForDeploymentPostprocessing = 0;
		};
		12466A0827C10339009D25E3 /* Resources */ = {
			isa = PBXResourcesBuildPhase;
			buildActionMask = 2147483647;
			files = (
			);
			runOnlyForDeploymentPostprocessing = 0;
		};
		1249162528929E0E0028F96F /* Resources */ = {
			isa = PBXResourcesBuildPhase;
			buildActionMask = 2147483647;
			files = (
			);
			runOnlyForDeploymentPostprocessing = 0;
		};
		127DB1D427CB813C006B9997 /* Resources */ = {
			isa = PBXResourcesBuildPhase;
			buildActionMask = 2147483647;
			files = (
			);
			runOnlyForDeploymentPostprocessing = 0;
		};
		12BEA8C6280DD5C0002BE876 /* Resources */ = {
			isa = PBXResourcesBuildPhase;
			buildActionMask = 2147483647;
			files = (
			);
			runOnlyForDeploymentPostprocessing = 0;
		};
/* End PBXResourcesBuildPhase section */

/* Begin PBXSourcesBuildPhase section */
		12380836283906BA001B63EF /* Sources */ = {
			isa = PBXSourcesBuildPhase;
			buildActionMask = 2147483647;
			files = (
				124916352892A81D0028F96F /* UITableView+HeaderSizing.swift in Sources */,
				12D71A38284B61F900534434 /* ErrorView.swift in Sources */,
				12D71A3D284B713C00534434 /* UIRefreshControl+Helpers.swift in Sources */,
				1281846528436ED100C22673 /* UITableView+Dequeueing.swift in Sources */,
				12305319283FA84E00FD5558 /* UIView+Shimmering.swift in Sources */,
				128184672843701200C22673 /* UIImageView+Animations.swift in Sources */,
				12FFF7FC283E174400D1DEA6 /* ListViewController.swift in Sources */,
				12FFF7FF283EA17400D1DEA6 /* FeedImageCell.swift in Sources */,
				1230533B2841557300FD5558 /* FeedImageCellController.swift in Sources */,
			);
			runOnlyForDeploymentPostprocessing = 0;
		};
		124669FC27C10339009D25E3 /* Sources */ = {
			isa = PBXSourcesBuildPhase;
			buildActionMask = 2147483647;
			files = (
				1264909B28C7329900617543 /* ImageCommentsPresenter.swift in Sources */,
				125934FA28C267FC007F7E99 /* ImageComment.swift in Sources */,
				123D92E0284BA44800E9E3E4 /* FeedViewModel.swift in Sources */,
				126327BB27DF95BD0047B02E /* LocalFeedImage.swift in Sources */,
				1264909328C62CCF00617543 /* ResourceLoadingView.swift in Sources */,
				12D222BB27FC68970006987C /* FeedStore.xcdatamodeld in Sources */,
				126327B727DF89160047B02E /* FeedStore.swift in Sources */,
				12BEA8C3280DD329002BE876 /* ManagedImage.swift in Sources */,
				1259350A28C3A8CF007F7E99 /* FeedImageDataMapper.swift in Sources */,
				12C769F02850C8F40082B8E1 /* FeedImageDataStore.swift in Sources */,
				123D92DD284BA24B00E9E3E4 /* FeedPresenter.swift in Sources */,
				1264909528C62D6100617543 /* ResourceErrorView.swift in Sources */,
				1213CD10284BF2E300A7C8B6 /* FeedImagePresenter.swift in Sources */,
				125E00EB27CB7E00009270E9 /* URLSessionHTTPClient.swift in Sources */,
				122905FE27C26A8C0096F54E /* HTTPClient.swift in Sources */,
				12BEA8BF280DD1A5002BE876 /* CoreDataHelpers.swift in Sources */,
				12466A1D27C1045C009D25E3 /* FeedLoader.swift in Sources */,
				1213CD13284CA6B900A7C8B6 /* FeedImageDataLoader.swift in Sources */,
				12B98177285F618200E2B254 /* CoreDataFeedStore+FeedStore.swift in Sources */,
				12B0030527F0DE5300097392 /* CoreDataFeedStore.swift in Sources */,
				12BEA8C1280DD2CB002BE876 /* ManagedCache.swift in Sources */,
				1229060427C298CA0096F54E /* FeedItemsMapper.swift in Sources */,
				1213CD1D284CDF6B00A7C8B6 /* HTTPURLResponse+StatusCode.swift in Sources */,
				125A6F402885C79100B71698 /* FeedCache.swift in Sources */,
				12C769FE2855673C0082B8E1 /* CoreDataFeedStore+FeedImageDataLoader.swift in Sources */,
				125934F828C2635C007F7E99 /* ImageCommentsMapper.swift in Sources */,
				1251E11927ECD442006280D5 /* FeedCachePolicy.swift in Sources */,
				12DAD69128C3D4AD000493AB /* LoadResourcePresenter.swift in Sources */,
				12466A1B27C1041A009D25E3 /* FeedImage.swift in Sources */,
				125A6F4A2885D86A00B71698 /* FeedImageDataCache.swift in Sources */,
				123D92E2284BA4EC00E9E3E4 /* ResourceErrorViewModel.swift in Sources */,
				1213CD12284BF5C500A7C8B6 /* FeedImageViewModel.swift in Sources */,
				12C769F22850C9790082B8E1 /* LocalFeedImageDataLoader.swift in Sources */,
				123D92E4284BA50D00E9E3E4 /* ResourceLoadingViewModel.swift in Sources */,
				126327B527DF88670047B02E /* LocalFeedLoader.swift in Sources */,
				12466A0527C10339009D25E3 /* EssentialFeed.docc in Sources */,
			);
			runOnlyForDeploymentPostprocessing = 0;
		};
		12466A0627C10339009D25E3 /* Sources */ = {
			isa = PBXSourcesBuildPhase;
			buildActionMask = 2147483647;
			files = (
				125CB15327E9C8F70056B26F /* FeedCacheTestHelpers.swift in Sources */,
				12DAD69E28C62947000493AB /* SharedLocalizationTestHelpers.swift in Sources */,
				1213CD20284CE00B00A7C8B6 /* URLProtocolStub.swift in Sources */,
				125CB15127E781E50056B26F /* ValidateFeedCacheUseCaseTests.swift in Sources */,
				12D71A43284B750400534434 /* FeedPresenterTests.swift in Sources */,
				12466A1027C10339009D25E3 /* FeedItemsMapperTests.swift in Sources */,
				1213CD0E284BC10900A7C8B6 /* FeedImagePresenterTests.swift in Sources */,
				12B002FE27F0D04B00097392 /* XCTestCase+FailableInsertFeedStoreSpecs.swift in Sources */,
				123D92E5284BA64500E9E3E4 /* FeedLocalizationTests.swift in Sources */,
				1264909928C731A500617543 /* ImageCommentsPresenterTests.swift in Sources */,
				12C769F92854CB7E0082B8E1 /* CacheFeedImageDataUseCaseTests.swift in Sources */,
				1286D2D927C770320019437A /* XCTestCase+MemoryLeakTrackingHelper.swift in Sources */,
				1213CD15284CA84700A7C8B6 /* FeedImageDataMapperTests.swift in Sources */,
				1213CD22284D1BA700A7C8B6 /* LoadFeedImageDataFromCacheUseCaseTests.swift in Sources */,
				125934F228C260F5007F7E99 /* ImageCommentsMapperTests.swift in Sources */,
				12FB7E5D27DFAA340054F142 /* FeedStoreSpy.swift in Sources */,
				125CB15527E9CA190056B26F /* SharedTestHelpers.swift in Sources */,
				126327B227DF58C10047B02E /* CacheFeedUseCaseTests.swift in Sources */,
				12DAD69628C611E3000493AB /* SharedLocalizationTests.swift in Sources */,
				12C769F42854C6FD0082B8E1 /* FeedImageDataStoreSpy.swift in Sources */,
				1264909F28C7344400617543 /* ImageCommentsLocalizationTests.swift in Sources */,
				12C769FB2855587A0082B8E1 /* CoreDataFeedImageDataStoreTests.swift in Sources */,
				12B0030027F0D21100097392 /* XCTestCase+FailableDeleteFeedStoreSpecs.swift in Sources */,
				12B002FC27F0CE4700097392 /* XCTestCase+FailableRetrieveFeedStoreSpecs.swift in Sources */,
				12FB7E5A27DFA8E20054F142 /* LoadFeedFromCacheUseCaseTests.swift in Sources */,
				12B002F427F0BDA000097392 /* FeedStoreSpecs.swift in Sources */,
				126EAF8E28C3D32000178179 /* LoadResourcePresenterTests.swift in Sources */,
				1229060727C2AE2D0096F54E /* URLSessionHTTPClientTests.swift in Sources */,
				12B0030327F0D46300097392 /* CoreDataFeedStoreTests.swift in Sources */,
				12B002F627F0BFE300097392 /* XCTestCase+FeedStoreSpecs.swift in Sources */,
			);
			runOnlyForDeploymentPostprocessing = 0;
		};
		1249162328929E0E0028F96F /* Sources */ = {
			isa = PBXSourcesBuildPhase;
			buildActionMask = 2147483647;
			files = (
				1249162A28929E0E0028F96F /* FeedSnapshotTests.swift in Sources */,
				124916372892CC680028F96F /* UIViewController+Snapshot.swift in Sources */,
				124916392892CCE40028F96F /* XCTestCase+Snapshot.swift in Sources */,
				124916332892A6960028F96F /* UIImage+TestHelpers.swift in Sources */,
			);
			runOnlyForDeploymentPostprocessing = 0;
		};
		127DB1D227CB813C006B9997 /* Sources */ = {
			isa = PBXSourcesBuildPhase;
			buildActionMask = 2147483647;
			files = (
				127DB1D927CB813C006B9997 /* EssentialFeedAPIEndToEndTests.swift in Sources */,
				127DB1E027CB87C3006B9997 /* XCTestCase+MemoryLeakTrackingHelper.swift in Sources */,
			);
			runOnlyForDeploymentPostprocessing = 0;
		};
		12BEA8C4280DD5C0002BE876 /* Sources */ = {
			isa = PBXSourcesBuildPhase;
			buildActionMask = 2147483647;
			files = (
				12BEA8D4280DDB04002BE876 /* SharedTestHelpers.swift in Sources */,
				12BEA8CB280DD5C0002BE876 /* EssentialFeedCacheIntegrationTests.swift in Sources */,
				12BEA8D3280DDAAC002BE876 /* FeedCacheTestHelpers.swift in Sources */,
				12BEA8D2280DD88C002BE876 /* XCTestCase+MemoryLeakTrackingHelper.swift in Sources */,
			);
			runOnlyForDeploymentPostprocessing = 0;
		};
/* End PBXSourcesBuildPhase section */

/* Begin PBXTargetDependency section */
		12466A0D27C10339009D25E3 /* PBXTargetDependency */ = {
			isa = PBXTargetDependency;
			target = 124669FF27C10339009D25E3 /* EssentialFeed */;
			targetProxy = 12466A0C27C10339009D25E3 /* PBXContainerItemProxy */;
		};
		1249162D28929E0E0028F96F /* PBXTargetDependency */ = {
			isa = PBXTargetDependency;
			target = 12380839283906BA001B63EF /* EssentialFeediOS */;
			targetProxy = 1249162C28929E0E0028F96F /* PBXContainerItemProxy */;
		};
		127DB1DC27CB813C006B9997 /* PBXTargetDependency */ = {
			isa = PBXTargetDependency;
			target = 124669FF27C10339009D25E3 /* EssentialFeed */;
			targetProxy = 127DB1DB27CB813C006B9997 /* PBXContainerItemProxy */;
		};
		12B46FE5283A854500C855E0 /* PBXTargetDependency */ = {
			isa = PBXTargetDependency;
			platformFilter = ios;
			target = 124669FF27C10339009D25E3 /* EssentialFeed */;
			targetProxy = 12B46FE4283A854500C855E0 /* PBXContainerItemProxy */;
		};
		12BEA8CE280DD5C0002BE876 /* PBXTargetDependency */ = {
			isa = PBXTargetDependency;
			target = 124669FF27C10339009D25E3 /* EssentialFeed */;
			targetProxy = 12BEA8CD280DD5C0002BE876 /* PBXContainerItemProxy */;
		};
/* End PBXTargetDependency section */

/* Begin PBXVariantGroup section */
		123D92D7284B9FF000E9E3E4 /* Feed.strings */ = {
			isa = PBXVariantGroup;
			children = (
				123D92D6284B9FF000E9E3E4 /* en */,
				123D92D8284B9FF400E9E3E4 /* el */,
				123D92D9284B9FF500E9E3E4 /* ja */,
				123D92DA284B9FF600E9E3E4 /* pt-BR */,
			);
			name = Feed.strings;
			sourceTree = "<group>";
		};
		126490A228C734AE00617543 /* ImageComments.strings */ = {
			isa = PBXVariantGroup;
			children = (
				126490A128C734AE00617543 /* en */,
				126490A328C734AF00617543 /* el */,
				126490A428C734B100617543 /* ja */,
				126490A528C734B100617543 /* pt-BR */,
			);
			name = ImageComments.strings;
			sourceTree = "<group>";
		};
		12DAD69928C61502000493AB /* Shared.strings */ = {
			isa = PBXVariantGroup;
			children = (
				12DAD69828C61502000493AB /* en */,
				12DAD69A28C61504000493AB /* el */,
				12DAD69B28C61505000493AB /* pt-BR */,
				12DAD69C28C61506000493AB /* ja */,
			);
			name = Shared.strings;
			sourceTree = "<group>";
		};
/* End PBXVariantGroup section */

/* Begin XCBuildConfiguration section */
		1238084A283906BA001B63EF /* Debug */ = {
			isa = XCBuildConfiguration;
			buildSettings = {
				CLANG_ENABLE_MODULES = YES;
				CODE_SIGN_STYLE = Automatic;
				CURRENT_PROJECT_VERSION = 1;
				DEFINES_MODULE = YES;
				DEVELOPMENT_TEAM = X6M775UK8W;
				DYLIB_COMPATIBILITY_VERSION = 1;
				DYLIB_CURRENT_VERSION = 1;
				DYLIB_INSTALL_NAME_BASE = "@rpath";
				GENERATE_INFOPLIST_FILE = YES;
				INFOPLIST_KEY_NSHumanReadableCopyright = "";
				INSTALL_PATH = "$(LOCAL_LIBRARY_DIR)/Frameworks";
				IPHONEOS_DEPLOYMENT_TARGET = 15.2;
				LD_RUNPATH_SEARCH_PATHS = (
					"$(inherited)",
					"@executable_path/Frameworks",
					"@loader_path/Frameworks",
				);
				MARKETING_VERSION = 1.0;
				PRODUCT_BUNDLE_IDENTIFIER = com.dsmith42.EssentialFeediOS;
				PRODUCT_NAME = "$(TARGET_NAME:c99extidentifier)";
				SDKROOT = iphoneos;
				SKIP_INSTALL = YES;
				SWIFT_EMIT_LOC_STRINGS = YES;
				SWIFT_OPTIMIZATION_LEVEL = "-Onone";
				SWIFT_VERSION = 5.0;
				TARGETED_DEVICE_FAMILY = "1,2";
			};
			name = Debug;
		};
		1238084B283906BA001B63EF /* Release */ = {
			isa = XCBuildConfiguration;
			buildSettings = {
				CLANG_ENABLE_MODULES = YES;
				CODE_SIGN_STYLE = Automatic;
				CURRENT_PROJECT_VERSION = 1;
				DEFINES_MODULE = YES;
				DEVELOPMENT_TEAM = X6M775UK8W;
				DYLIB_COMPATIBILITY_VERSION = 1;
				DYLIB_CURRENT_VERSION = 1;
				DYLIB_INSTALL_NAME_BASE = "@rpath";
				GENERATE_INFOPLIST_FILE = YES;
				INFOPLIST_KEY_NSHumanReadableCopyright = "";
				INSTALL_PATH = "$(LOCAL_LIBRARY_DIR)/Frameworks";
				IPHONEOS_DEPLOYMENT_TARGET = 15.2;
				LD_RUNPATH_SEARCH_PATHS = (
					"$(inherited)",
					"@executable_path/Frameworks",
					"@loader_path/Frameworks",
				);
				MARKETING_VERSION = 1.0;
				PRODUCT_BUNDLE_IDENTIFIER = com.dsmith42.EssentialFeediOS;
				PRODUCT_NAME = "$(TARGET_NAME:c99extidentifier)";
				SDKROOT = iphoneos;
				SKIP_INSTALL = YES;
				SWIFT_EMIT_LOC_STRINGS = YES;
				SWIFT_VERSION = 5.0;
				TARGETED_DEVICE_FAMILY = "1,2";
				VALIDATE_PRODUCT = YES;
			};
			name = Release;
		};
		12466A1227C10339009D25E3 /* Debug */ = {
			isa = XCBuildConfiguration;
			buildSettings = {
				ALWAYS_SEARCH_USER_PATHS = NO;
				CLANG_ANALYZER_LOCALIZABILITY_NONLOCALIZED = YES;
				CLANG_ANALYZER_NONNULL = YES;
				CLANG_ANALYZER_NUMBER_OBJECT_CONVERSION = YES_AGGRESSIVE;
				CLANG_CXX_LANGUAGE_STANDARD = "gnu++17";
				CLANG_CXX_LIBRARY = "libc++";
				CLANG_ENABLE_MODULES = YES;
				CLANG_ENABLE_OBJC_ARC = YES;
				CLANG_ENABLE_OBJC_WEAK = YES;
				CLANG_WARN_BLOCK_CAPTURE_AUTORELEASING = YES;
				CLANG_WARN_BOOL_CONVERSION = YES;
				CLANG_WARN_COMMA = YES;
				CLANG_WARN_CONSTANT_CONVERSION = YES;
				CLANG_WARN_DEPRECATED_OBJC_IMPLEMENTATIONS = YES;
				CLANG_WARN_DIRECT_OBJC_ISA_USAGE = YES_ERROR;
				CLANG_WARN_DOCUMENTATION_COMMENTS = YES;
				CLANG_WARN_EMPTY_BODY = YES;
				CLANG_WARN_ENUM_CONVERSION = YES;
				CLANG_WARN_INFINITE_RECURSION = YES;
				CLANG_WARN_INT_CONVERSION = YES;
				CLANG_WARN_NON_LITERAL_NULL_CONVERSION = YES;
				CLANG_WARN_OBJC_IMPLICIT_RETAIN_SELF = YES;
				CLANG_WARN_OBJC_LITERAL_CONVERSION = YES;
				CLANG_WARN_OBJC_ROOT_CLASS = YES_ERROR;
				CLANG_WARN_QUOTED_INCLUDE_IN_FRAMEWORK_HEADER = YES;
				CLANG_WARN_RANGE_LOOP_ANALYSIS = YES;
				CLANG_WARN_STRICT_PROTOTYPES = YES;
				CLANG_WARN_SUSPICIOUS_MOVE = YES;
				CLANG_WARN_UNGUARDED_AVAILABILITY = YES_AGGRESSIVE;
				CLANG_WARN_UNREACHABLE_CODE = YES;
				CLANG_WARN__DUPLICATE_METHOD_MATCH = YES;
				COPY_PHASE_STRIP = NO;
				CURRENT_PROJECT_VERSION = 1;
				DEBUG_INFORMATION_FORMAT = dwarf;
				ENABLE_STRICT_OBJC_MSGSEND = YES;
				ENABLE_TESTABILITY = YES;
				GCC_C_LANGUAGE_STANDARD = gnu11;
				GCC_DYNAMIC_NO_PIC = NO;
				GCC_NO_COMMON_BLOCKS = YES;
				GCC_OPTIMIZATION_LEVEL = 0;
				GCC_PREPROCESSOR_DEFINITIONS = (
					"DEBUG=1",
					"$(inherited)",
				);
				GCC_WARN_64_TO_32_BIT_CONVERSION = YES;
				GCC_WARN_ABOUT_RETURN_TYPE = YES_ERROR;
				GCC_WARN_UNDECLARED_SELECTOR = YES;
				GCC_WARN_UNINITIALIZED_AUTOS = YES_AGGRESSIVE;
				GCC_WARN_UNUSED_FUNCTION = YES;
				GCC_WARN_UNUSED_VARIABLE = YES;
				IPHONEOS_DEPLOYMENT_TARGET = 15.2;
				MACOSX_DEPLOYMENT_TARGET = 11.5;
				MTL_ENABLE_DEBUG_INFO = INCLUDE_SOURCE;
				MTL_FAST_MATH = YES;
				ONLY_ACTIVE_ARCH = YES;
				SDKROOT = macosx;
				SWIFT_ACTIVE_COMPILATION_CONDITIONS = DEBUG;
				SWIFT_OPTIMIZATION_LEVEL = "-Onone";
				VERSIONING_SYSTEM = "apple-generic";
				VERSION_INFO_PREFIX = "";
			};
			name = Debug;
		};
		12466A1327C10339009D25E3 /* Release */ = {
			isa = XCBuildConfiguration;
			buildSettings = {
				ALWAYS_SEARCH_USER_PATHS = NO;
				CLANG_ANALYZER_LOCALIZABILITY_NONLOCALIZED = YES;
				CLANG_ANALYZER_NONNULL = YES;
				CLANG_ANALYZER_NUMBER_OBJECT_CONVERSION = YES_AGGRESSIVE;
				CLANG_CXX_LANGUAGE_STANDARD = "gnu++17";
				CLANG_CXX_LIBRARY = "libc++";
				CLANG_ENABLE_MODULES = YES;
				CLANG_ENABLE_OBJC_ARC = YES;
				CLANG_ENABLE_OBJC_WEAK = YES;
				CLANG_WARN_BLOCK_CAPTURE_AUTORELEASING = YES;
				CLANG_WARN_BOOL_CONVERSION = YES;
				CLANG_WARN_COMMA = YES;
				CLANG_WARN_CONSTANT_CONVERSION = YES;
				CLANG_WARN_DEPRECATED_OBJC_IMPLEMENTATIONS = YES;
				CLANG_WARN_DIRECT_OBJC_ISA_USAGE = YES_ERROR;
				CLANG_WARN_DOCUMENTATION_COMMENTS = YES;
				CLANG_WARN_EMPTY_BODY = YES;
				CLANG_WARN_ENUM_CONVERSION = YES;
				CLANG_WARN_INFINITE_RECURSION = YES;
				CLANG_WARN_INT_CONVERSION = YES;
				CLANG_WARN_NON_LITERAL_NULL_CONVERSION = YES;
				CLANG_WARN_OBJC_IMPLICIT_RETAIN_SELF = YES;
				CLANG_WARN_OBJC_LITERAL_CONVERSION = YES;
				CLANG_WARN_OBJC_ROOT_CLASS = YES_ERROR;
				CLANG_WARN_QUOTED_INCLUDE_IN_FRAMEWORK_HEADER = YES;
				CLANG_WARN_RANGE_LOOP_ANALYSIS = YES;
				CLANG_WARN_STRICT_PROTOTYPES = YES;
				CLANG_WARN_SUSPICIOUS_MOVE = YES;
				CLANG_WARN_UNGUARDED_AVAILABILITY = YES_AGGRESSIVE;
				CLANG_WARN_UNREACHABLE_CODE = YES;
				CLANG_WARN__DUPLICATE_METHOD_MATCH = YES;
				COPY_PHASE_STRIP = NO;
				CURRENT_PROJECT_VERSION = 1;
				DEBUG_INFORMATION_FORMAT = "dwarf-with-dsym";
				ENABLE_NS_ASSERTIONS = NO;
				ENABLE_STRICT_OBJC_MSGSEND = YES;
				GCC_C_LANGUAGE_STANDARD = gnu11;
				GCC_NO_COMMON_BLOCKS = YES;
				GCC_WARN_64_TO_32_BIT_CONVERSION = YES;
				GCC_WARN_ABOUT_RETURN_TYPE = YES_ERROR;
				GCC_WARN_UNDECLARED_SELECTOR = YES;
				GCC_WARN_UNINITIALIZED_AUTOS = YES_AGGRESSIVE;
				GCC_WARN_UNUSED_FUNCTION = YES;
				GCC_WARN_UNUSED_VARIABLE = YES;
				IPHONEOS_DEPLOYMENT_TARGET = 15.2;
				MACOSX_DEPLOYMENT_TARGET = 11.5;
				MTL_ENABLE_DEBUG_INFO = NO;
				MTL_FAST_MATH = YES;
				SDKROOT = macosx;
				SWIFT_COMPILATION_MODE = wholemodule;
				SWIFT_OPTIMIZATION_LEVEL = "-O";
				VERSIONING_SYSTEM = "apple-generic";
				VERSION_INFO_PREFIX = "";
			};
			name = Release;
		};
		12466A1527C10339009D25E3 /* Debug */ = {
			isa = XCBuildConfiguration;
			buildSettings = {
				CODE_SIGN_STYLE = Automatic;
				COMBINE_HIDPI_IMAGES = YES;
				CURRENT_PROJECT_VERSION = 1;
				DEFINES_MODULE = YES;
				DEVELOPMENT_TEAM = X6M775UK8W;
				DYLIB_COMPATIBILITY_VERSION = 1;
				DYLIB_CURRENT_VERSION = 1;
				DYLIB_INSTALL_NAME_BASE = "@rpath";
				GENERATE_INFOPLIST_FILE = YES;
				INFOPLIST_KEY_NSHumanReadableCopyright = "";
				INSTALL_PATH = "$(LOCAL_LIBRARY_DIR)/Frameworks";
				LD_RUNPATH_SEARCH_PATHS = (
					"$(inherited)",
					"@executable_path/../Frameworks",
					"@loader_path/Frameworks",
				);
				MACOSX_DEPLOYMENT_TARGET = 11.5;
				MARKETING_VERSION = 1.0;
				PRODUCT_BUNDLE_IDENTIFIER = com.dsmith42.EssentialFeed;
				PRODUCT_NAME = "$(TARGET_NAME:c99extidentifier)";
				SKIP_INSTALL = YES;
				SUPPORTED_PLATFORMS = "macosx iphoneos iphonesimulator";
				SWIFT_EMIT_LOC_STRINGS = YES;
				SWIFT_VERSION = 5.0;
			};
			name = Debug;
		};
		12466A1627C10339009D25E3 /* Release */ = {
			isa = XCBuildConfiguration;
			buildSettings = {
				CODE_SIGN_STYLE = Automatic;
				COMBINE_HIDPI_IMAGES = YES;
				CURRENT_PROJECT_VERSION = 1;
				DEFINES_MODULE = YES;
				DEVELOPMENT_TEAM = X6M775UK8W;
				DYLIB_COMPATIBILITY_VERSION = 1;
				DYLIB_CURRENT_VERSION = 1;
				DYLIB_INSTALL_NAME_BASE = "@rpath";
				GENERATE_INFOPLIST_FILE = YES;
				INFOPLIST_KEY_NSHumanReadableCopyright = "";
				INSTALL_PATH = "$(LOCAL_LIBRARY_DIR)/Frameworks";
				LD_RUNPATH_SEARCH_PATHS = (
					"$(inherited)",
					"@executable_path/../Frameworks",
					"@loader_path/Frameworks",
				);
				MACOSX_DEPLOYMENT_TARGET = 11.5;
				MARKETING_VERSION = 1.0;
				PRODUCT_BUNDLE_IDENTIFIER = com.dsmith42.EssentialFeed;
				PRODUCT_NAME = "$(TARGET_NAME:c99extidentifier)";
				SKIP_INSTALL = YES;
				SUPPORTED_PLATFORMS = "macosx iphoneos iphonesimulator";
				SWIFT_EMIT_LOC_STRINGS = YES;
				SWIFT_VERSION = 5.0;
			};
			name = Release;
		};
		12466A1827C10339009D25E3 /* Debug */ = {
			isa = XCBuildConfiguration;
			buildSettings = {
				ALWAYS_EMBED_SWIFT_STANDARD_LIBRARIES = YES;
				CODE_SIGN_STYLE = Automatic;
				CURRENT_PROJECT_VERSION = 1;
				DEVELOPMENT_TEAM = X6M775UK8W;
				GENERATE_INFOPLIST_FILE = YES;
				MARKETING_VERSION = 1.0;
				PRODUCT_BUNDLE_IDENTIFIER = com.dsmith42.EssentialFeedTests;
				PRODUCT_NAME = "$(TARGET_NAME)";
				SUPPORTED_PLATFORMS = "macosx iphonesimulator iphoneos";
				SWIFT_EMIT_LOC_STRINGS = NO;
				SWIFT_VERSION = 5.0;
			};
			name = Debug;
		};
		12466A1927C10339009D25E3 /* Release */ = {
			isa = XCBuildConfiguration;
			buildSettings = {
				ALWAYS_EMBED_SWIFT_STANDARD_LIBRARIES = YES;
				CODE_SIGN_STYLE = Automatic;
				CURRENT_PROJECT_VERSION = 1;
				DEVELOPMENT_TEAM = X6M775UK8W;
				GENERATE_INFOPLIST_FILE = YES;
				MARKETING_VERSION = 1.0;
				PRODUCT_BUNDLE_IDENTIFIER = com.dsmith42.EssentialFeedTests;
				PRODUCT_NAME = "$(TARGET_NAME)";
				SUPPORTED_PLATFORMS = "macosx iphonesimulator iphoneos";
				SWIFT_EMIT_LOC_STRINGS = NO;
				SWIFT_VERSION = 5.0;
			};
			name = Release;
		};
		1249162F28929E0E0028F96F /* Debug */ = {
			isa = XCBuildConfiguration;
			buildSettings = {
				CODE_SIGN_STYLE = Automatic;
				CURRENT_PROJECT_VERSION = 1;
				DEVELOPMENT_TEAM = X6M775UK8W;
				GENERATE_INFOPLIST_FILE = YES;
				IPHONEOS_DEPLOYMENT_TARGET = 15.5;
				MARKETING_VERSION = 1.0;
				PRODUCT_BUNDLE_IDENTIFIER = com.dsmith42.EssentialFeediOSTests;
				PRODUCT_NAME = "$(TARGET_NAME)";
				SDKROOT = iphoneos;
				SWIFT_EMIT_LOC_STRINGS = NO;
				SWIFT_VERSION = 5.0;
				TARGETED_DEVICE_FAMILY = "1,2";
			};
			name = Debug;
		};
		1249163028929E0E0028F96F /* Release */ = {
			isa = XCBuildConfiguration;
			buildSettings = {
				CODE_SIGN_STYLE = Automatic;
				CURRENT_PROJECT_VERSION = 1;
				DEVELOPMENT_TEAM = X6M775UK8W;
				GENERATE_INFOPLIST_FILE = YES;
				IPHONEOS_DEPLOYMENT_TARGET = 15.5;
				MARKETING_VERSION = 1.0;
				PRODUCT_BUNDLE_IDENTIFIER = com.dsmith42.EssentialFeediOSTests;
				PRODUCT_NAME = "$(TARGET_NAME)";
				SDKROOT = iphoneos;
				SWIFT_EMIT_LOC_STRINGS = NO;
				SWIFT_VERSION = 5.0;
				TARGETED_DEVICE_FAMILY = "1,2";
				VALIDATE_PRODUCT = YES;
			};
			name = Release;
		};
		127DB1DD27CB813C006B9997 /* Debug */ = {
			isa = XCBuildConfiguration;
			buildSettings = {
				CODE_SIGN_STYLE = Automatic;
				CURRENT_PROJECT_VERSION = 1;
				DEVELOPMENT_TEAM = X6M775UK8W;
				GENERATE_INFOPLIST_FILE = YES;
				MACOSX_DEPLOYMENT_TARGET = 12.1;
				MARKETING_VERSION = 1.0;
				PRODUCT_BUNDLE_IDENTIFIER = com.dsmith42.EssentialFeedAPIEndToEndTests;
				PRODUCT_NAME = "$(TARGET_NAME)";
				SUPPORTED_PLATFORMS = "macosx iphonesimulator iphoneos";
				SWIFT_EMIT_LOC_STRINGS = NO;
				SWIFT_VERSION = 5.0;
			};
			name = Debug;
		};
		127DB1DE27CB813C006B9997 /* Release */ = {
			isa = XCBuildConfiguration;
			buildSettings = {
				CODE_SIGN_STYLE = Automatic;
				CURRENT_PROJECT_VERSION = 1;
				DEVELOPMENT_TEAM = X6M775UK8W;
				GENERATE_INFOPLIST_FILE = YES;
				MACOSX_DEPLOYMENT_TARGET = 12.1;
				MARKETING_VERSION = 1.0;
				PRODUCT_BUNDLE_IDENTIFIER = com.dsmith42.EssentialFeedAPIEndToEndTests;
				PRODUCT_NAME = "$(TARGET_NAME)";
				SUPPORTED_PLATFORMS = "macosx iphonesimulator iphoneos";
				SWIFT_EMIT_LOC_STRINGS = NO;
				SWIFT_VERSION = 5.0;
			};
			name = Release;
		};
		12BEA8D0280DD5C0002BE876 /* Debug */ = {
			isa = XCBuildConfiguration;
			buildSettings = {
				CODE_SIGN_STYLE = Automatic;
				CURRENT_PROJECT_VERSION = 1;
				DEVELOPMENT_TEAM = X6M775UK8W;
				GENERATE_INFOPLIST_FILE = YES;
				MACOSX_DEPLOYMENT_TARGET = 12.2;
				MARKETING_VERSION = 1.0;
				PRODUCT_BUNDLE_IDENTIFIER = com.careuk.primarycare.EssentialFeedCacheIntegrationTests;
				PRODUCT_NAME = "$(TARGET_NAME)";
				SUPPORTED_PLATFORMS = "macosx iphonesimulator iphoneos";
				SWIFT_EMIT_LOC_STRINGS = NO;
				SWIFT_VERSION = 5.0;
			};
			name = Debug;
		};
		12BEA8D1280DD5C0002BE876 /* Release */ = {
			isa = XCBuildConfiguration;
			buildSettings = {
				CODE_SIGN_STYLE = Automatic;
				CURRENT_PROJECT_VERSION = 1;
				DEVELOPMENT_TEAM = X6M775UK8W;
				GENERATE_INFOPLIST_FILE = YES;
				MACOSX_DEPLOYMENT_TARGET = 12.2;
				MARKETING_VERSION = 1.0;
				PRODUCT_BUNDLE_IDENTIFIER = com.careuk.primarycare.EssentialFeedCacheIntegrationTests;
				PRODUCT_NAME = "$(TARGET_NAME)";
				SUPPORTED_PLATFORMS = "macosx iphonesimulator iphoneos";
				SWIFT_EMIT_LOC_STRINGS = NO;
				SWIFT_VERSION = 5.0;
			};
			name = Release;
		};
/* End XCBuildConfiguration section */

/* Begin XCConfigurationList section */
		12380849283906BA001B63EF /* Build configuration list for PBXNativeTarget "EssentialFeediOS" */ = {
			isa = XCConfigurationList;
			buildConfigurations = (
				1238084A283906BA001B63EF /* Debug */,
				1238084B283906BA001B63EF /* Release */,
			);
			defaultConfigurationIsVisible = 0;
			defaultConfigurationName = Release;
		};
		124669FA27C10339009D25E3 /* Build configuration list for PBXProject "EssentialFeed" */ = {
			isa = XCConfigurationList;
			buildConfigurations = (
				12466A1227C10339009D25E3 /* Debug */,
				12466A1327C10339009D25E3 /* Release */,
			);
			defaultConfigurationIsVisible = 0;
			defaultConfigurationName = Release;
		};
		12466A1427C10339009D25E3 /* Build configuration list for PBXNativeTarget "EssentialFeed" */ = {
			isa = XCConfigurationList;
			buildConfigurations = (
				12466A1527C10339009D25E3 /* Debug */,
				12466A1627C10339009D25E3 /* Release */,
			);
			defaultConfigurationIsVisible = 0;
			defaultConfigurationName = Release;
		};
		12466A1727C10339009D25E3 /* Build configuration list for PBXNativeTarget "EssentialFeedTests" */ = {
			isa = XCConfigurationList;
			buildConfigurations = (
				12466A1827C10339009D25E3 /* Debug */,
				12466A1927C10339009D25E3 /* Release */,
			);
			defaultConfigurationIsVisible = 0;
			defaultConfigurationName = Release;
		};
		1249162E28929E0E0028F96F /* Build configuration list for PBXNativeTarget "EssentialFeediOSTests" */ = {
			isa = XCConfigurationList;
			buildConfigurations = (
				1249162F28929E0E0028F96F /* Debug */,
				1249163028929E0E0028F96F /* Release */,
			);
			defaultConfigurationIsVisible = 0;
			defaultConfigurationName = Release;
		};
		127DB1DF27CB813C006B9997 /* Build configuration list for PBXNativeTarget "EssentialFeedAPIEndToEndTests" */ = {
			isa = XCConfigurationList;
			buildConfigurations = (
				127DB1DD27CB813C006B9997 /* Debug */,
				127DB1DE27CB813C006B9997 /* Release */,
			);
			defaultConfigurationIsVisible = 0;
			defaultConfigurationName = Release;
		};
		12BEA8CF280DD5C0002BE876 /* Build configuration list for PBXNativeTarget "EssentialFeedCacheIntegrationTests" */ = {
			isa = XCConfigurationList;
			buildConfigurations = (
				12BEA8D0280DD5C0002BE876 /* Debug */,
				12BEA8D1280DD5C0002BE876 /* Release */,
			);
			defaultConfigurationIsVisible = 0;
			defaultConfigurationName = Release;
		};
/* End XCConfigurationList section */

/* Begin XCVersionGroup section */
		12D222B927FC68970006987C /* FeedStore.xcdatamodeld */ = {
			isa = XCVersionGroup;
			children = (
				12C769FC285565D30082B8E1 /* FeedStore 2.xcdatamodel */,
				12D222BA27FC68970006987C /* FeedStore.xcdatamodel */,
			);
			currentVersion = 12C769FC285565D30082B8E1 /* FeedStore 2.xcdatamodel */;
			path = FeedStore.xcdatamodeld;
			sourceTree = "<group>";
			versionGroupType = wrapper.xcdatamodel;
		};
/* End XCVersionGroup section */
	};
	rootObject = 124669F727C10339009D25E3 /* Project object */;
}
